// !$*UTF8*$!
{
	archiveVersion = 1;
	classes = {
	};
	objectVersion = 70;
	objects = {

/* Begin PBXBuildFile section */
		AB0527D51D294751009A809B /* bench.m in Sources */ = {isa = PBXBuildFile; fileRef = AB0527C81D2946F1009A809B /* bench.m */; };
		AB0527E21D2947AC009A809B /* liblzma.5.dylib in Frameworks */ = {isa = PBXBuildFile; fileRef = ABBC10DE1C1DF5F600B25E28 /* liblzma.5.dylib */; };
		AB0527E31D2947BB009A809B /* libiconv.dylib in Frameworks */ = {isa = PBXBuildFile; fileRef = AB7C714819F8A6970006104E /* libiconv.dylib */; };
		AB0527E41D2947CF009A809B /* libbz2.dylib in Frameworks */ = {isa = PBXBuildFile; fileRef = AB7C714019F8A5C50006104E /* libbz2.dylib */; };
		AB0527E51D2947D1009A809B /* libz.dylib in Frameworks */ = {isa = PBXBuildFile; fileRef = AB7C714619F8A6730006104E /* libz.dylib */; };
		AB49FBA22923B5DD00B126C0 /* AppDelegate.swift in Sources */ = {isa = PBXBuildFile; fileRef = AB49FB952923B5BB00B126C0 /* AppDelegate.swift */; };
		AB49FBB92923CF1C00B126C0 /* Video.mdimporter in Embed mdimporter */ = {isa = PBXBuildFile; fileRef = AB9FB56D1965DD7200D39647 /* Video.mdimporter */; settings = {ATTRIBUTES = (CodeSignOnCopy, RemoveHeadersOnCopy, ); }; };
		AB57AACF2D344DDF00E785D8 /* QuickLookThumbnailing.framework in Frameworks */ = {isa = PBXBuildFile; fileRef = AB75CB1D261D19F2009BE894 /* QuickLookThumbnailing.framework */; };
		AB57AAD82D344DDF00E785D8 /* QLVideo Thumbnailer.appex in Embed Foundation Extensions */ = {isa = PBXBuildFile; fileRef = AB57AACE2D344DDF00E785D8 /* QLVideo Thumbnailer.appex */; settings = {ATTRIBUTES = (RemoveHeadersOnCopy, ); }; };
		AB748ED92D349AE6001F6921 /* libaom.3.dylib in Frameworks */ = {isa = PBXBuildFile; fileRef = ABA141BA2D2EE41B0040A4E6 /* libaom.3.dylib */; };
		AB748EDA2D349AEB001F6921 /* libavcodec.61.dylib in Frameworks */ = {isa = PBXBuildFile; fileRef = ABA141C02D2EE49D0040A4E6 /* libavcodec.61.dylib */; };
		AB748EDB2D349AF0001F6921 /* libavfilter.10.dylib in Frameworks */ = {isa = PBXBuildFile; fileRef = ABA141C12D2EE49D0040A4E6 /* libavfilter.10.dylib */; };
		AB748EDC2D349AF4001F6921 /* libavformat.61.dylib in Frameworks */ = {isa = PBXBuildFile; fileRef = ABA141C22D2EE49D0040A4E6 /* libavformat.61.dylib */; };
		AB748EDD2D349AF7001F6921 /* libavutil.59.dylib in Frameworks */ = {isa = PBXBuildFile; fileRef = ABA141C32D2EE49D0040A4E6 /* libavutil.59.dylib */; };
		AB748EDF2D349AFE001F6921 /* libswresample.5.dylib in Frameworks */ = {isa = PBXBuildFile; fileRef = ABA141C52D2EE49D0040A4E6 /* libswresample.5.dylib */; };
		AB748EE02D349B02001F6921 /* libswscale.8.dylib in Frameworks */ = {isa = PBXBuildFile; fileRef = ABA141C62D2EE49D0040A4E6 /* libswscale.8.dylib */; };
		AB748EE62D34B0C3001F6921 /* libaom.3.dylib in Frameworks */ = {isa = PBXBuildFile; fileRef = ABA141BA2D2EE41B0040A4E6 /* libaom.3.dylib */; };
		AB748EE82D34B0CB001F6921 /* libavfilter.10.dylib in Frameworks */ = {isa = PBXBuildFile; fileRef = ABA141C12D2EE49D0040A4E6 /* libavfilter.10.dylib */; };
		AB748EE92D34B0E5001F6921 /* libavcodec.61.dylib in Frameworks */ = {isa = PBXBuildFile; fileRef = ABA141C02D2EE49D0040A4E6 /* libavcodec.61.dylib */; };
		AB748EEA2D34B0EA001F6921 /* libavformat.61.dylib in Frameworks */ = {isa = PBXBuildFile; fileRef = ABA141C22D2EE49D0040A4E6 /* libavformat.61.dylib */; };
		AB748EEB2D34B0EE001F6921 /* libavutil.59.dylib in Frameworks */ = {isa = PBXBuildFile; fileRef = ABA141C32D2EE49D0040A4E6 /* libavutil.59.dylib */; };
		AB748EEC2D34B0F2001F6921 /* libswresample.5.dylib in Frameworks */ = {isa = PBXBuildFile; fileRef = ABA141C52D2EE49D0040A4E6 /* libswresample.5.dylib */; };
		AB748EED2D34B0F7001F6921 /* libswscale.8.dylib in Frameworks */ = {isa = PBXBuildFile; fileRef = ABA141C62D2EE49D0040A4E6 /* libswscale.8.dylib */; };
		AB7C714119F8A5C50006104E /* libbz2.dylib in Frameworks */ = {isa = PBXBuildFile; fileRef = AB7C714019F8A5C50006104E /* libbz2.dylib */; };
		AB7C714719F8A6730006104E /* libz.dylib in Frameworks */ = {isa = PBXBuildFile; fileRef = AB7C714619F8A6730006104E /* libz.dylib */; };
		AB7C714919F8A6970006104E /* libiconv.dylib in Frameworks */ = {isa = PBXBuildFile; fileRef = AB7C714819F8A6970006104E /* libiconv.dylib */; };
		AB9FB57F1965DD7200D39647 /* main.m in Sources */ = {isa = PBXBuildFile; fileRef = AB9FB57E1965DD7200D39647 /* main.m */; };
		AB9FB5811965DD7200D39647 /* GetMetadataForFile.m in Sources */ = {isa = PBXBuildFile; fileRef = AB9FB5801965DD7200D39647 /* GetMetadataForFile.m */; };
		ABA141BB2D2EE41B0040A4E6 /* libaom.3.dylib in Frameworks */ = {isa = PBXBuildFile; fileRef = ABA141BA2D2EE41B0040A4E6 /* libaom.3.dylib */; };
		ABA141BE2D2EE41B0040A4E6 /* libaom.3.dylib in Frameworks */ = {isa = PBXBuildFile; fileRef = ABA141BA2D2EE41B0040A4E6 /* libaom.3.dylib */; };
		ABA141BF2D2EE47E0040A4E6 /* libaom.3.dylib in Embed Libraries */ = {isa = PBXBuildFile; fileRef = ABA141BA2D2EE41B0040A4E6 /* libaom.3.dylib */; settings = {ATTRIBUTES = (CodeSignOnCopy, ); }; };
		ABA141CE2D2EE49D0040A4E6 /* libswresample.5.dylib in Frameworks */ = {isa = PBXBuildFile; fileRef = ABA141C52D2EE49D0040A4E6 /* libswresample.5.dylib */; };
		ABA141CF2D2EE49D0040A4E6 /* libavcodec.61.dylib in Frameworks */ = {isa = PBXBuildFile; fileRef = ABA141C02D2EE49D0040A4E6 /* libavcodec.61.dylib */; };
		ABA141D02D2EE49D0040A4E6 /* libswscale.8.dylib in Frameworks */ = {isa = PBXBuildFile; fileRef = ABA141C62D2EE49D0040A4E6 /* libswscale.8.dylib */; };
		ABA141D12D2EE49D0040A4E6 /* libavutil.59.dylib in Frameworks */ = {isa = PBXBuildFile; fileRef = ABA141C32D2EE49D0040A4E6 /* libavutil.59.dylib */; };
		ABA141D22D2EE49D0040A4E6 /* libavformat.61.dylib in Frameworks */ = {isa = PBXBuildFile; fileRef = ABA141C22D2EE49D0040A4E6 /* libavformat.61.dylib */; };
		ABA141D32D2EE49D0040A4E6 /* libavfilter.10.dylib in Frameworks */ = {isa = PBXBuildFile; fileRef = ABA141C12D2EE49D0040A4E6 /* libavfilter.10.dylib */; };
		ABA141D52D2EE49D0040A4E6 /* libswresample.5.dylib in Frameworks */ = {isa = PBXBuildFile; fileRef = ABA141C52D2EE49D0040A4E6 /* libswresample.5.dylib */; };
		ABA141D62D2EE49D0040A4E6 /* libavcodec.61.dylib in Frameworks */ = {isa = PBXBuildFile; fileRef = ABA141C02D2EE49D0040A4E6 /* libavcodec.61.dylib */; };
		ABA141D72D2EE49D0040A4E6 /* libswscale.8.dylib in Frameworks */ = {isa = PBXBuildFile; fileRef = ABA141C62D2EE49D0040A4E6 /* libswscale.8.dylib */; };
		ABA141D82D2EE49D0040A4E6 /* libavutil.59.dylib in Frameworks */ = {isa = PBXBuildFile; fileRef = ABA141C32D2EE49D0040A4E6 /* libavutil.59.dylib */; };
		ABA141D92D2EE49D0040A4E6 /* libavformat.61.dylib in Frameworks */ = {isa = PBXBuildFile; fileRef = ABA141C22D2EE49D0040A4E6 /* libavformat.61.dylib */; };
		ABA141DA2D2EE49D0040A4E6 /* libavfilter.10.dylib in Frameworks */ = {isa = PBXBuildFile; fileRef = ABA141C12D2EE49D0040A4E6 /* libavfilter.10.dylib */; };
		ABA141DB2D2EE49D0040A4E6 /* libpostproc.58.dylib in Frameworks */ = {isa = PBXBuildFile; fileRef = ABA141C42D2EE49D0040A4E6 /* libpostproc.58.dylib */; };
		ABA141E32D2EE4B10040A4E6 /* libavcodec.61.dylib in Embed Libraries */ = {isa = PBXBuildFile; fileRef = ABA141C02D2EE49D0040A4E6 /* libavcodec.61.dylib */; settings = {ATTRIBUTES = (CodeSignOnCopy, ); }; };
		ABA141E42D2EE4B50040A4E6 /* libavfilter.10.dylib in Embed Libraries */ = {isa = PBXBuildFile; fileRef = ABA141C12D2EE49D0040A4E6 /* libavfilter.10.dylib */; settings = {ATTRIBUTES = (CodeSignOnCopy, ); }; };
		ABA141E52D2EE4BA0040A4E6 /* libavformat.61.dylib in Embed Libraries */ = {isa = PBXBuildFile; fileRef = ABA141C22D2EE49D0040A4E6 /* libavformat.61.dylib */; settings = {ATTRIBUTES = (CodeSignOnCopy, ); }; };
		ABA141E62D2EE4BE0040A4E6 /* libavutil.59.dylib in Embed Libraries */ = {isa = PBXBuildFile; fileRef = ABA141C32D2EE49D0040A4E6 /* libavutil.59.dylib */; settings = {ATTRIBUTES = (CodeSignOnCopy, ); }; };
		ABA141E72D2EE4C30040A4E6 /* libpostproc.58.dylib in Embed Libraries */ = {isa = PBXBuildFile; fileRef = ABA141C42D2EE49D0040A4E6 /* libpostproc.58.dylib */; settings = {ATTRIBUTES = (CodeSignOnCopy, ); }; };
		ABA141E82D2EE4CC0040A4E6 /* libswscale.8.dylib in Embed Libraries */ = {isa = PBXBuildFile; fileRef = ABA141C62D2EE49D0040A4E6 /* libswscale.8.dylib */; settings = {ATTRIBUTES = (CodeSignOnCopy, ); }; };
		ABA141E92D2EE5790040A4E6 /* libswresample.5.dylib in Embed Libraries */ = {isa = PBXBuildFile; fileRef = ABA141C52D2EE49D0040A4E6 /* libswresample.5.dylib */; settings = {ATTRIBUTES = (CodeSignOnCopy, ); }; };
		ABA141EB2D2EF8CA0040A4E6 /* libaom.a in Frameworks */ = {isa = PBXBuildFile; fileRef = ABA141EA2D2EF8CA0040A4E6 /* libaom.a */; };
		ABA141F32D2EF8E70040A4E6 /* libswresample.a in Frameworks */ = {isa = PBXBuildFile; fileRef = ABA141F12D2EF8E70040A4E6 /* libswresample.a */; };
		ABA141F42D2EF8E70040A4E6 /* libavcodec.a in Frameworks */ = {isa = PBXBuildFile; fileRef = ABA141EC2D2EF8E70040A4E6 /* libavcodec.a */; };
		ABA141F52D2EF8E70040A4E6 /* libswscale.a in Frameworks */ = {isa = PBXBuildFile; fileRef = ABA141F22D2EF8E70040A4E6 /* libswscale.a */; };
		ABA141F62D2EF8E70040A4E6 /* libavfilter.a in Frameworks */ = {isa = PBXBuildFile; fileRef = ABA141ED2D2EF8E70040A4E6 /* libavfilter.a */; };
		ABA141F72D2EF8E70040A4E6 /* libavformat.a in Frameworks */ = {isa = PBXBuildFile; fileRef = ABA141EE2D2EF8E70040A4E6 /* libavformat.a */; };
		ABA141F82D2EF8E70040A4E6 /* libavutil.a in Frameworks */ = {isa = PBXBuildFile; fileRef = ABA141EF2D2EF8E70040A4E6 /* libavutil.a */; };
		ABA141FF2D3016480040A4E6 /* CoverArtView.swift in Sources */ = {isa = PBXBuildFile; fileRef = ABA141FE2D3016480040A4E6 /* CoverArtView.swift */; };
		ABA142002D301E670040A4E6 /* ffmpeg in Embed Executables */ = {isa = PBXBuildFile; fileRef = ABE72EC0293A32B5005433DF /* ffmpeg */; settings = {ATTRIBUTES = (CodeSignOnCopy, ); }; };
		ABB719E72924069600F13C24 /* Assets.xcassets in Resources */ = {isa = PBXBuildFile; fileRef = ABB719E62924069600F13C24 /* Assets.xcassets */; };
		ABB71A0B29266D3000F13C24 /* LogarithmicSlider.swift in Sources */ = {isa = PBXBuildFile; fileRef = ABB71A0A29266D3000F13C24 /* LogarithmicSlider.swift */; };
		ABBC10E01C1DF64E00B25E28 /* liblzma.5.dylib in Frameworks */ = {isa = PBXBuildFile; fileRef = ABBC10DE1C1DF5F600B25E28 /* liblzma.5.dylib */; };
		ABE23BD41D25903D004E9D26 /* VideoToolbox.framework in Frameworks */ = {isa = PBXBuildFile; fileRef = ABE23BD11D258F6C004E9D26 /* VideoToolbox.framework */; };
		ABE23BD71D25914C004E9D26 /* AudioToolbox.framework in Frameworks */ = {isa = PBXBuildFile; fileRef = ABE23BD61D25914C004E9D26 /* AudioToolbox.framework */; };
		ABE23BDA1D2591F8004E9D26 /* CoreMedia.framework in Frameworks */ = {isa = PBXBuildFile; fileRef = ABE23BD91D2591F8004E9D26 /* CoreMedia.framework */; };
		ABE461181A15A776006C89A2 /* schema.strings in Resources */ = {isa = PBXBuildFile; fileRef = ABE4610E1A15A519006C89A2 /* schema.strings */; };
		ABE69D322D2A350700CE6C69 /* QLVideo Previewer.appex in Embed Foundation Extensions */ = {isa = PBXBuildFile; fileRef = ABE69D242D2A350700CE6C69 /* QLVideo Previewer.appex */; settings = {ATTRIBUTES = (RemoveHeadersOnCopy, ); }; };
		ABE72EB22937FAE4005433DF /* Main.xib in Resources */ = {isa = PBXBuildFile; fileRef = ABE72EB42937FAE4005433DF /* Main.xib */; };
		ABE72EB82938E008005433DF /* IssueView.swift in Sources */ = {isa = PBXBuildFile; fileRef = ABE72EB72938E008005433DF /* IssueView.swift */; };
		ABE72EC1293A32F2005433DF /* ffprobe in Embed Executables */ = {isa = PBXBuildFile; fileRef = ABE72EBC29392EEB005433DF /* ffprobe */; settings = {ATTRIBUTES = (CodeSignOnCopy, ); }; };
		ABE72EC3293D1DC6005433DF /* OldVersionView.swift in Sources */ = {isa = PBXBuildFile; fileRef = ABE72EC2293D1DC6005433DF /* OldVersionView.swift */; };
/* End PBXBuildFile section */

/* Begin PBXContainerItemProxy section */
		AB49FB7E2922770100B126C0 /* PBXContainerItemProxy */ = {
			isa = PBXContainerItemProxy;
			containerPortal = AB9FB5651965DD7200D39647 /* Project object */;
			proxyType = 1;
			remoteGlobalIDString = AB9FB56C1965DD7200D39647;
			remoteInfo = mdimporter;
		};
		AB535D571EDCD0BD00ECB0CE /* PBXContainerItemProxy */ = {
			isa = PBXContainerItemProxy;
			containerPortal = AB9FB5651965DD7200D39647 /* Project object */;
			proxyType = 1;
			remoteGlobalIDString = AB535D4D1EDC390C00ECB0CE;
			remoteInfo = ffmpeg;
		};
		AB535D5B1EDCD0C900ECB0CE /* PBXContainerItemProxy */ = {
			isa = PBXContainerItemProxy;
			containerPortal = AB9FB5651965DD7200D39647 /* Project object */;
			proxyType = 1;
			remoteGlobalIDString = AB535D4D1EDC390C00ECB0CE;
			remoteInfo = ffmpeg;
		};
		AB57AAD62D344DDF00E785D8 /* PBXContainerItemProxy */ = {
			isa = PBXContainerItemProxy;
			containerPortal = AB9FB5651965DD7200D39647 /* Project object */;
			proxyType = 1;
			remoteGlobalIDString = AB57AACD2D344DDF00E785D8;
			remoteInfo = thumbnailer;
		};
		AB66472A261AA04400D23514 /* PBXContainerItemProxy */ = {
			isa = PBXContainerItemProxy;
			containerPortal = AB9FB5651965DD7200D39647 /* Project object */;
			proxyType = 1;
			remoteGlobalIDString = AB66470D261A88C700D23514;
			remoteInfo = aom;
		};
		AB66472E261AA06100D23514 /* PBXContainerItemProxy */ = {
			isa = PBXContainerItemProxy;
			containerPortal = AB9FB5651965DD7200D39647 /* Project object */;
			proxyType = 1;
			remoteGlobalIDString = AB66470D261A88C700D23514;
			remoteInfo = aom;
		};
		AB664730261AA06C00D23514 /* PBXContainerItemProxy */ = {
			isa = PBXContainerItemProxy;
			containerPortal = AB9FB5651965DD7200D39647 /* Project object */;
			proxyType = 1;
			remoteGlobalIDString = AB66470D261A88C700D23514;
			remoteInfo = aom;
		};
		AB748EE12D349B1D001F6921 /* PBXContainerItemProxy */ = {
			isa = PBXContainerItemProxy;
			containerPortal = AB9FB5651965DD7200D39647 /* Project object */;
			proxyType = 1;
			remoteGlobalIDString = AB535D4D1EDC390C00ECB0CE;
			remoteInfo = ffmpeg;
		};
		AB748EE32D349B20001F6921 /* PBXContainerItemProxy */ = {
			isa = PBXContainerItemProxy;
			containerPortal = AB9FB5651965DD7200D39647 /* Project object */;
			proxyType = 1;
			remoteGlobalIDString = AB66470D261A88C700D23514;
			remoteInfo = aom;
		};
		ABE69D302D2A350700CE6C69 /* PBXContainerItemProxy */ = {
			isa = PBXContainerItemProxy;
			containerPortal = AB9FB5651965DD7200D39647 /* Project object */;
			proxyType = 1;
			remoteGlobalIDString = ABE69D232D2A350700CE6C69;
			remoteInfo = previewer;
		};
		ABE69DB92D2C6DE700CE6C69 /* PBXContainerItemProxy */ = {
			isa = PBXContainerItemProxy;
			containerPortal = AB9FB5651965DD7200D39647 /* Project object */;
			proxyType = 1;
			remoteGlobalIDString = AB66470D261A88C700D23514;
			remoteInfo = aom;
		};
		ABE69DBB2D2C6DEB00CE6C69 /* PBXContainerItemProxy */ = {
			isa = PBXContainerItemProxy;
			containerPortal = AB9FB5651965DD7200D39647 /* Project object */;
			proxyType = 1;
			remoteGlobalIDString = AB535D4D1EDC390C00ECB0CE;
			remoteInfo = ffmpeg;
		};
/* End PBXContainerItemProxy section */

/* Begin PBXCopyFilesBuildPhase section */
		AB49FBB82923CECC00B126C0 /* Embed mdimporter */ = {
			isa = PBXCopyFilesBuildPhase;
			buildActionMask = 2147483647;
			dstPath = Contents/Library/Spotlight;
			dstSubfolderSpec = 1;
			files = (
				AB49FBB92923CF1C00B126C0 /* Video.mdimporter in Embed mdimporter */,
			);
			name = "Embed mdimporter";
			runOnlyForDeploymentPostprocessing = 0;
		};
		AB49FBBB2923D1EC00B126C0 /* Embed qlgenerator */ = {
			isa = PBXCopyFilesBuildPhase;
			buildActionMask = 2147483647;
			dstPath = Contents/Library/QuickLook;
			dstSubfolderSpec = 1;
			files = (
			);
			name = "Embed qlgenerator";
			runOnlyForDeploymentPostprocessing = 0;
		};
		AB75CB2A261D19F3009BE894 /* Embed Foundation Extensions */ = {
			isa = PBXCopyFilesBuildPhase;
			buildActionMask = 2147483647;
			dstPath = "";
			dstSubfolderSpec = 13;
			files = (
				ABE69D322D2A350700CE6C69 /* QLVideo Previewer.appex in Embed Foundation Extensions */,
				AB57AAD82D344DDF00E785D8 /* QLVideo Thumbnailer.appex in Embed Foundation Extensions */,
			);
			name = "Embed Foundation Extensions";
			runOnlyForDeploymentPostprocessing = 0;
		};
		ABA141B92D2EE3590040A4E6 /* Embed Libraries */ = {
			isa = PBXCopyFilesBuildPhase;
			buildActionMask = 2147483647;
			dstPath = "";
			dstSubfolderSpec = 10;
			files = (
				ABA141BF2D2EE47E0040A4E6 /* libaom.3.dylib in Embed Libraries */,
				ABA141E32D2EE4B10040A4E6 /* libavcodec.61.dylib in Embed Libraries */,
				ABA141E42D2EE4B50040A4E6 /* libavfilter.10.dylib in Embed Libraries */,
				ABA141E52D2EE4BA0040A4E6 /* libavformat.61.dylib in Embed Libraries */,
				ABA141E62D2EE4BE0040A4E6 /* libavutil.59.dylib in Embed Libraries */,
				ABA141E72D2EE4C30040A4E6 /* libpostproc.58.dylib in Embed Libraries */,
				ABA141E92D2EE5790040A4E6 /* libswresample.5.dylib in Embed Libraries */,
				ABA141E82D2EE4CC0040A4E6 /* libswscale.8.dylib in Embed Libraries */,
			);
			name = "Embed Libraries";
			runOnlyForDeploymentPostprocessing = 0;
		};
		ABE72EB929392E18005433DF /* Embed Executables */ = {
			isa = PBXCopyFilesBuildPhase;
			buildActionMask = 2147483647;
			dstPath = "";
			dstSubfolderSpec = 6;
			files = (
				ABA142002D301E670040A4E6 /* ffmpeg in Embed Executables */,
				ABE72EC1293A32F2005433DF /* ffprobe in Embed Executables */,
			);
			name = "Embed Executables";
			runOnlyForDeploymentPostprocessing = 0;
		};
/* End PBXCopyFilesBuildPhase section */

/* Begin PBXFileReference section */
		AB00C5C81A682EF800D71399 /* de */ = {isa = PBXFileReference; lastKnownFileType = text.plist.strings; name = de; path = de.lproj/schema.strings; sourceTree = "<group>"; };
		AB00C5CA1A682F6800D71399 /* nl */ = {isa = PBXFileReference; lastKnownFileType = text.plist.strings; name = nl; path = nl.lproj/schema.strings; sourceTree = "<group>"; };
		AB00C5CB1A682F7200D71399 /* el */ = {isa = PBXFileReference; lastKnownFileType = text.plist.strings; name = el; path = el.lproj/schema.strings; sourceTree = "<group>"; };
		AB0527C81D2946F1009A809B /* bench.m */ = {isa = PBXFileReference; fileEncoding = 4; lastKnownFileType = sourcecode.c.objc; path = bench.m; sourceTree = "<group>"; };
		AB0527CE1D294732009A809B /* benchmark */ = {isa = PBXFileReference; explicitFileType = "compiled.mach-o.executable"; includeInIndex = 0; path = benchmark; sourceTree = BUILT_PRODUCTS_DIR; };
		AB0B80BF1EED41F1008A22DC /* cs */ = {isa = PBXFileReference; lastKnownFileType = text.plist.strings; name = cs; path = cs.lproj/schema.strings; sourceTree = "<group>"; };
		AB0B80C11EED4204008A22DC /* ru */ = {isa = PBXFileReference; lastKnownFileType = text.plist.strings; name = ru; path = ru.lproj/schema.strings; sourceTree = "<group>"; };
		AB0E0D3C1A15B0300056CC24 /* fr */ = {isa = PBXFileReference; lastKnownFileType = text.plist.strings; name = fr; path = fr.lproj/schema.strings; sourceTree = "<group>"; };
		AB0E0D3D1A15B03B0056CC24 /* it */ = {isa = PBXFileReference; lastKnownFileType = text.plist.strings; name = it; path = it.lproj/schema.strings; sourceTree = "<group>"; };
		AB17CCF4291E954B002A80AB /* include */ = {isa = PBXFileReference; lastKnownFileType = text; name = include; path = universal/include; sourceTree = BUILT_PRODUCTS_DIR; };
		AB2ACD9D1A696F72002411DF /* AVFoundation.framework */ = {isa = PBXFileReference; lastKnownFileType = wrapper.framework; name = AVFoundation.framework; path = System/Library/Frameworks/AVFoundation.framework; sourceTree = SDKROOT; };
		AB49FB6F2922769F00B126C0 /* QuickLook Video.app */ = {isa = PBXFileReference; explicitFileType = wrapper.application; includeInIndex = 0; path = "QuickLook Video.app"; sourceTree = BUILT_PRODUCTS_DIR; };
		AB49FB7A292276A100B126C0 /* QuickLookVideo.entitlements */ = {isa = PBXFileReference; lastKnownFileType = text.plist.entitlements; path = QuickLookVideo.entitlements; sourceTree = "<group>"; };
		AB49FB952923B5BB00B126C0 /* AppDelegate.swift */ = {isa = PBXFileReference; lastKnownFileType = sourcecode.swift; path = AppDelegate.swift; sourceTree = "<group>"; };
		AB54B962217F425D00558403 /* pt-PT */ = {isa = PBXFileReference; lastKnownFileType = text.plist.strings; name = "pt-PT"; path = "pt-PT.lproj/schema.strings"; sourceTree = "<group>"; };
		AB57AACE2D344DDF00E785D8 /* QLVideo Thumbnailer.appex */ = {isa = PBXFileReference; explicitFileType = "wrapper.app-extension"; includeInIndex = 0; path = "QLVideo Thumbnailer.appex"; sourceTree = BUILT_PRODUCTS_DIR; };
		AB75CB1D261D19F2009BE894 /* QuickLookThumbnailing.framework */ = {isa = PBXFileReference; lastKnownFileType = wrapper.framework; name = QuickLookThumbnailing.framework; path = System/Library/Frameworks/QuickLookThumbnailing.framework; sourceTree = SDKROOT; };
		AB75CB1F261D19F2009BE894 /* Quartz.framework */ = {isa = PBXFileReference; lastKnownFileType = wrapper.framework; name = Quartz.framework; path = System/Library/Frameworks/Quartz.framework; sourceTree = SDKROOT; };
		AB7C714019F8A5C50006104E /* libbz2.dylib */ = {isa = PBXFileReference; lastKnownFileType = "compiled.mach-o.dylib"; name = libbz2.dylib; path = /usr/lib/libbz2.dylib; sourceTree = "<absolute>"; };
		AB7C714619F8A6730006104E /* libz.dylib */ = {isa = PBXFileReference; lastKnownFileType = "compiled.mach-o.dylib"; name = libz.dylib; path = /usr/lib/libz.dylib; sourceTree = "<absolute>"; };
		AB7C714819F8A6970006104E /* libiconv.dylib */ = {isa = PBXFileReference; lastKnownFileType = "compiled.mach-o.dylib"; name = libiconv.dylib; path = /usr/lib/libiconv.dylib; sourceTree = "<absolute>"; };
		AB8277781A7523F300F1D9F4 /* ca */ = {isa = PBXFileReference; lastKnownFileType = text.plist.strings; name = ca; path = ca.lproj/schema.strings; sourceTree = "<group>"; };
		AB9096DD2D32BA5100930A8B /* snapshotter-bridge.h */ = {isa = PBXFileReference; lastKnownFileType = sourcecode.c.h; path = "snapshotter-bridge.h"; sourceTree = "<group>"; };
		AB93B0B4196B839600708B2E /* Cocoa.framework */ = {isa = PBXFileReference; lastKnownFileType = wrapper.framework; name = Cocoa.framework; path = System/Library/Frameworks/Cocoa.framework; sourceTree = SDKROOT; };
		AB93B0F7196CA60500708B2E /* QuickLook.framework */ = {isa = PBXFileReference; lastKnownFileType = wrapper.framework; name = QuickLook.framework; path = System/Library/Frameworks/QuickLook.framework; sourceTree = SDKROOT; };
		AB93B0F9196CA60500708B2E /* ApplicationServices.framework */ = {isa = PBXFileReference; lastKnownFileType = wrapper.framework; name = ApplicationServices.framework; path = System/Library/Frameworks/ApplicationServices.framework; sourceTree = SDKROOT; };
		AB93B0FB196CA60500708B2E /* CoreServices.framework */ = {isa = PBXFileReference; lastKnownFileType = wrapper.framework; name = CoreServices.framework; path = System/Library/Frameworks/CoreServices.framework; sourceTree = SDKROOT; };
		AB96EE6B2183810500694152 /* ko */ = {isa = PBXFileReference; lastKnownFileType = text.plist.strings; name = ko; path = ko.lproj/schema.strings; sourceTree = "<group>"; };
		AB97CDD21A3A059C005FECB1 /* es */ = {isa = PBXFileReference; lastKnownFileType = text.plist.strings; name = es; path = es.lproj/schema.strings; sourceTree = "<group>"; };
		AB9846DC196B790F00AF6349 /* Info.plist */ = {isa = PBXFileReference; lastKnownFileType = text.plist.xml; path = Info.plist; sourceTree = "<group>"; };
		AB9FB56D1965DD7200D39647 /* Video.mdimporter */ = {isa = PBXFileReference; explicitFileType = wrapper.cfbundle; includeInIndex = 0; path = Video.mdimporter; sourceTree = BUILT_PRODUCTS_DIR; };
		AB9FB5721965DD7200D39647 /* CoreFoundation.framework */ = {isa = PBXFileReference; lastKnownFileType = wrapper.framework; name = CoreFoundation.framework; path = System/Library/Frameworks/CoreFoundation.framework; sourceTree = SDKROOT; };
		AB9FB5761965DD7200D39647 /* Foundation.framework */ = {isa = PBXFileReference; lastKnownFileType = wrapper.framework; name = Foundation.framework; path = System/Library/Frameworks/Foundation.framework; sourceTree = SDKROOT; };
		AB9FB57E1965DD7200D39647 /* main.m */ = {isa = PBXFileReference; lastKnownFileType = sourcecode.c.objc; path = main.m; sourceTree = "<group>"; };
		AB9FB5801965DD7200D39647 /* GetMetadataForFile.m */ = {isa = PBXFileReference; lastKnownFileType = sourcecode.c.objc; path = GetMetadataForFile.m; sourceTree = "<group>"; };
		AB9FB58C1965DF0700D39647 /* Info.plist */ = {isa = PBXFileReference; fileEncoding = 4; lastKnownFileType = text.plist.xml; path = Info.plist; sourceTree = "<group>"; };
		ABA141BA2D2EE41B0040A4E6 /* libaom.3.dylib */ = {isa = PBXFileReference; lastKnownFileType = "compiled.mach-o.dylib"; name = libaom.3.dylib; path = universal/lib/libaom.3.dylib; sourceTree = BUILT_PRODUCTS_DIR; };
		ABA141C02D2EE49D0040A4E6 /* libavcodec.61.dylib */ = {isa = PBXFileReference; lastKnownFileType = "compiled.mach-o.dylib"; name = libavcodec.61.dylib; path = universal/lib/libavcodec.61.dylib; sourceTree = BUILT_PRODUCTS_DIR; };
		ABA141C12D2EE49D0040A4E6 /* libavfilter.10.dylib */ = {isa = PBXFileReference; lastKnownFileType = "compiled.mach-o.dylib"; name = libavfilter.10.dylib; path = universal/lib/libavfilter.10.dylib; sourceTree = BUILT_PRODUCTS_DIR; };
		ABA141C22D2EE49D0040A4E6 /* libavformat.61.dylib */ = {isa = PBXFileReference; lastKnownFileType = "compiled.mach-o.dylib"; name = libavformat.61.dylib; path = universal/lib/libavformat.61.dylib; sourceTree = BUILT_PRODUCTS_DIR; };
		ABA141C32D2EE49D0040A4E6 /* libavutil.59.dylib */ = {isa = PBXFileReference; lastKnownFileType = "compiled.mach-o.dylib"; name = libavutil.59.dylib; path = universal/lib/libavutil.59.dylib; sourceTree = BUILT_PRODUCTS_DIR; };
		ABA141C42D2EE49D0040A4E6 /* libpostproc.58.dylib */ = {isa = PBXFileReference; lastKnownFileType = "compiled.mach-o.dylib"; name = libpostproc.58.dylib; path = universal/lib/libpostproc.58.dylib; sourceTree = BUILT_PRODUCTS_DIR; };
		ABA141C52D2EE49D0040A4E6 /* libswresample.5.dylib */ = {isa = PBXFileReference; lastKnownFileType = "compiled.mach-o.dylib"; name = libswresample.5.dylib; path = universal/lib/libswresample.5.dylib; sourceTree = BUILT_PRODUCTS_DIR; };
		ABA141C62D2EE49D0040A4E6 /* libswscale.8.dylib */ = {isa = PBXFileReference; lastKnownFileType = "compiled.mach-o.dylib"; name = libswscale.8.dylib; path = universal/lib/libswscale.8.dylib; sourceTree = BUILT_PRODUCTS_DIR; };
		ABA141EA2D2EF8CA0040A4E6 /* libaom.a */ = {isa = PBXFileReference; lastKnownFileType = archive.ar; path = libaom.a; sourceTree = "<group>"; };
		ABA141EC2D2EF8E70040A4E6 /* libavcodec.a */ = {isa = PBXFileReference; lastKnownFileType = archive.ar; path = libavcodec.a; sourceTree = "<group>"; };
		ABA141ED2D2EF8E70040A4E6 /* libavfilter.a */ = {isa = PBXFileReference; lastKnownFileType = archive.ar; path = libavfilter.a; sourceTree = "<group>"; };
		ABA141EE2D2EF8E70040A4E6 /* libavformat.a */ = {isa = PBXFileReference; lastKnownFileType = archive.ar; path = libavformat.a; sourceTree = "<group>"; };
		ABA141EF2D2EF8E70040A4E6 /* libavutil.a */ = {isa = PBXFileReference; lastKnownFileType = archive.ar; path = libavutil.a; sourceTree = "<group>"; };
		ABA141F02D2EF8E70040A4E6 /* libpostproc.a */ = {isa = PBXFileReference; lastKnownFileType = archive.ar; path = libpostproc.a; sourceTree = "<group>"; };
		ABA141F12D2EF8E70040A4E6 /* libswresample.a */ = {isa = PBXFileReference; lastKnownFileType = archive.ar; path = libswresample.a; sourceTree = "<group>"; };
		ABA141F22D2EF8E70040A4E6 /* libswscale.a */ = {isa = PBXFileReference; lastKnownFileType = archive.ar; path = libswscale.a; sourceTree = "<group>"; };
		ABA141FE2D3016480040A4E6 /* CoverArtView.swift */ = {isa = PBXFileReference; lastKnownFileType = sourcecode.swift; path = CoverArtView.swift; sourceTree = "<group>"; };
		ABB1A29A1A1C358500EEF82B /* buildschema */ = {isa = PBXFileReference; explicitFileType = text.script.sh; fileEncoding = 4; path = buildschema; sourceTree = "<group>"; };
		ABB1A29C1A1C392400EEF82B /* schema.xml */ = {isa = PBXFileReference; explicitFileType = text.xml; fileEncoding = 4; name = schema.xml; path = Video.mdimporter/Contents/Resources/schema.xml; sourceTree = BUILT_PRODUCTS_DIR; };
		ABB719E62924069600F13C24 /* Assets.xcassets */ = {isa = PBXFileReference; lastKnownFileType = folder.assetcatalog; path = Assets.xcassets; sourceTree = "<group>"; };
		ABB71A0A29266D3000F13C24 /* LogarithmicSlider.swift */ = {isa = PBXFileReference; lastKnownFileType = sourcecode.swift; path = LogarithmicSlider.swift; sourceTree = "<group>"; };
		ABB8CF531A1C798B00CF242E /* sv */ = {isa = PBXFileReference; lastKnownFileType = text.plist.strings; name = sv; path = sv.lproj/schema.strings; sourceTree = "<group>"; };
		ABBC10DE1C1DF5F600B25E28 /* liblzma.5.dylib */ = {isa = PBXFileReference; lastKnownFileType = "compiled.mach-o.dylib"; name = liblzma.5.dylib; path = /usr/lib/liblzma.5.dylib; sourceTree = "<absolute>"; };
		ABC22D232070E05200A2D884 /* hu */ = {isa = PBXFileReference; lastKnownFileType = text.plist.strings; name = hu; path = hu.lproj/schema.strings; sourceTree = "<group>"; };
		ABC8EDC22931900D00F97C3C /* buildstrings */ = {isa = PBXFileReference; explicitFileType = text.script.sh; path = buildstrings; sourceTree = "<group>"; };
		ABC8EE07293273ED00F97C3C /* en */ = {isa = PBXFileReference; lastKnownFileType = text.plist.strings; name = en; path = en.lproj/Main.strings; sourceTree = "<group>"; };
		ABC8EE082932741000F97C3C /* fr */ = {isa = PBXFileReference; lastKnownFileType = text.plist.strings; name = fr; path = fr.lproj/Main.strings; sourceTree = "<group>"; };
		ABC8EE0929328A4D00F97C3C /* pt-BR */ = {isa = PBXFileReference; lastKnownFileType = text.plist.strings; name = "pt-BR"; path = "pt-BR.lproj/Main.strings"; sourceTree = "<group>"; };
		ABC8EE0A29328A4D00F97C3C /* pt-BR */ = {isa = PBXFileReference; lastKnownFileType = text.plist.strings; name = "pt-BR"; path = "pt-BR.lproj/schema.strings"; sourceTree = "<group>"; };
		ABC8EE0C29328B2800F97C3C /* zh-Hans */ = {isa = PBXFileReference; lastKnownFileType = text.plist.strings; name = "zh-Hans"; path = "zh-Hans.lproj/Main.strings"; sourceTree = "<group>"; };
		ABC8EE0D29328B2800F97C3C /* zh-Hans */ = {isa = PBXFileReference; lastKnownFileType = text.plist.strings; name = "zh-Hans"; path = "zh-Hans.lproj/schema.strings"; sourceTree = "<group>"; };
		ABC8EE0F2932A92100F97C3C /* nb */ = {isa = PBXFileReference; lastKnownFileType = text.plist.strings; name = nb; path = nb.lproj/schema.strings; sourceTree = "<group>"; };
		ABE05B671A29FED900E228EE /* ja */ = {isa = PBXFileReference; lastKnownFileType = text.plist.strings; name = ja; path = ja.lproj/schema.strings; sourceTree = "<group>"; };
		ABE23BD11D258F6C004E9D26 /* VideoToolbox.framework */ = {isa = PBXFileReference; lastKnownFileType = wrapper.framework; name = VideoToolbox.framework; path = System/Library/Frameworks/VideoToolbox.framework; sourceTree = SDKROOT; };
		ABE23BD61D25914C004E9D26 /* AudioToolbox.framework */ = {isa = PBXFileReference; lastKnownFileType = wrapper.framework; name = AudioToolbox.framework; path = System/Library/Frameworks/AudioToolbox.framework; sourceTree = SDKROOT; };
		ABE23BD91D2591F8004E9D26 /* CoreMedia.framework */ = {isa = PBXFileReference; lastKnownFileType = wrapper.framework; name = CoreMedia.framework; path = System/Library/Frameworks/CoreMedia.framework; sourceTree = SDKROOT; };
		ABE4610F1A15A519006C89A2 /* en */ = {isa = PBXFileReference; explicitFileType = text.plist.strings; name = en; path = en.lproj/schema.strings; sourceTree = "<group>"; };
		ABE69D242D2A350700CE6C69 /* QLVideo Previewer.appex */ = {isa = PBXFileReference; explicitFileType = "wrapper.app-extension"; includeInIndex = 0; path = "QLVideo Previewer.appex"; sourceTree = BUILT_PRODUCTS_DIR; };
		ABE72EA0293448AF005433DF /* ca */ = {isa = PBXFileReference; lastKnownFileType = text.plist.strings; name = ca; path = ca.lproj/Main.strings; sourceTree = "<group>"; };
		ABE72EA1293448B3005433DF /* cs */ = {isa = PBXFileReference; lastKnownFileType = text.plist.strings; name = cs; path = cs.lproj/Main.strings; sourceTree = "<group>"; };
		ABE72EA2293448B6005433DF /* nl */ = {isa = PBXFileReference; lastKnownFileType = text.plist.strings; name = nl; path = nl.lproj/Main.strings; sourceTree = "<group>"; };
		ABE72EA3293448B9005433DF /* de */ = {isa = PBXFileReference; lastKnownFileType = text.plist.strings; name = de; path = de.lproj/Main.strings; sourceTree = "<group>"; };
		ABE72EA4293448BB005433DF /* el */ = {isa = PBXFileReference; lastKnownFileType = text.plist.strings; name = el; path = el.lproj/Main.strings; sourceTree = "<group>"; };
		ABE72EA5293448BE005433DF /* hu */ = {isa = PBXFileReference; lastKnownFileType = text.plist.strings; name = hu; path = hu.lproj/Main.strings; sourceTree = "<group>"; };
		ABE72EA6293448C1005433DF /* it */ = {isa = PBXFileReference; lastKnownFileType = text.plist.strings; name = it; path = it.lproj/Main.strings; sourceTree = "<group>"; };
		ABE72EA7293448C4005433DF /* ja */ = {isa = PBXFileReference; lastKnownFileType = text.plist.strings; name = ja; path = ja.lproj/Main.strings; sourceTree = "<group>"; };
		ABE72EA8293448C7005433DF /* ko */ = {isa = PBXFileReference; lastKnownFileType = text.plist.strings; name = ko; path = ko.lproj/Main.strings; sourceTree = "<group>"; };
		ABE72EA9293448C9005433DF /* nb */ = {isa = PBXFileReference; lastKnownFileType = text.plist.strings; name = nb; path = nb.lproj/Main.strings; sourceTree = "<group>"; };
		ABE72EAA293448CC005433DF /* pt-PT */ = {isa = PBXFileReference; lastKnownFileType = text.plist.strings; name = "pt-PT"; path = "pt-PT.lproj/Main.strings"; sourceTree = "<group>"; };
		ABE72EAB293448CF005433DF /* ru */ = {isa = PBXFileReference; lastKnownFileType = text.plist.strings; name = ru; path = ru.lproj/Main.strings; sourceTree = "<group>"; };
		ABE72EAC293448D2005433DF /* es */ = {isa = PBXFileReference; lastKnownFileType = text.plist.strings; name = es; path = es.lproj/Main.strings; sourceTree = "<group>"; };
		ABE72EAD293448D8005433DF /* sv */ = {isa = PBXFileReference; lastKnownFileType = text.plist.strings; name = sv; path = sv.lproj/Main.strings; sourceTree = "<group>"; };
		ABE72EB32937FAE4005433DF /* Base */ = {isa = PBXFileReference; lastKnownFileType = file.xib; name = Base; path = Base.lproj/Main.xib; sourceTree = "<group>"; };
		ABE72EB72938E008005433DF /* IssueView.swift */ = {isa = PBXFileReference; lastKnownFileType = sourcecode.swift; path = IssueView.swift; sourceTree = "<group>"; };
		ABE72EBC29392EEB005433DF /* ffprobe */ = {isa = PBXFileReference; fileEncoding = 4; lastKnownFileType = text; name = ffprobe; path = universal/bin/ffprobe; sourceTree = BUILT_PRODUCTS_DIR; };
		ABE72EC0293A32B5005433DF /* ffmpeg */ = {isa = PBXFileReference; lastKnownFileType = text; name = ffmpeg; path = universal/bin/ffmpeg; sourceTree = BUILT_PRODUCTS_DIR; };
		ABE72EC2293D1DC6005433DF /* OldVersionView.swift */ = {isa = PBXFileReference; lastKnownFileType = sourcecode.swift; path = OldVersionView.swift; sourceTree = "<group>"; };
		ABE72ED6294379D1005433DF /* GetMetadataForFile.h */ = {isa = PBXFileReference; lastKnownFileType = sourcecode.c.h; path = GetMetadataForFile.h; sourceTree = "<group>"; };
/* End PBXFileReference section */

/* Begin PBXFileSystemSynchronizedBuildFileExceptionSet section */
		AB748F1A2D354CFE001F6921 /* PBXFileSystemSynchronizedBuildFileExceptionSet */ = {
			isa = PBXFileSystemSynchronizedBuildFileExceptionSet;
			membershipExceptions = (
				Snapshotter.m,
			);
			target = AB57AACD2D344DDF00E785D8 /* thumbnailer */;
		};
		AB748F722D35509F001F6921 /* PBXFileSystemSynchronizedBuildFileExceptionSet */ = {
			isa = PBXFileSystemSynchronizedBuildFileExceptionSet;
			membershipExceptions = (
				Snapshotter.m,
			);
			target = AB49FB6E2922769F00B126C0 /* QuickLook Video */;
		};
		ABA53BFE2D37F38A0040C621 /* PBXFileSystemSynchronizedBuildFileExceptionSet */ = {
			isa = PBXFileSystemSynchronizedBuildFileExceptionSet;
			membershipExceptions = (
				Info.plist,
			);
			target = AB57AACD2D344DDF00E785D8 /* thumbnailer */;
		};
		ABE69D332D2A350700CE6C69 /* PBXFileSystemSynchronizedBuildFileExceptionSet */ = {
			isa = PBXFileSystemSynchronizedBuildFileExceptionSet;
			membershipExceptions = (
				Info.plist,
			);
			target = ABE69D232D2A350700CE6C69 /* previewer */;
		};
		ABE69E042D2DA44B00CE6C69 /* PBXFileSystemSynchronizedBuildFileExceptionSet */ = {
			isa = PBXFileSystemSynchronizedBuildFileExceptionSet;
			membershipExceptions = (
				Snapshotter.m,
			);
			target = AB9FB56C1965DD7200D39647 /* mdimporter */;
		};
		ABE69E062D2DA44B00CE6C69 /* PBXFileSystemSynchronizedBuildFileExceptionSet */ = {
			isa = PBXFileSystemSynchronizedBuildFileExceptionSet;
			membershipExceptions = (
				Snapshotter.m,
			);
			target = AB0527CD1D294732009A809B /* benchmark */;
		};
/* End PBXFileSystemSynchronizedBuildFileExceptionSet section */

/* Begin PBXFileSystemSynchronizedRootGroup section */
		AB748F162D354C5A001F6921 /* thumbnailer */ = {isa = PBXFileSystemSynchronizedRootGroup; exceptions = (ABA53BFE2D37F38A0040C621 /* PBXFileSystemSynchronizedBuildFileExceptionSet */, ); explicitFileTypes = {}; explicitFolders = (); path = thumbnailer; sourceTree = "<group>"; };
		ABE69D262D2A350700CE6C69 /* previewer */ = {isa = PBXFileSystemSynchronizedRootGroup; exceptions = (AB748F722D35509F001F6921 /* PBXFileSystemSynchronizedBuildFileExceptionSet */, ABE69E042D2DA44B00CE6C69 /* PBXFileSystemSynchronizedBuildFileExceptionSet */, ABE69D332D2A350700CE6C69 /* PBXFileSystemSynchronizedBuildFileExceptionSet */, AB748F1A2D354CFE001F6921 /* PBXFileSystemSynchronizedBuildFileExceptionSet */, ABE69E062D2DA44B00CE6C69 /* PBXFileSystemSynchronizedBuildFileExceptionSet */, ); explicitFileTypes = {}; explicitFolders = (); path = previewer; sourceTree = "<group>"; };
/* End PBXFileSystemSynchronizedRootGroup section */

/* Begin PBXFrameworksBuildPhase section */
		AB0527CB1D294732009A809B /* Frameworks */ = {
			isa = PBXFrameworksBuildPhase;
			buildActionMask = 2147483647;
			files = (
				ABA141BB2D2EE41B0040A4E6 /* libaom.3.dylib in Frameworks */,
				ABA141D52D2EE49D0040A4E6 /* libswresample.5.dylib in Frameworks */,
				ABA141D62D2EE49D0040A4E6 /* libavcodec.61.dylib in Frameworks */,
				ABA141D72D2EE49D0040A4E6 /* libswscale.8.dylib in Frameworks */,
				ABA141D82D2EE49D0040A4E6 /* libavutil.59.dylib in Frameworks */,
				ABA141D92D2EE49D0040A4E6 /* libavformat.61.dylib in Frameworks */,
				ABA141DA2D2EE49D0040A4E6 /* libavfilter.10.dylib in Frameworks */,
				ABA141DB2D2EE49D0040A4E6 /* libpostproc.58.dylib in Frameworks */,
				AB0527E41D2947CF009A809B /* libbz2.dylib in Frameworks */,
				AB0527E31D2947BB009A809B /* libiconv.dylib in Frameworks */,
				AB0527E21D2947AC009A809B /* liblzma.5.dylib in Frameworks */,
				AB0527E51D2947D1009A809B /* libz.dylib in Frameworks */,
			);
			runOnlyForDeploymentPostprocessing = 0;
		};
		AB49FB6C2922769F00B126C0 /* Frameworks */ = {
			isa = PBXFrameworksBuildPhase;
			buildActionMask = 2147483647;
			files = (
				AB748EE62D34B0C3001F6921 /* libaom.3.dylib in Frameworks */,
				AB748EE92D34B0E5001F6921 /* libavcodec.61.dylib in Frameworks */,
				AB748EE82D34B0CB001F6921 /* libavfilter.10.dylib in Frameworks */,
				AB748EEA2D34B0EA001F6921 /* libavformat.61.dylib in Frameworks */,
				AB748EEB2D34B0EE001F6921 /* libavutil.59.dylib in Frameworks */,
				AB748EEC2D34B0F2001F6921 /* libswresample.5.dylib in Frameworks */,
				AB748EED2D34B0F7001F6921 /* libswscale.8.dylib in Frameworks */,
			);
			runOnlyForDeploymentPostprocessing = 0;
		};
		AB57AACB2D344DDF00E785D8 /* Frameworks */ = {
			isa = PBXFrameworksBuildPhase;
			buildActionMask = 2147483647;
			files = (
				AB57AACF2D344DDF00E785D8 /* QuickLookThumbnailing.framework in Frameworks */,
				AB748ED92D349AE6001F6921 /* libaom.3.dylib in Frameworks */,
				AB748EDA2D349AEB001F6921 /* libavcodec.61.dylib in Frameworks */,
				AB748EDB2D349AF0001F6921 /* libavfilter.10.dylib in Frameworks */,
				AB748EDC2D349AF4001F6921 /* libavformat.61.dylib in Frameworks */,
				AB748EDD2D349AF7001F6921 /* libavutil.59.dylib in Frameworks */,
				AB748EDF2D349AFE001F6921 /* libswresample.5.dylib in Frameworks */,
				AB748EE02D349B02001F6921 /* libswscale.8.dylib in Frameworks */,
			);
			runOnlyForDeploymentPostprocessing = 0;
		};
		AB9FB56A1965DD7200D39647 /* Frameworks */ = {
			isa = PBXFrameworksBuildPhase;
			buildActionMask = 2147483647;
			files = (
				ABE23BD71D25914C004E9D26 /* AudioToolbox.framework in Frameworks */,
				ABE23BD41D25903D004E9D26 /* VideoToolbox.framework in Frameworks */,
				ABE23BDA1D2591F8004E9D26 /* CoreMedia.framework in Frameworks */,
				ABA141EB2D2EF8CA0040A4E6 /* libaom.a in Frameworks */,
				ABA141F32D2EF8E70040A4E6 /* libswresample.a in Frameworks */,
				ABA141F42D2EF8E70040A4E6 /* libavcodec.a in Frameworks */,
				ABA141F52D2EF8E70040A4E6 /* libswscale.a in Frameworks */,
				ABA141F62D2EF8E70040A4E6 /* libavfilter.a in Frameworks */,
				ABA141F72D2EF8E70040A4E6 /* libavformat.a in Frameworks */,
				ABA141F82D2EF8E70040A4E6 /* libavutil.a in Frameworks */,
				AB7C714119F8A5C50006104E /* libbz2.dylib in Frameworks */,
				AB7C714919F8A6970006104E /* libiconv.dylib in Frameworks */,
				ABBC10E01C1DF64E00B25E28 /* liblzma.5.dylib in Frameworks */,
				AB7C714719F8A6730006104E /* libz.dylib in Frameworks */,
			);
			runOnlyForDeploymentPostprocessing = 0;
		};
		ABE69D212D2A350700CE6C69 /* Frameworks */ = {
			isa = PBXFrameworksBuildPhase;
			buildActionMask = 2147483647;
			files = (
				ABA141BE2D2EE41B0040A4E6 /* libaom.3.dylib in Frameworks */,
				ABA141CE2D2EE49D0040A4E6 /* libswresample.5.dylib in Frameworks */,
				ABA141CF2D2EE49D0040A4E6 /* libavcodec.61.dylib in Frameworks */,
				ABA141D02D2EE49D0040A4E6 /* libswscale.8.dylib in Frameworks */,
				ABA141D12D2EE49D0040A4E6 /* libavutil.59.dylib in Frameworks */,
				ABA141D22D2EE49D0040A4E6 /* libavformat.61.dylib in Frameworks */,
				ABA141D32D2EE49D0040A4E6 /* libavfilter.10.dylib in Frameworks */,
			);
			runOnlyForDeploymentPostprocessing = 0;
		};
/* End PBXFrameworksBuildPhase section */

/* Begin PBXGroup section */
		AB0527CF1D294732009A809B /* benchmark */ = {
			isa = PBXGroup;
			children = (
				AB0527C81D2946F1009A809B /* bench.m */,
			);
			path = benchmark;
			sourceTree = "<group>";
		};
		AB49FB70292276A000B126C0 /* app */ = {
			isa = PBXGroup;
			children = (
				AB49FB952923B5BB00B126C0 /* AppDelegate.swift */,
				ABE72EB72938E008005433DF /* IssueView.swift */,
				ABA141FE2D3016480040A4E6 /* CoverArtView.swift */,
				ABE72EC2293D1DC6005433DF /* OldVersionView.swift */,
				ABB71A0A29266D3000F13C24 /* LogarithmicSlider.swift */,
				ABE72EB42937FAE4005433DF /* Main.xib */,
				AB9096DD2D32BA5100930A8B /* snapshotter-bridge.h */,
				ABB719E62924069600F13C24 /* Assets.xcassets */,
				AB9846DC196B790F00AF6349 /* Info.plist */,
				AB49FB7A292276A100B126C0 /* QuickLookVideo.entitlements */,
				ABC8EDC22931900D00F97C3C /* buildstrings */,
				ABC8EE06293273ED00F97C3C /* Main.strings */,
			);
			path = app;
			sourceTree = "<group>";
		};
		AB664719261A900600D23514 /* aom */ = {
			isa = PBXGroup;
			children = (
				ABA141EA2D2EF8CA0040A4E6 /* libaom.a */,
				ABA141BA2D2EE41B0040A4E6 /* libaom.3.dylib */,
			);
			name = aom;
			path = universal/lib;
			sourceTree = BUILT_PRODUCTS_DIR;
		};
		AB9FB5641965DD7200D39647 = {
			isa = PBXGroup;
			children = (
				AB49FB70292276A000B126C0 /* app */,
				AB0527CF1D294732009A809B /* benchmark */,
				AB9FB5781965DD7200D39647 /* mdimporter */,
				ABE69D262D2A350700CE6C69 /* previewer */,
				AB748F162D354C5A001F6921 /* thumbnailer */,
				AB9FB56F1965DD7200D39647 /* Frameworks */,
				AB9FB56E1965DD7200D39647 /* Products */,
			);
			sourceTree = "<group>";
		};
		AB9FB56E1965DD7200D39647 /* Products */ = {
			isa = PBXGroup;
			children = (
				AB9FB56D1965DD7200D39647 /* Video.mdimporter */,
				AB0527CE1D294732009A809B /* benchmark */,
				AB49FB6F2922769F00B126C0 /* QuickLook Video.app */,
				ABE69D242D2A350700CE6C69 /* QLVideo Previewer.appex */,
				AB57AACE2D344DDF00E785D8 /* QLVideo Thumbnailer.appex */,
			);
			name = Products;
			sourceTree = "<group>";
		};
		AB9FB56F1965DD7200D39647 /* Frameworks */ = {
			isa = PBXGroup;
			children = (
				ABE72EC0293A32B5005433DF /* ffmpeg */,
				ABE72EBC29392EEB005433DF /* ffprobe */,
				AB17CCF4291E954B002A80AB /* include */,
				AB664719261A900600D23514 /* aom */,
				ABCAEA331CDB899B004890E3 /* FFmpeg */,
				AB7C714019F8A5C50006104E /* libbz2.dylib */,
				AB7C714819F8A6970006104E /* libiconv.dylib */,
				ABBC10DE1C1DF5F600B25E28 /* liblzma.5.dylib */,
				AB7C714619F8A6730006104E /* libz.dylib */,
				ABE23BD61D25914C004E9D26 /* AudioToolbox.framework */,
				ABE23BD11D258F6C004E9D26 /* VideoToolbox.framework */,
				ABE23BD91D2591F8004E9D26 /* CoreMedia.framework */,
				AB2ACD9D1A696F72002411DF /* AVFoundation.framework */,
				AB9FB5721965DD7200D39647 /* CoreFoundation.framework */,
				AB9FB5761965DD7200D39647 /* Foundation.framework */,
				AB93B0B4196B839600708B2E /* Cocoa.framework */,
				AB93B0F7196CA60500708B2E /* QuickLook.framework */,
				AB93B0F9196CA60500708B2E /* ApplicationServices.framework */,
				AB93B0FB196CA60500708B2E /* CoreServices.framework */,
				AB75CB1D261D19F2009BE894 /* QuickLookThumbnailing.framework */,
				AB75CB1F261D19F2009BE894 /* Quartz.framework */,
			);
			name = Frameworks;
			path = ../MacOSX.sdk;
			sourceTree = SDKROOT;
		};
		AB9FB5781965DD7200D39647 /* mdimporter */ = {
			isa = PBXGroup;
			children = (
				AB9FB57E1965DD7200D39647 /* main.m */,
				ABE72ED6294379D1005433DF /* GetMetadataForFile.h */,
				AB9FB5801965DD7200D39647 /* GetMetadataForFile.m */,
				AB9FB58C1965DF0700D39647 /* Info.plist */,
				ABB1A29A1A1C358500EEF82B /* buildschema */,
				ABE4610E1A15A519006C89A2 /* schema.strings */,
				ABB1A29E1A1C392F00EEF82B /* Built Products */,
			);
			path = mdimporter;
			sourceTree = "<group>";
		};
		ABB1A29E1A1C392F00EEF82B /* Built Products */ = {
			isa = PBXGroup;
			children = (
				ABB1A29C1A1C392400EEF82B /* schema.xml */,
			);
			name = "Built Products";
			sourceTree = BUILT_PRODUCTS_DIR;
		};
		ABCAEA331CDB899B004890E3 /* FFmpeg */ = {
			isa = PBXGroup;
			children = (
				ABA141EC2D2EF8E70040A4E6 /* libavcodec.a */,
				ABA141ED2D2EF8E70040A4E6 /* libavfilter.a */,
				ABA141EE2D2EF8E70040A4E6 /* libavformat.a */,
				ABA141EF2D2EF8E70040A4E6 /* libavutil.a */,
				ABA141F02D2EF8E70040A4E6 /* libpostproc.a */,
				ABA141F12D2EF8E70040A4E6 /* libswresample.a */,
				ABA141F22D2EF8E70040A4E6 /* libswscale.a */,
				ABA141C02D2EE49D0040A4E6 /* libavcodec.61.dylib */,
				ABA141C12D2EE49D0040A4E6 /* libavfilter.10.dylib */,
				ABA141C22D2EE49D0040A4E6 /* libavformat.61.dylib */,
				ABA141C32D2EE49D0040A4E6 /* libavutil.59.dylib */,
				ABA141C42D2EE49D0040A4E6 /* libpostproc.58.dylib */,
				ABA141C52D2EE49D0040A4E6 /* libswresample.5.dylib */,
				ABA141C62D2EE49D0040A4E6 /* libswscale.8.dylib */,
			);
			name = FFmpeg;
			path = universal/lib;
			sourceTree = BUILT_PRODUCTS_DIR;
		};
/* End PBXGroup section */

/* Begin PBXLegacyTarget section */
		AB535D4D1EDC390C00ECB0CE /* ffmpeg */ = {
			isa = PBXLegacyTarget;
			buildArgumentsString = "${ACTION)";
			buildConfigurationList = AB535D501EDC390C00ECB0CE /* Build configuration list for PBXLegacyTarget "ffmpeg" */;
			buildPhases = (
			);
			buildToolPath = ./buildffmpeg;
			buildWorkingDirectory = "$(SRCROOT)";
			dependencies = (
				AB66472B261AA04400D23514 /* PBXTargetDependency */,
			);
			name = ffmpeg;
			passBuildSettingsInEnvironment = 1;
			productName = ffmpeg;
		};
		AB66470D261A88C700D23514 /* aom */ = {
			isa = PBXLegacyTarget;
			buildArgumentsString = "$(ACTION)";
			buildConfigurationList = AB66470E261A88C800D23514 /* Build configuration list for PBXLegacyTarget "aom" */;
			buildPhases = (
			);
			buildToolPath = ./buildaom;
			buildWorkingDirectory = "${SRCROOT}";
			dependencies = (
			);
			name = aom;
			passBuildSettingsInEnvironment = 1;
			productName = aom;
		};
/* End PBXLegacyTarget section */

/* Begin PBXNativeTarget section */
		AB0527CD1D294732009A809B /* benchmark */ = {
			isa = PBXNativeTarget;
			buildConfigurationList = AB0527D21D294732009A809B /* Build configuration list for PBXNativeTarget "benchmark" */;
			buildPhases = (
				AB0527CA1D294732009A809B /* Sources */,
				AB0527CB1D294732009A809B /* Frameworks */,
			);
			buildRules = (
			);
			dependencies = (
				AB664731261AA06C00D23514 /* PBXTargetDependency */,
				AB535D5C1EDCD0C900ECB0CE /* PBXTargetDependency */,
			);
			name = benchmark;
			productName = benchmark;
			productReference = AB0527CE1D294732009A809B /* benchmark */;
			productType = "com.apple.product-type.tool";
		};
		AB49FB6E2922769F00B126C0 /* QuickLook Video */ = {
			isa = PBXNativeTarget;
			buildConfigurationList = AB49FB7D292276A100B126C0 /* Build configuration list for PBXNativeTarget "QuickLook Video" */;
			buildPhases = (
				AB48E688293156BC004B2E82 /* Extract localization */,
				AB49FB6B2922769F00B126C0 /* Sources */,
				AB49FB6C2922769F00B126C0 /* Frameworks */,
				AB49FB6D2922769F00B126C0 /* Resources */,
				AB75CB2A261D19F3009BE894 /* Embed Foundation Extensions */,
				AB49FBB82923CECC00B126C0 /* Embed mdimporter */,
				AB49FBBB2923D1EC00B126C0 /* Embed qlgenerator */,
				ABE72EB929392E18005433DF /* Embed Executables */,
				ABA141B92D2EE3590040A4E6 /* Embed Libraries */,
			);
			buildRules = (
			);
			dependencies = (
				AB49FB7F2922770100B126C0 /* PBXTargetDependency */,
				ABE69D312D2A350700CE6C69 /* PBXTargetDependency */,
				AB57AAD72D344DDF00E785D8 /* PBXTargetDependency */,
			);
			name = "QuickLook Video";
			productName = "QuickLook Video";
			productReference = AB49FB6F2922769F00B126C0 /* QuickLook Video.app */;
			productType = "com.apple.product-type.application";
		};
		AB57AACD2D344DDF00E785D8 /* thumbnailer */ = {
			isa = PBXNativeTarget;
			buildConfigurationList = AB57AAD92D344DDF00E785D8 /* Build configuration list for PBXNativeTarget "thumbnailer" */;
			buildPhases = (
				AB57AACA2D344DDF00E785D8 /* Sources */,
				AB57AACB2D344DDF00E785D8 /* Frameworks */,
				AB57AACC2D344DDF00E785D8 /* Resources */,
			);
			buildRules = (
			);
			dependencies = (
				AB748EE42D349B20001F6921 /* PBXTargetDependency */,
				AB748EE22D349B1D001F6921 /* PBXTargetDependency */,
			);
			fileSystemSynchronizedGroups = (
				AB748F162D354C5A001F6921 /* thumbnailer */,
			);
			name = thumbnailer;
			packageProductDependencies = (
			);
			productName = thumbnailer;
			productReference = AB57AACE2D344DDF00E785D8 /* QLVideo Thumbnailer.appex */;
			productType = "com.apple.product-type.app-extension";
		};
		AB9FB56C1965DD7200D39647 /* mdimporter */ = {
			isa = PBXNativeTarget;
			buildConfigurationList = AB9FB5891965DD7200D39647 /* Build configuration list for PBXNativeTarget "mdimporter" */;
			buildPhases = (
				AB9FB5691965DD7200D39647 /* Sources */,
				AB9FB56A1965DD7200D39647 /* Frameworks */,
				ABE461151A15A711006C89A2 /* Resources */,
				ABB1A2991A1C353E00EEF82B /* Build Schema */,
			);
			buildRules = (
			);
			dependencies = (
				AB66472F261AA06100D23514 /* PBXTargetDependency */,
				AB535D581EDCD0BD00ECB0CE /* PBXTargetDependency */,
			);
			name = mdimporter;
			productName = Video;
			productReference = AB9FB56D1965DD7200D39647 /* Video.mdimporter */;
			productType = "com.apple.product-type.bundle";
		};
		ABE69D232D2A350700CE6C69 /* previewer */ = {
			isa = PBXNativeTarget;
			buildConfigurationList = ABE69D342D2A350700CE6C69 /* Build configuration list for PBXNativeTarget "previewer" */;
			buildPhases = (
				ABE69D202D2A350700CE6C69 /* Sources */,
				ABE69D212D2A350700CE6C69 /* Frameworks */,
				ABE69D222D2A350700CE6C69 /* Resources */,
			);
			buildRules = (
			);
			dependencies = (
				ABE69DBC2D2C6DEB00CE6C69 /* PBXTargetDependency */,
				ABE69DBA2D2C6DE700CE6C69 /* PBXTargetDependency */,
			);
			fileSystemSynchronizedGroups = (
				ABE69D262D2A350700CE6C69 /* previewer */,
			);
			name = previewer;
			packageProductDependencies = (
			);
			productName = previewer;
			productReference = ABE69D242D2A350700CE6C69 /* QLVideo Previewer.appex */;
			productType = "com.apple.product-type.app-extension";
		};
/* End PBXNativeTarget section */

/* Begin PBXProject section */
		AB9FB5651965DD7200D39647 /* Project object */ = {
			isa = PBXProject;
			attributes = {
				BuildIndependentTargetsInParallel = YES;
				LastSwiftUpdateCheck = 1620;
				LastUpgradeCheck = 1610;
				TargetAttributes = {
					AB57AACD2D344DDF00E785D8 = {
						CreatedOnToolsVersion = 16.2;
					};
					ABE69D232D2A350700CE6C69 = {
						CreatedOnToolsVersion = 16.2;
					};
				};
			};
			buildConfigurationList = AB9FB5681965DD7200D39647 /* Build configuration list for PBXProject "QLVideo" */;
			compatibilityVersion = "Xcode 3.2";
			developmentRegion = en;
			hasScannedForEncodings = 0;
			knownRegions = (
				Base,
				en,
				ca,
				cs,
				de,
				el,
				es,
				fr,
				hu,
				it,
				ja,
				ko,
				nb,
				nl,
				"pt-BR",
				"pt-PT",
				ru,
				sv,
				"zh-Hans",
			);
			mainGroup = AB9FB5641965DD7200D39647;
			productRefGroup = AB9FB56E1965DD7200D39647 /* Products */;
			projectDirPath = "";
			projectRoot = "";
			targets = (
				AB49FB6E2922769F00B126C0 /* QuickLook Video */,
				AB9FB56C1965DD7200D39647 /* mdimporter */,
				ABE69D232D2A350700CE6C69 /* previewer */,
				AB57AACD2D344DDF00E785D8 /* thumbnailer */,
				AB0527CD1D294732009A809B /* benchmark */,
				AB535D4D1EDC390C00ECB0CE /* ffmpeg */,
				AB66470D261A88C700D23514 /* aom */,
			);
		};
/* End PBXProject section */

/* Begin PBXResourcesBuildPhase section */
		AB49FB6D2922769F00B126C0 /* Resources */ = {
			isa = PBXResourcesBuildPhase;
			buildActionMask = 2147483647;
			files = (
				ABB719E72924069600F13C24 /* Assets.xcassets in Resources */,
				ABE72EB22937FAE4005433DF /* Main.xib in Resources */,
			);
			runOnlyForDeploymentPostprocessing = 0;
		};
		AB57AACC2D344DDF00E785D8 /* Resources */ = {
			isa = PBXResourcesBuildPhase;
			buildActionMask = 2147483647;
			files = (
			);
			runOnlyForDeploymentPostprocessing = 0;
		};
		ABE461151A15A711006C89A2 /* Resources */ = {
			isa = PBXResourcesBuildPhase;
			buildActionMask = 2147483647;
			files = (
				ABE461181A15A776006C89A2 /* schema.strings in Resources */,
			);
			runOnlyForDeploymentPostprocessing = 0;
		};
		ABE69D222D2A350700CE6C69 /* Resources */ = {
			isa = PBXResourcesBuildPhase;
			buildActionMask = 2147483647;
			files = (
			);
			runOnlyForDeploymentPostprocessing = 0;
		};
/* End PBXResourcesBuildPhase section */

/* Begin PBXShellScriptBuildPhase section */
		AB48E688293156BC004B2E82 /* Extract localization */ = {
			isa = PBXShellScriptBuildPhase;
			alwaysOutOfDate = 1;
			buildActionMask = 2147483647;
			files = (
			);
			inputFileListPaths = (
			);
			inputPaths = (
				"$(SRCROOT)/app/buildstrings",
				"$(SRCROOT)/app/Base.lproj/Main.xib",
			);
			name = "Extract localization";
			outputFileListPaths = (
			);
			outputPaths = (
				"$(SRCROOT)/app/en.lproj/Main.strings",
			);
			runOnlyForDeploymentPostprocessing = 0;
			shellPath = /bin/sh;
			shellScript = "${SRCROOT}/app/buildstrings ${SRCROOT}/app/Base.lproj/Main.xib\n";
		};
		ABB1A2991A1C353E00EEF82B /* Build Schema */ = {
			isa = PBXShellScriptBuildPhase;
			buildActionMask = 2147483647;
			files = (
			);
			inputPaths = (
				"${SRCROOT}/mdimporter/buildschema",
				"$(SRCROOT)/mdimporter/Info.plist",
			);
			name = "Build Schema";
			outputPaths = (
				"${BUILT_PRODUCTS_DIR}/${UNLOCALIZED_RESOURCES_FOLDER_PATH}/schema.xml",
			);
			runOnlyForDeploymentPostprocessing = 0;
			shellPath = /bin/sh;
			shellScript = "${SRCROOT}/mdimporter/buildschema";
			showEnvVarsInLog = 0;
		};
/* End PBXShellScriptBuildPhase section */

/* Begin PBXSourcesBuildPhase section */
		AB0527CA1D294732009A809B /* Sources */ = {
			isa = PBXSourcesBuildPhase;
			buildActionMask = 2147483647;
			files = (
				AB0527D51D294751009A809B /* bench.m in Sources */,
			);
			runOnlyForDeploymentPostprocessing = 0;
		};
		AB49FB6B2922769F00B126C0 /* Sources */ = {
			isa = PBXSourcesBuildPhase;
			buildActionMask = 2147483647;
			files = (
				ABB71A0B29266D3000F13C24 /* LogarithmicSlider.swift in Sources */,
				ABA141FF2D3016480040A4E6 /* CoverArtView.swift in Sources */,
				ABE72EB82938E008005433DF /* IssueView.swift in Sources */,
				AB49FBA22923B5DD00B126C0 /* AppDelegate.swift in Sources */,
				ABE72EC3293D1DC6005433DF /* OldVersionView.swift in Sources */,
			);
			runOnlyForDeploymentPostprocessing = 0;
		};
		AB57AACA2D344DDF00E785D8 /* Sources */ = {
			isa = PBXSourcesBuildPhase;
			buildActionMask = 2147483647;
			files = (
			);
			runOnlyForDeploymentPostprocessing = 0;
		};
		AB9FB5691965DD7200D39647 /* Sources */ = {
			isa = PBXSourcesBuildPhase;
			buildActionMask = 2147483647;
			files = (
				AB9FB57F1965DD7200D39647 /* main.m in Sources */,
				AB9FB5811965DD7200D39647 /* GetMetadataForFile.m in Sources */,
			);
			runOnlyForDeploymentPostprocessing = 0;
		};
		ABE69D202D2A350700CE6C69 /* Sources */ = {
			isa = PBXSourcesBuildPhase;
			buildActionMask = 2147483647;
			files = (
			);
			runOnlyForDeploymentPostprocessing = 0;
		};
/* End PBXSourcesBuildPhase section */

/* Begin PBXTargetDependency section */
		AB49FB7F2922770100B126C0 /* PBXTargetDependency */ = {
			isa = PBXTargetDependency;
			target = AB9FB56C1965DD7200D39647 /* mdimporter */;
			targetProxy = AB49FB7E2922770100B126C0 /* PBXContainerItemProxy */;
		};
		AB535D581EDCD0BD00ECB0CE /* PBXTargetDependency */ = {
			isa = PBXTargetDependency;
			target = AB535D4D1EDC390C00ECB0CE /* ffmpeg */;
			targetProxy = AB535D571EDCD0BD00ECB0CE /* PBXContainerItemProxy */;
		};
		AB535D5C1EDCD0C900ECB0CE /* PBXTargetDependency */ = {
			isa = PBXTargetDependency;
			target = AB535D4D1EDC390C00ECB0CE /* ffmpeg */;
			targetProxy = AB535D5B1EDCD0C900ECB0CE /* PBXContainerItemProxy */;
		};
		AB57AAD72D344DDF00E785D8 /* PBXTargetDependency */ = {
			isa = PBXTargetDependency;
			target = AB57AACD2D344DDF00E785D8 /* thumbnailer */;
			targetProxy = AB57AAD62D344DDF00E785D8 /* PBXContainerItemProxy */;
		};
		AB66472B261AA04400D23514 /* PBXTargetDependency */ = {
			isa = PBXTargetDependency;
			target = AB66470D261A88C700D23514 /* aom */;
			targetProxy = AB66472A261AA04400D23514 /* PBXContainerItemProxy */;
		};
		AB66472F261AA06100D23514 /* PBXTargetDependency */ = {
			isa = PBXTargetDependency;
			target = AB66470D261A88C700D23514 /* aom */;
			targetProxy = AB66472E261AA06100D23514 /* PBXContainerItemProxy */;
		};
		AB664731261AA06C00D23514 /* PBXTargetDependency */ = {
			isa = PBXTargetDependency;
			target = AB66470D261A88C700D23514 /* aom */;
			targetProxy = AB664730261AA06C00D23514 /* PBXContainerItemProxy */;
		};
		AB748EE22D349B1D001F6921 /* PBXTargetDependency */ = {
			isa = PBXTargetDependency;
			target = AB535D4D1EDC390C00ECB0CE /* ffmpeg */;
			targetProxy = AB748EE12D349B1D001F6921 /* PBXContainerItemProxy */;
		};
		AB748EE42D349B20001F6921 /* PBXTargetDependency */ = {
			isa = PBXTargetDependency;
			target = AB66470D261A88C700D23514 /* aom */;
			targetProxy = AB748EE32D349B20001F6921 /* PBXContainerItemProxy */;
		};
		ABE69D312D2A350700CE6C69 /* PBXTargetDependency */ = {
			isa = PBXTargetDependency;
			target = ABE69D232D2A350700CE6C69 /* previewer */;
			targetProxy = ABE69D302D2A350700CE6C69 /* PBXContainerItemProxy */;
		};
		ABE69DBA2D2C6DE700CE6C69 /* PBXTargetDependency */ = {
			isa = PBXTargetDependency;
			target = AB66470D261A88C700D23514 /* aom */;
			targetProxy = ABE69DB92D2C6DE700CE6C69 /* PBXContainerItemProxy */;
		};
		ABE69DBC2D2C6DEB00CE6C69 /* PBXTargetDependency */ = {
			isa = PBXTargetDependency;
			target = AB535D4D1EDC390C00ECB0CE /* ffmpeg */;
			targetProxy = ABE69DBB2D2C6DEB00CE6C69 /* PBXContainerItemProxy */;
		};
/* End PBXTargetDependency section */

/* Begin PBXVariantGroup section */
		ABC8EE06293273ED00F97C3C /* Main.strings */ = {
			isa = PBXVariantGroup;
			children = (
				ABC8EE07293273ED00F97C3C /* en */,
				ABC8EE082932741000F97C3C /* fr */,
				ABC8EE0929328A4D00F97C3C /* pt-BR */,
				ABC8EE0C29328B2800F97C3C /* zh-Hans */,
				ABE72EA0293448AF005433DF /* ca */,
				ABE72EA1293448B3005433DF /* cs */,
				ABE72EA2293448B6005433DF /* nl */,
				ABE72EA3293448B9005433DF /* de */,
				ABE72EA4293448BB005433DF /* el */,
				ABE72EA5293448BE005433DF /* hu */,
				ABE72EA6293448C1005433DF /* it */,
				ABE72EA7293448C4005433DF /* ja */,
				ABE72EA8293448C7005433DF /* ko */,
				ABE72EA9293448C9005433DF /* nb */,
				ABE72EAA293448CC005433DF /* pt-PT */,
				ABE72EAB293448CF005433DF /* ru */,
				ABE72EAC293448D2005433DF /* es */,
				ABE72EAD293448D8005433DF /* sv */,
			);
			name = Main.strings;
			sourceTree = "<group>";
		};
		ABE4610E1A15A519006C89A2 /* schema.strings */ = {
			isa = PBXVariantGroup;
			children = (
				ABE4610F1A15A519006C89A2 /* en */,
				AB0E0D3C1A15B0300056CC24 /* fr */,
				AB0E0D3D1A15B03B0056CC24 /* it */,
				ABB8CF531A1C798B00CF242E /* sv */,
				ABE05B671A29FED900E228EE /* ja */,
				AB97CDD21A3A059C005FECB1 /* es */,
				AB00C5C81A682EF800D71399 /* de */,
				AB00C5CA1A682F6800D71399 /* nl */,
				AB00C5CB1A682F7200D71399 /* el */,
				AB8277781A7523F300F1D9F4 /* ca */,
				AB0B80BF1EED41F1008A22DC /* cs */,
				AB0B80C11EED4204008A22DC /* ru */,
				ABC22D232070E05200A2D884 /* hu */,
				AB54B962217F425D00558403 /* pt-PT */,
				AB96EE6B2183810500694152 /* ko */,
				ABC8EE0A29328A4D00F97C3C /* pt-BR */,
				ABC8EE0D29328B2800F97C3C /* zh-Hans */,
				ABC8EE0F2932A92100F97C3C /* nb */,
			);
			name = schema.strings;
			sourceTree = "<group>";
		};
		ABE72EB42937FAE4005433DF /* Main.xib */ = {
			isa = PBXVariantGroup;
			children = (
				ABE72EB32937FAE4005433DF /* Base */,
			);
			name = Main.xib;
			sourceTree = "<group>";
		};
/* End PBXVariantGroup section */

/* Begin XCBuildConfiguration section */
		AB0527D31D294732009A809B /* Debug */ = {
			isa = XCBuildConfiguration;
			buildSettings = {
				ALWAYS_SEARCH_USER_PATHS = NO;
				CLANG_WARN_UNREACHABLE_CODE = YES;
				COPY_PHASE_STRIP = NO;
				DEBUG_INFORMATION_FORMAT = dwarf;
				ENABLE_STRICT_OBJC_MSGSEND = YES;
				GCC_DYNAMIC_NO_PIC = NO;
				GCC_NO_COMMON_BLOCKS = YES;
				MTL_ENABLE_DEBUG_INFO = YES;
				PRODUCT_NAME = "$(TARGET_NAME)";
			};
			name = Debug;
		};
		AB0527D41D294732009A809B /* Release */ = {
			isa = XCBuildConfiguration;
			buildSettings = {
				ALWAYS_SEARCH_USER_PATHS = NO;
				CLANG_WARN_UNREACHABLE_CODE = YES;
				COPY_PHASE_STRIP = NO;
				ENABLE_STRICT_OBJC_MSGSEND = YES;
				GCC_NO_COMMON_BLOCKS = YES;
				MTL_ENABLE_DEBUG_INFO = NO;
				PRODUCT_NAME = "$(TARGET_NAME)";
			};
			name = Release;
		};
		AB49FB7B292276A100B126C0 /* Debug */ = {
			isa = XCBuildConfiguration;
			buildSettings = {
				ASSETCATALOG_COMPILER_APPICON_NAME = AppIcon;
				CODE_SIGN_ENTITLEMENTS = app/QuickLookVideo.entitlements;
				DEVELOPMENT_ASSET_PATHS = "";
				INFOPLIST_FILE = app/Info.plist;
				INFOPLIST_KEY_CFBundleDisplayName = "QuickLook Video";
				INFOPLIST_KEY_LSApplicationCategoryType = "public.app-category.video";
				INFOPLIST_KEY_NSMainStoryboardFile = Main;
				LD_RUNPATH_SEARCH_PATHS = (
					"$(inherited)",
					"@executable_path/../Frameworks",
				);
				MTL_ENABLE_DEBUG_INFO = INCLUDE_SOURCE;
				MTL_FAST_MATH = YES;
				PRODUCT_BUNDLE_IDENTIFIER = com.apple.uk.org.marginal.qlvideo;
				PRODUCT_NAME = "$(TARGET_NAME)";
				PROVISIONING_PROFILE_SPECIFIER = "";
				SWIFT_OBJC_BRIDGING_HEADER = "app/snapshotter-bridge.h";
			};
			name = Debug;
		};
		AB49FB7C292276A100B126C0 /* Release */ = {
			isa = XCBuildConfiguration;
			buildSettings = {
				ASSETCATALOG_COMPILER_APPICON_NAME = AppIcon;
				CODE_SIGN_ENTITLEMENTS = app/QuickLookVideo.entitlements;
				DEVELOPMENT_ASSET_PATHS = "";
				INFOPLIST_FILE = app/Info.plist;
				INFOPLIST_KEY_CFBundleDisplayName = "QuickLook Video";
				INFOPLIST_KEY_LSApplicationCategoryType = "public.app-category.video";
				INFOPLIST_KEY_NSMainStoryboardFile = Main;
				LD_RUNPATH_SEARCH_PATHS = (
					"$(inherited)",
					"@executable_path/../Frameworks",
				);
				MTL_ENABLE_DEBUG_INFO = NO;
				MTL_FAST_MATH = YES;
				PRODUCT_BUNDLE_IDENTIFIER = com.apple.uk.org.marginal.qlvideo;
				PRODUCT_NAME = "$(TARGET_NAME)";
				PROVISIONING_PROFILE_SPECIFIER = "";
				SWIFT_OBJC_BRIDGING_HEADER = "app/snapshotter-bridge.h";
			};
			name = Release;
		};
		AB535D4E1EDC390C00ECB0CE /* Debug */ = {
			isa = XCBuildConfiguration;
			buildSettings = {
				PRODUCT_BUNDLE_IDENTIFIER = com.apple.uk.org.marginal.qlvideo;
			};
			name = Debug;
		};
		AB535D4F1EDC390C00ECB0CE /* Release */ = {
			isa = XCBuildConfiguration;
			buildSettings = {
				PRODUCT_BUNDLE_IDENTIFIER = com.apple.uk.org.marginal.qlvideo;
			};
			name = Release;
		};
		AB57AADA2D344DDF00E785D8 /* Debug */ = {
			isa = XCBuildConfiguration;
			buildSettings = {
				CODE_SIGN_ENTITLEMENTS = thumbnailer/thumbnailer.entitlements;
				INFOPLIST_FILE = thumbnailer/Info.plist;
				INFOPLIST_KEY_CFBundleDisplayName = "Video thumbnails";
				LD_RUNPATH_SEARCH_PATHS = (
					"$(inherited)",
					"@executable_path/../../../../Frameworks",
				);
				LOCALIZATION_PREFERS_STRING_CATALOGS = YES;
				PRODUCT_BUNDLE_IDENTIFIER = com.apple.uk.org.marginal.qlvideo.thumbnailer;
				PRODUCT_NAME = "QLVideo Thumbnailer";
				SWIFT_EMIT_LOC_STRINGS = YES;
				SWIFT_OBJC_BRIDGING_HEADER = "thumbnailer/thumbnailer-bridge.h";
			};
			name = Debug;
		};
		AB57AADB2D344DDF00E785D8 /* Release */ = {
			isa = XCBuildConfiguration;
			buildSettings = {
				CODE_SIGN_ENTITLEMENTS = thumbnailer/thumbnailer.entitlements;
				INFOPLIST_FILE = thumbnailer/Info.plist;
				INFOPLIST_KEY_CFBundleDisplayName = "Video thumbnails";
				LD_RUNPATH_SEARCH_PATHS = (
					"$(inherited)",
					"@executable_path/../../../../Frameworks",
				);
				LOCALIZATION_PREFERS_STRING_CATALOGS = YES;
				PRODUCT_BUNDLE_IDENTIFIER = com.apple.uk.org.marginal.qlvideo.thumbnailer;
				PRODUCT_NAME = "QLVideo Thumbnailer";
				SWIFT_EMIT_LOC_STRINGS = YES;
				SWIFT_OBJC_BRIDGING_HEADER = "thumbnailer/thumbnailer-bridge.h";
			};
			name = Release;
		};
		AB66470F261A88C800D23514 /* Debug */ = {
			isa = XCBuildConfiguration;
			buildSettings = {
				ALWAYS_SEARCH_USER_PATHS = NO;
				CLANG_ANALYZER_NONNULL = YES;
				CLANG_ANALYZER_NUMBER_OBJECT_CONVERSION = YES_AGGRESSIVE;
				CLANG_CXX_LANGUAGE_STANDARD = "gnu++14";
				CLANG_ENABLE_OBJC_WEAK = YES;
				CLANG_WARN_DOCUMENTATION_COMMENTS = YES;
				CLANG_WARN_UNGUARDED_AVAILABILITY = YES_AGGRESSIVE;
				COPY_PHASE_STRIP = NO;
				DEBUGGING_SYMBOLS = YES;
				DEBUG_INFORMATION_FORMAT = dwarf;
				GCC_C_LANGUAGE_STANDARD = gnu11;
				GCC_DYNAMIC_NO_PIC = NO;
				GCC_GENERATE_DEBUGGING_SYMBOLS = YES;
				GCC_OPTIMIZATION_LEVEL = 0;
				MTL_ENABLE_DEBUG_INFO = INCLUDE_SOURCE;
				MTL_FAST_MATH = YES;
				OTHER_CFLAGS = "";
				OTHER_LDFLAGS = "";
				PRODUCT_NAME = "$(TARGET_NAME)";
			};
			name = Debug;
		};
		AB664710261A88C800D23514 /* Release */ = {
			isa = XCBuildConfiguration;
			buildSettings = {
				ALWAYS_SEARCH_USER_PATHS = NO;
				CLANG_ANALYZER_NONNULL = YES;
				CLANG_ANALYZER_NUMBER_OBJECT_CONVERSION = YES_AGGRESSIVE;
				CLANG_CXX_LANGUAGE_STANDARD = "gnu++14";
				CLANG_ENABLE_OBJC_WEAK = YES;
				CLANG_WARN_DOCUMENTATION_COMMENTS = YES;
				CLANG_WARN_UNGUARDED_AVAILABILITY = YES_AGGRESSIVE;
				COPY_PHASE_STRIP = NO;
				DEBUG_INFORMATION_FORMAT = "dwarf-with-dsym";
				GCC_C_LANGUAGE_STANDARD = gnu11;
				MTL_ENABLE_DEBUG_INFO = NO;
				MTL_FAST_MATH = YES;
				OTHER_CFLAGS = "";
				OTHER_LDFLAGS = "";
				PRODUCT_NAME = "$(TARGET_NAME)";
			};
			name = Release;
		};
		AB9FB5871965DD7200D39647 /* Debug */ = {
			isa = XCBuildConfiguration;
			buildSettings = {
				ALWAYS_SEARCH_USER_PATHS = NO;
				CLANG_ANALYZER_LOCALIZABILITY_EMPTY_CONTEXT = YES;
				CLANG_ANALYZER_LOCALIZABILITY_NONLOCALIZED = YES;
				CLANG_ANALYZER_NONNULL = YES;
				CLANG_ANALYZER_NUMBER_OBJECT_CONVERSION = YES_AGGRESSIVE;
				CLANG_CXX_LANGUAGE_STANDARD = "gnu++20";
				CLANG_ENABLE_MODULES = YES;
				CLANG_ENABLE_OBJC_ARC = YES;
				CLANG_ENABLE_OBJC_WEAK = YES;
				CLANG_WARN_BLOCK_CAPTURE_AUTORELEASING = YES;
				CLANG_WARN_BOOL_CONVERSION = YES;
				CLANG_WARN_COMMA = YES;
				CLANG_WARN_CONSTANT_CONVERSION = YES;
				CLANG_WARN_DEPRECATED_OBJC_IMPLEMENTATIONS = YES;
				CLANG_WARN_DIRECT_OBJC_ISA_USAGE = YES_ERROR;
				CLANG_WARN_EMPTY_BODY = YES;
				CLANG_WARN_ENUM_CONVERSION = YES;
				CLANG_WARN_INFINITE_RECURSION = YES;
				CLANG_WARN_INT_CONVERSION = YES;
				CLANG_WARN_NON_LITERAL_NULL_CONVERSION = YES;
				CLANG_WARN_OBJC_IMPLICIT_RETAIN_SELF = YES;
				CLANG_WARN_OBJC_LITERAL_CONVERSION = YES;
				CLANG_WARN_OBJC_ROOT_CLASS = YES_ERROR;
				CLANG_WARN_QUOTED_INCLUDE_IN_FRAMEWORK_HEADER = YES;
				CLANG_WARN_RANGE_LOOP_ANALYSIS = YES;
				CLANG_WARN_STRICT_PROTOTYPES = YES;
				CLANG_WARN_SUSPICIOUS_MOVE = YES;
				CLANG_WARN_UNGUARDED_AVAILABILITY = YES_AGGRESSIVE;
				CLANG_WARN_UNREACHABLE_CODE = YES;
				CLANG_WARN__DUPLICATE_METHOD_MATCH = YES;
				CODE_SIGN_IDENTITY = "-";
				COMBINE_HIDPI_IMAGES = YES;
				COPY_PHASE_STRIP = NO;
				CURRENT_PROJECT_VERSION = 2.2.0;
				DEAD_CODE_STRIPPING = YES;
				DEBUG_INFORMATION_FORMAT = dwarf;
				DEVELOPMENT_TEAM = "";
				ENABLE_HARDENED_RUNTIME = YES;
				ENABLE_STRICT_OBJC_MSGSEND = YES;
				ENABLE_TESTABILITY = YES;
				GCC_C_LANGUAGE_STANDARD = gnu17;
				GCC_NO_COMMON_BLOCKS = YES;
				GCC_OPTIMIZATION_LEVEL = 0;
				GCC_PREPROCESSOR_DEFINITIONS = (
					"DEBUG=1",
					"$(inherited)",
				);
				GCC_WARN_64_TO_32_BIT_CONVERSION = YES;
				GCC_WARN_ABOUT_MISSING_NEWLINE = YES;
				GCC_WARN_ABOUT_RETURN_TYPE = YES_ERROR;
				GCC_WARN_UNDECLARED_SELECTOR = YES;
				GCC_WARN_UNINITIALIZED_AUTOS = YES_AGGRESSIVE;
				GCC_WARN_UNUSED_FUNCTION = YES;
				GCC_WARN_UNUSED_VARIABLE = YES;
				HEADER_SEARCH_PATHS = (
					"$(BUILT_PRODUCTS_DIR)/universal/include",
					ffmpeg,
				);
				INFOPLIST_KEY_NSHumanReadableCopyright = "© 2014-2025 Jonathan Harris. Licensed under GPLv2 or later.";
				LIBRARY_SEARCH_PATHS = "$(BUILT_PRODUCTS_DIR)/universal/lib";
				MACOSX_DEPLOYMENT_TARGET = 12.0;
				MARKETING_VERSION = 2.20;
				MTL_ENABLE_DEBUG_INFO = INCLUDE_SOURCE;
				MTL_FAST_MATH = YES;
				ONLY_ACTIVE_ARCH = NO;
				SDKROOT = macosx;
				SWIFT_ACTIVE_COMPILATION_CONDITIONS = DEBUG;
				SWIFT_EMIT_LOC_STRINGS = YES;
				SWIFT_OPTIMIZATION_LEVEL = "-Onone";
				SWIFT_VERSION = 5.0;
			};
			name = Debug;
		};
		AB9FB5881965DD7200D39647 /* Release */ = {
			isa = XCBuildConfiguration;
			buildSettings = {
				ALWAYS_SEARCH_USER_PATHS = NO;
				CLANG_ANALYZER_LOCALIZABILITY_EMPTY_CONTEXT = YES;
				CLANG_ANALYZER_LOCALIZABILITY_NONLOCALIZED = YES;
				CLANG_ANALYZER_NONNULL = YES;
				CLANG_ANALYZER_NUMBER_OBJECT_CONVERSION = YES_AGGRESSIVE;
				CLANG_CXX_LANGUAGE_STANDARD = "gnu++20";
				CLANG_ENABLE_MODULES = YES;
				CLANG_ENABLE_OBJC_ARC = YES;
				CLANG_ENABLE_OBJC_WEAK = YES;
				CLANG_WARN_BLOCK_CAPTURE_AUTORELEASING = YES;
				CLANG_WARN_BOOL_CONVERSION = YES;
				CLANG_WARN_COMMA = YES;
				CLANG_WARN_CONSTANT_CONVERSION = YES;
				CLANG_WARN_DEPRECATED_OBJC_IMPLEMENTATIONS = YES;
				CLANG_WARN_DIRECT_OBJC_ISA_USAGE = YES_ERROR;
				CLANG_WARN_EMPTY_BODY = YES;
				CLANG_WARN_ENUM_CONVERSION = YES;
				CLANG_WARN_INFINITE_RECURSION = YES;
				CLANG_WARN_INT_CONVERSION = YES;
				CLANG_WARN_NON_LITERAL_NULL_CONVERSION = YES;
				CLANG_WARN_OBJC_IMPLICIT_RETAIN_SELF = YES;
				CLANG_WARN_OBJC_LITERAL_CONVERSION = YES;
				CLANG_WARN_OBJC_ROOT_CLASS = YES_ERROR;
				CLANG_WARN_QUOTED_INCLUDE_IN_FRAMEWORK_HEADER = YES;
				CLANG_WARN_RANGE_LOOP_ANALYSIS = YES;
				CLANG_WARN_STRICT_PROTOTYPES = YES;
				CLANG_WARN_SUSPICIOUS_MOVE = YES;
				CLANG_WARN_UNGUARDED_AVAILABILITY = YES_AGGRESSIVE;
				CLANG_WARN_UNREACHABLE_CODE = YES;
				CLANG_WARN__DUPLICATE_METHOD_MATCH = YES;
				CODE_SIGN_IDENTITY = "-";
				CODE_SIGN_INJECT_BASE_ENTITLEMENTS = NO;
				COMBINE_HIDPI_IMAGES = YES;
				COPY_PHASE_STRIP = NO;
				CURRENT_PROJECT_VERSION = 2.2.0;
				DEAD_CODE_STRIPPING = YES;
				DEBUG_INFORMATION_FORMAT = "dwarf-with-dsym";
				DEVELOPMENT_TEAM = "";
				ENABLE_HARDENED_RUNTIME = YES;
				ENABLE_NS_ASSERTIONS = NO;
				ENABLE_STRICT_OBJC_MSGSEND = YES;
				GCC_C_LANGUAGE_STANDARD = gnu17;
				GCC_NO_COMMON_BLOCKS = YES;
				GCC_WARN_64_TO_32_BIT_CONVERSION = YES;
				GCC_WARN_ABOUT_MISSING_NEWLINE = YES;
				GCC_WARN_ABOUT_RETURN_TYPE = YES_ERROR;
				GCC_WARN_UNDECLARED_SELECTOR = YES;
				GCC_WARN_UNINITIALIZED_AUTOS = YES_AGGRESSIVE;
				GCC_WARN_UNUSED_FUNCTION = YES;
				GCC_WARN_UNUSED_VARIABLE = YES;
				HEADER_SEARCH_PATHS = (
					"$(BUILT_PRODUCTS_DIR)/universal/include",
					ffmpeg,
				);
				INFOPLIST_KEY_NSHumanReadableCopyright = "© 2014-2025 Jonathan Harris. Licensed under GPLv2 or later.";
				LIBRARY_SEARCH_PATHS = "$(BUILT_PRODUCTS_DIR)/universal/lib";
				MACOSX_DEPLOYMENT_TARGET = 12.0;
				MARKETING_VERSION = 2.20;
				MTL_ENABLE_DEBUG_INFO = NO;
				MTL_FAST_MATH = YES;
				ONLY_ACTIVE_ARCH = NO;
				OTHER_CODE_SIGN_FLAGS = "--timestamp";
				SDKROOT = macosx;
				SWIFT_COMPILATION_MODE = wholemodule;
				SWIFT_EMIT_LOC_STRINGS = YES;
				SWIFT_OPTIMIZATION_LEVEL = "-O";
				SWIFT_VERSION = 5.0;
			};
			name = Release;
		};
		AB9FB58A1965DD7200D39647 /* Debug */ = {
			isa = XCBuildConfiguration;
			buildSettings = {
				COMBINE_HIDPI_IMAGES = YES;
				INFOPLIST_FILE = mdimporter/Info.plist;
				INFOPLIST_KEY_CFBundleDisplayName = "QuickLook Video metadata";
				INSTALL_PATH = "${LOCAL_LIBRARY_DIR}/Spotlight";
				LIBRARY_STYLE = BUNDLE;
				PRODUCT_BUNDLE_IDENTIFIER = com.apple.uk.org.marginal.qlvideo.mdimporter;
				PRODUCT_NAME = Video;
				WRAPPER_EXTENSION = mdimporter;
			};
			name = Debug;
		};
		AB9FB58B1965DD7200D39647 /* Release */ = {
			isa = XCBuildConfiguration;
			buildSettings = {
				COMBINE_HIDPI_IMAGES = YES;
				INFOPLIST_FILE = mdimporter/Info.plist;
				INFOPLIST_KEY_CFBundleDisplayName = "QuickLook Video metadata";
				INSTALL_PATH = "${LOCAL_LIBRARY_DIR}/Spotlight";
				LIBRARY_STYLE = BUNDLE;
				PRODUCT_BUNDLE_IDENTIFIER = com.apple.uk.org.marginal.qlvideo.mdimporter;
				PRODUCT_NAME = Video;
				WRAPPER_EXTENSION = mdimporter;
			};
			name = Release;
		};
		ABE69D352D2A350700CE6C69 /* Debug */ = {
			isa = XCBuildConfiguration;
			buildSettings = {
				ASSETCATALOG_COMPILER_GENERATE_SWIFT_ASSET_SYMBOL_EXTENSIONS = YES;
				CLANG_WARN_DOCUMENTATION_COMMENTS = YES;
				CODE_SIGN_ENTITLEMENTS = previewer/previewer.entitlements;
				ENABLE_USER_SCRIPT_SANDBOXING = YES;
				GCC_DYNAMIC_NO_PIC = NO;
				GENERATE_INFOPLIST_FILE = YES;
				INFOPLIST_FILE = previewer/Info.plist;
				INFOPLIST_KEY_CFBundleDisplayName = "Video previews";
				LD_RUNPATH_SEARCH_PATHS = (
					"$(inherited)",
					"@executable_path/../../../../Frameworks",
				);
				LOCALIZATION_PREFERS_STRING_CATALOGS = YES;
				ONLY_ACTIVE_ARCH = YES;
				PRODUCT_BUNDLE_IDENTIFIER = com.apple.uk.org.marginal.qlvideo.previewer;
				PRODUCT_NAME = "QLVideo Previewer";
				SKIP_INSTALL = YES;
				SWIFT_ACTIVE_COMPILATION_CONDITIONS = "DEBUG $(inherited)";
				SWIFT_EMIT_LOC_STRINGS = YES;
				SWIFT_OBJC_BRIDGING_HEADER = "previewer/previewer-bridge.h";
				SWIFT_VERSION = 5.0;
			};
			name = Debug;
		};
		ABE69D362D2A350700CE6C69 /* Release */ = {
			isa = XCBuildConfiguration;
			buildSettings = {
				ASSETCATALOG_COMPILER_GENERATE_SWIFT_ASSET_SYMBOL_EXTENSIONS = YES;
				CLANG_WARN_DOCUMENTATION_COMMENTS = YES;
				CODE_SIGN_ENTITLEMENTS = previewer/previewer.entitlements;
				ENABLE_USER_SCRIPT_SANDBOXING = YES;
				GENERATE_INFOPLIST_FILE = YES;
				INFOPLIST_FILE = previewer/Info.plist;
				INFOPLIST_KEY_CFBundleDisplayName = "Video previews";
				LD_RUNPATH_SEARCH_PATHS = (
					"$(inherited)",
					"@executable_path/../../../../Frameworks",
				);
				LOCALIZATION_PREFERS_STRING_CATALOGS = YES;
				PRODUCT_BUNDLE_IDENTIFIER = com.apple.uk.org.marginal.qlvideo.previewer;
				PRODUCT_NAME = "QLVideo Previewer";
				SKIP_INSTALL = YES;
				SWIFT_EMIT_LOC_STRINGS = YES;
				SWIFT_OBJC_BRIDGING_HEADER = "previewer/previewer-bridge.h";
				SWIFT_VERSION = 5.0;
			};
			name = Release;
		};
/* End XCBuildConfiguration section */

/* Begin XCConfigurationList section */
		AB0527D21D294732009A809B /* Build configuration list for PBXNativeTarget "benchmark" */ = {
			isa = XCConfigurationList;
			buildConfigurations = (
				AB0527D31D294732009A809B /* Debug */,
				AB0527D41D294732009A809B /* Release */,
			);
			defaultConfigurationIsVisible = 0;
			defaultConfigurationName = Release;
		};
		AB49FB7D292276A100B126C0 /* Build configuration list for PBXNativeTarget "QuickLook Video" */ = {
			isa = XCConfigurationList;
			buildConfigurations = (
				AB49FB7B292276A100B126C0 /* Debug */,
				AB49FB7C292276A100B126C0 /* Release */,
			);
			defaultConfigurationIsVisible = 0;
			defaultConfigurationName = Release;
		};
		AB535D501EDC390C00ECB0CE /* Build configuration list for PBXLegacyTarget "ffmpeg" */ = {
			isa = XCConfigurationList;
			buildConfigurations = (
				AB535D4E1EDC390C00ECB0CE /* Debug */,
				AB535D4F1EDC390C00ECB0CE /* Release */,
			);
			defaultConfigurationIsVisible = 0;
			defaultConfigurationName = Release;
		};
		AB57AAD92D344DDF00E785D8 /* Build configuration list for PBXNativeTarget "thumbnailer" */ = {
			isa = XCConfigurationList;
			buildConfigurations = (
				AB57AADA2D344DDF00E785D8 /* Debug */,
				AB57AADB2D344DDF00E785D8 /* Release */,
			);
			defaultConfigurationIsVisible = 0;
			defaultConfigurationName = Release;
		};
		AB66470E261A88C800D23514 /* Build configuration list for PBXLegacyTarget "aom" */ = {
			isa = XCConfigurationList;
			buildConfigurations = (
				AB66470F261A88C800D23514 /* Debug */,
				AB664710261A88C800D23514 /* Release */,
			);
			defaultConfigurationIsVisible = 0;
			defaultConfigurationName = Release;
		};
		AB9FB5681965DD7200D39647 /* Build configuration list for PBXProject "QLVideo" */ = {
			isa = XCConfigurationList;
			buildConfigurations = (
				AB9FB5871965DD7200D39647 /* Debug */,
				AB9FB5881965DD7200D39647 /* Release */,
			);
			defaultConfigurationIsVisible = 0;
			defaultConfigurationName = Release;
		};
		AB9FB5891965DD7200D39647 /* Build configuration list for PBXNativeTarget "mdimporter" */ = {
			isa = XCConfigurationList;
			buildConfigurations = (
				AB9FB58A1965DD7200D39647 /* Debug */,
				AB9FB58B1965DD7200D39647 /* Release */,
			);
			defaultConfigurationIsVisible = 0;
			defaultConfigurationName = Release;
		};
		ABE69D342D2A350700CE6C69 /* Build configuration list for PBXNativeTarget "previewer" */ = {
			isa = XCConfigurationList;
			buildConfigurations = (
				ABE69D352D2A350700CE6C69 /* Debug */,
				ABE69D362D2A350700CE6C69 /* Release */,
			);
			defaultConfigurationIsVisible = 0;
			defaultConfigurationName = Release;
		};
/* End XCConfigurationList section */
	};
	rootObject = AB9FB5651965DD7200D39647 /* Project object */;
}
