// !$*UTF8*$!
{
	archiveVersion = 1;
	classes = {
	};
	objectVersion = 54;
	objects = {

/* Begin PBXBuildFile section */
		AB0527D51D294751009A809B /* bench.m in Sources */ = {isa = PBXBuildFile; fileRef = AB0527C81D2946F1009A809B /* bench.m */; };
		AB0527D61D294756009A809B /* Snapshotter.m in Sources */ = {isa = PBXBuildFile; fileRef = AB93B11A1972EBF700708B2E /* Snapshotter.m */; };
		AB0527D71D29476C009A809B /* Cocoa.framework in Frameworks */ = {isa = PBXBuildFile; fileRef = AB93B0B4196B839600708B2E /* Cocoa.framework */; };
		AB0527D81D294772009A809B /* AVFoundation.framework in Frameworks */ = {isa = PBXBuildFile; fileRef = AB2ACD9D1A696F72002411DF /* AVFoundation.framework */; };
		AB0527D91D294776009A809B /* AudioToolbox.framework in Frameworks */ = {isa = PBXBuildFile; fileRef = ABE23BD61D25914C004E9D26 /* AudioToolbox.framework */; };
		AB0527DA1D294779009A809B /* VideoToolbox.framework in Frameworks */ = {isa = PBXBuildFile; fileRef = ABE23BD11D258F6C004E9D26 /* VideoToolbox.framework */; };
		AB0527DB1D294781009A809B /* CoreMedia.framework in Frameworks */ = {isa = PBXBuildFile; fileRef = ABE23BD91D2591F8004E9D26 /* CoreMedia.framework */; };
		AB0527DC1D29478A009A809B /* libavcodec.a in Frameworks */ = {isa = PBXBuildFile; fileRef = AB7C713C19F8A4660006104E /* libavcodec.a */; };
		AB0527DD1D29478E009A809B /* libavfilter.a in Frameworks */ = {isa = PBXBuildFile; fileRef = AB7C713819F8A44D0006104E /* libavfilter.a */; };
		AB0527DE1D294790009A809B /* libavformat.a in Frameworks */ = {isa = PBXBuildFile; fileRef = AB7C713619F8A31C0006104E /* libavformat.a */; };
		AB0527DF1D294793009A809B /* libavutil.a in Frameworks */ = {isa = PBXBuildFile; fileRef = AB7C714419F8A6560006104E /* libavutil.a */; };
		AB0527E01D294796009A809B /* libswresample.a in Frameworks */ = {isa = PBXBuildFile; fileRef = AB7C714A19F8A7060006104E /* libswresample.a */; };
		AB0527E11D294799009A809B /* libswscale.a in Frameworks */ = {isa = PBXBuildFile; fileRef = AB7C714B19F8A7060006104E /* libswscale.a */; };
		AB0527E21D2947AC009A809B /* liblzma.5.dylib in Frameworks */ = {isa = PBXBuildFile; fileRef = ABBC10DE1C1DF5F600B25E28 /* liblzma.5.dylib */; };
		AB0527E31D2947BB009A809B /* libiconv.dylib in Frameworks */ = {isa = PBXBuildFile; fileRef = AB7C714819F8A6970006104E /* libiconv.dylib */; };
		AB0527E41D2947CF009A809B /* libbz2.dylib in Frameworks */ = {isa = PBXBuildFile; fileRef = AB7C714019F8A5C50006104E /* libbz2.dylib */; };
		AB0527E51D2947D1009A809B /* libz.dylib in Frameworks */ = {isa = PBXBuildFile; fileRef = AB7C714619F8A6730006104E /* libz.dylib */; };
		AB2ACD9E1A696F72002411DF /* AVFoundation.framework in Frameworks */ = {isa = PBXBuildFile; fileRef = AB2ACD9D1A696F72002411DF /* AVFoundation.framework */; };
		AB467C962625D0AF00F662CE /* QuickLookThumbnailing.framework in Frameworks */ = {isa = PBXBuildFile; fileRef = AB75CB1D261D19F2009BE894 /* QuickLookThumbnailing.framework */; };
		AB467C972625D0AF00F662CE /* Quartz.framework in Frameworks */ = {isa = PBXBuildFile; fileRef = AB75CB1F261D19F2009BE894 /* Quartz.framework */; };
		AB467C9B2625D0AF00F662CE /* ThumbnailProvider.m in Sources */ = {isa = PBXBuildFile; fileRef = AB467C9A2625D0AF00F662CE /* ThumbnailProvider.m */; };
		AB467CA02625D0AF00F662CE /* thumbnailer.appex in Embed Foundation Extensions */ = {isa = PBXBuildFile; fileRef = AB467C952625D0AF00F662CE /* thumbnailer.appex */; settings = {ATTRIBUTES = (RemoveHeadersOnCopy, ); }; };
		AB467CF22625E73500F662CE /* AudioToolbox.framework in Frameworks */ = {isa = PBXBuildFile; fileRef = ABE23BD61D25914C004E9D26 /* AudioToolbox.framework */; };
		AB467CF32625E73800F662CE /* VideoToolbox.framework in Frameworks */ = {isa = PBXBuildFile; fileRef = ABE23BD11D258F6C004E9D26 /* VideoToolbox.framework */; };
		AB467CF42625E75600F662CE /* libavcodec.a in Frameworks */ = {isa = PBXBuildFile; fileRef = AB7C713C19F8A4660006104E /* libavcodec.a */; };
		AB467CFA2625E75C00F662CE /* libavfilter.a in Frameworks */ = {isa = PBXBuildFile; fileRef = AB7C713819F8A44D0006104E /* libavfilter.a */; };
		AB467D002625E76000F662CE /* libavformat.a in Frameworks */ = {isa = PBXBuildFile; fileRef = AB7C713619F8A31C0006104E /* libavformat.a */; };
		AB467D062625E76400F662CE /* libavutil.a in Frameworks */ = {isa = PBXBuildFile; fileRef = AB7C714419F8A6560006104E /* libavutil.a */; };
		AB467D0C2625E76900F662CE /* libswresample.a in Frameworks */ = {isa = PBXBuildFile; fileRef = AB7C714A19F8A7060006104E /* libswresample.a */; };
		AB467D122625E76C00F662CE /* libswscale.a in Frameworks */ = {isa = PBXBuildFile; fileRef = AB7C714B19F8A7060006104E /* libswscale.a */; };
		AB467D182625E77100F662CE /* libaom.a in Frameworks */ = {isa = PBXBuildFile; fileRef = AB66474E261ABBB600D23514 /* libaom.a */; };
		AB467D1E2625E78300F662CE /* libbz2.dylib in Frameworks */ = {isa = PBXBuildFile; fileRef = AB7C714019F8A5C50006104E /* libbz2.dylib */; };
		AB467D1F2625E78700F662CE /* libiconv.dylib in Frameworks */ = {isa = PBXBuildFile; fileRef = AB7C714819F8A6970006104E /* libiconv.dylib */; };
		AB467D202625E78A00F662CE /* liblzma.5.dylib in Frameworks */ = {isa = PBXBuildFile; fileRef = ABBC10DE1C1DF5F600B25E28 /* liblzma.5.dylib */; };
		AB467D212625E78E00F662CE /* libz.dylib in Frameworks */ = {isa = PBXBuildFile; fileRef = AB7C714619F8A6730006104E /* libz.dylib */; };
		AB467D2C2625E8B600F662CE /* Snapshotter.m in Sources */ = {isa = PBXBuildFile; fileRef = AB93B11A1972EBF700708B2E /* Snapshotter.m */; };
		AB467D322625E90200F662CE /* CoreMedia.framework in Frameworks */ = {isa = PBXBuildFile; fileRef = ABE23BD91D2591F8004E9D26 /* CoreMedia.framework */; };
		AB49FBA22923B5DD00B126C0 /* AppDelegate.swift in Sources */ = {isa = PBXBuildFile; fileRef = AB49FB952923B5BB00B126C0 /* AppDelegate.swift */; };
		AB49FBB92923CF1C00B126C0 /* Video.mdimporter in Embed mdimporter */ = {isa = PBXBuildFile; fileRef = AB9FB56D1965DD7200D39647 /* Video.mdimporter */; settings = {ATTRIBUTES = (CodeSignOnCopy, RemoveHeadersOnCopy, ); }; };
		AB49FBBC2923D1F700B126C0 /* Video.qlgenerator in Embed qlgenerator */ = {isa = PBXBuildFile; fileRef = AB93B0F6196CA60500708B2E /* Video.qlgenerator */; settings = {ATTRIBUTES = (CodeSignOnCopy, RemoveHeadersOnCopy, ); }; };
		AB66474F261ABBCB00D23514 /* libaom.a in Frameworks */ = {isa = PBXBuildFile; fileRef = AB66474E261ABBB600D23514 /* libaom.a */; };
		AB66477D261B43B500D23514 /* libaom.a in Frameworks */ = {isa = PBXBuildFile; fileRef = AB66474E261ABBB600D23514 /* libaom.a */; };
		AB66477E261B43B600D23514 /* libaom.a in Frameworks */ = {isa = PBXBuildFile; fileRef = AB66474E261ABBB600D23514 /* libaom.a */; };
		AB7C713719F8A31C0006104E /* libavformat.a in Frameworks */ = {isa = PBXBuildFile; fileRef = AB7C713619F8A31C0006104E /* libavformat.a */; };
		AB7C713919F8A44D0006104E /* libavfilter.a in Frameworks */ = {isa = PBXBuildFile; fileRef = AB7C713819F8A44D0006104E /* libavfilter.a */; };
		AB7C713D19F8A4660006104E /* libavcodec.a in Frameworks */ = {isa = PBXBuildFile; fileRef = AB7C713C19F8A4660006104E /* libavcodec.a */; };
		AB7C714119F8A5C50006104E /* libbz2.dylib in Frameworks */ = {isa = PBXBuildFile; fileRef = AB7C714019F8A5C50006104E /* libbz2.dylib */; };
		AB7C714519F8A6560006104E /* libavutil.a in Frameworks */ = {isa = PBXBuildFile; fileRef = AB7C714419F8A6560006104E /* libavutil.a */; };
		AB7C714719F8A6730006104E /* libz.dylib in Frameworks */ = {isa = PBXBuildFile; fileRef = AB7C714619F8A6730006104E /* libz.dylib */; };
		AB7C714919F8A6970006104E /* libiconv.dylib in Frameworks */ = {isa = PBXBuildFile; fileRef = AB7C714819F8A6970006104E /* libiconv.dylib */; };
		AB7C714C19F8A7060006104E /* libswresample.a in Frameworks */ = {isa = PBXBuildFile; fileRef = AB7C714A19F8A7060006104E /* libswresample.a */; };
		AB7C714D19F8A7060006104E /* libswscale.a in Frameworks */ = {isa = PBXBuildFile; fileRef = AB7C714B19F8A7060006104E /* libswscale.a */; };
		AB7C715019F9E2A50006104E /* libavfilter.a in Frameworks */ = {isa = PBXBuildFile; fileRef = AB7C713819F8A44D0006104E /* libavfilter.a */; };
		AB7C715119F9E2A80006104E /* libavformat.a in Frameworks */ = {isa = PBXBuildFile; fileRef = AB7C713619F8A31C0006104E /* libavformat.a */; };
		AB7C715219F9E2AB0006104E /* libavcodec.a in Frameworks */ = {isa = PBXBuildFile; fileRef = AB7C713C19F8A4660006104E /* libavcodec.a */; };
		AB7C715319F9E2AE0006104E /* libswresample.a in Frameworks */ = {isa = PBXBuildFile; fileRef = AB7C714A19F8A7060006104E /* libswresample.a */; };
		AB7C715419F9E2B00006104E /* libswscale.a in Frameworks */ = {isa = PBXBuildFile; fileRef = AB7C714B19F8A7060006104E /* libswscale.a */; };
		AB7C715519F9E2B40006104E /* libavutil.a in Frameworks */ = {isa = PBXBuildFile; fileRef = AB7C714419F8A6560006104E /* libavutil.a */; };
		AB7C715619F9E2BF0006104E /* libiconv.dylib in Frameworks */ = {isa = PBXBuildFile; fileRef = AB7C714819F8A6970006104E /* libiconv.dylib */; };
		AB7C715819F9E2C60006104E /* libbz2.dylib in Frameworks */ = {isa = PBXBuildFile; fileRef = AB7C714019F8A5C50006104E /* libbz2.dylib */; };
		AB7C715919F9E2C90006104E /* libz.dylib in Frameworks */ = {isa = PBXBuildFile; fileRef = AB7C714619F8A6730006104E /* libz.dylib */; };
		AB93B0F8196CA60500708B2E /* QuickLook.framework in Frameworks */ = {isa = PBXBuildFile; fileRef = AB93B0F7196CA60500708B2E /* QuickLook.framework */; };
		AB93B105196CA60500708B2E /* GenerateThumbnailForURL.m in Sources */ = {isa = PBXBuildFile; fileRef = AB93B104196CA60500708B2E /* GenerateThumbnailForURL.m */; };
		AB93B107196CA60500708B2E /* GeneratePreviewForURL.m in Sources */ = {isa = PBXBuildFile; fileRef = AB93B106196CA60500708B2E /* GeneratePreviewForURL.m */; };
		AB93B109196CA60500708B2E /* main.m in Sources */ = {isa = PBXBuildFile; fileRef = AB93B108196CA60500708B2E /* main.m */; };
		AB93B11C1972EBF700708B2E /* Snapshotter.m in Sources */ = {isa = PBXBuildFile; fileRef = AB93B11A1972EBF700708B2E /* Snapshotter.m */; };
		AB93B11F1972EFAB00708B2E /* Cocoa.framework in Frameworks */ = {isa = PBXBuildFile; fileRef = AB93B0B4196B839600708B2E /* Cocoa.framework */; };
		AB93B1201972EFAC00708B2E /* Cocoa.framework in Frameworks */ = {isa = PBXBuildFile; fileRef = AB93B0B4196B839600708B2E /* Cocoa.framework */; };
		AB9730241A3A2C550067C886 /* Localizable.strings in Resources */ = {isa = PBXBuildFile; fileRef = AB19C82B1A3A295700A14247 /* Localizable.strings */; };
		AB9FB57F1965DD7200D39647 /* main.m in Sources */ = {isa = PBXBuildFile; fileRef = AB9FB57E1965DD7200D39647 /* main.m */; };
		AB9FB5811965DD7200D39647 /* GetMetadataForFile.m in Sources */ = {isa = PBXBuildFile; fileRef = AB9FB5801965DD7200D39647 /* GetMetadataForFile.m */; };
		ABB719E72924069600F13C24 /* Assets.xcassets in Resources */ = {isa = PBXBuildFile; fileRef = ABB719E62924069600F13C24 /* Assets.xcassets */; };
		ABB71A0B29266D3000F13C24 /* LogarithmicSlider.swift in Sources */ = {isa = PBXBuildFile; fileRef = ABB71A0A29266D3000F13C24 /* LogarithmicSlider.swift */; };
		ABBC10DF1C1DF5F600B25E28 /* liblzma.5.dylib in Frameworks */ = {isa = PBXBuildFile; fileRef = ABBC10DE1C1DF5F600B25E28 /* liblzma.5.dylib */; };
		ABBC10E01C1DF64E00B25E28 /* liblzma.5.dylib in Frameworks */ = {isa = PBXBuildFile; fileRef = ABBC10DE1C1DF5F600B25E28 /* liblzma.5.dylib */; };
		ABE23BD31D258F6C004E9D26 /* VideoToolbox.framework in Frameworks */ = {isa = PBXBuildFile; fileRef = ABE23BD11D258F6C004E9D26 /* VideoToolbox.framework */; };
		ABE23BD41D25903D004E9D26 /* VideoToolbox.framework in Frameworks */ = {isa = PBXBuildFile; fileRef = ABE23BD11D258F6C004E9D26 /* VideoToolbox.framework */; };
		ABE23BD51D259070004E9D26 /* AVFoundation.framework in Frameworks */ = {isa = PBXBuildFile; fileRef = AB2ACD9D1A696F72002411DF /* AVFoundation.framework */; };
		ABE23BD71D25914C004E9D26 /* AudioToolbox.framework in Frameworks */ = {isa = PBXBuildFile; fileRef = ABE23BD61D25914C004E9D26 /* AudioToolbox.framework */; };
		ABE23BD81D25914C004E9D26 /* AudioToolbox.framework in Frameworks */ = {isa = PBXBuildFile; fileRef = ABE23BD61D25914C004E9D26 /* AudioToolbox.framework */; };
		ABE23BDA1D2591F8004E9D26 /* CoreMedia.framework in Frameworks */ = {isa = PBXBuildFile; fileRef = ABE23BD91D2591F8004E9D26 /* CoreMedia.framework */; };
		ABE23BDB1D2591F8004E9D26 /* CoreMedia.framework in Frameworks */ = {isa = PBXBuildFile; fileRef = ABE23BD91D2591F8004E9D26 /* CoreMedia.framework */; };
		ABE461181A15A776006C89A2 /* schema.strings in Resources */ = {isa = PBXBuildFile; fileRef = ABE4610E1A15A519006C89A2 /* schema.strings */; };
		ABE504A2220757BB006202E0 /* Player.m in Sources */ = {isa = PBXBuildFile; fileRef = ABE504A1220757BB006202E0 /* Player.m */; };
		ABE504A3220757D0006202E0 /* Player.m in Sources */ = {isa = PBXBuildFile; fileRef = ABE504A1220757BB006202E0 /* Player.m */; };
		ABE72EB22937FAE4005433DF /* Main.xib in Resources */ = {isa = PBXBuildFile; fileRef = ABE72EB42937FAE4005433DF /* Main.xib */; };
		ABE72EB82938E008005433DF /* IssueView.swift in Sources */ = {isa = PBXBuildFile; fileRef = ABE72EB72938E008005433DF /* IssueView.swift */; };
		ABE72EC1293A32F2005433DF /* ffprobe in Embed Executables */ = {isa = PBXBuildFile; fileRef = ABE72EBC29392EEB005433DF /* ffprobe */; settings = {ATTRIBUTES = (CodeSignOnCopy, ); }; };
		ABE72EC3293D1DC6005433DF /* OldVersionView.swift in Sources */ = {isa = PBXBuildFile; fileRef = ABE72EC2293D1DC6005433DF /* OldVersionView.swift */; };
/* End PBXBuildFile section */

/* Begin PBXContainerItemProxy section */
		AB0FE0A929201528004026B2 /* PBXContainerItemProxy */ = {
			isa = PBXContainerItemProxy;
			containerPortal = AB9FB5651965DD7200D39647 /* Project object */;
			proxyType = 1;
			remoteGlobalIDString = AB66470D261A88C700D23514;
			remoteInfo = aom;
		};
		AB0FE0AB2920152B004026B2 /* PBXContainerItemProxy */ = {
			isa = PBXContainerItemProxy;
			containerPortal = AB9FB5651965DD7200D39647 /* Project object */;
			proxyType = 1;
			remoteGlobalIDString = AB535D4D1EDC390C00ECB0CE;
			remoteInfo = ffmpeg;
		};
		AB48E686293156B3004B2E82 /* PBXContainerItemProxy */ = {
			isa = PBXContainerItemProxy;
			containerPortal = AB9FB5651965DD7200D39647 /* Project object */;
			proxyType = 1;
			remoteGlobalIDString = AB467C942625D0AF00F662CE;
			remoteInfo = thumbnailer;
		};
		AB49FB7E2922770100B126C0 /* PBXContainerItemProxy */ = {
			isa = PBXContainerItemProxy;
			containerPortal = AB9FB5651965DD7200D39647 /* Project object */;
			proxyType = 1;
			remoteGlobalIDString = AB9FB56C1965DD7200D39647;
			remoteInfo = mdimporter;
		};
		AB49FB802922770100B126C0 /* PBXContainerItemProxy */ = {
			isa = PBXContainerItemProxy;
			containerPortal = AB9FB5651965DD7200D39647 /* Project object */;
			proxyType = 1;
			remoteGlobalIDString = AB93B0F5196CA60500708B2E;
			remoteInfo = qlgenerator;
		};
		AB535D571EDCD0BD00ECB0CE /* PBXContainerItemProxy */ = {
			isa = PBXContainerItemProxy;
			containerPortal = AB9FB5651965DD7200D39647 /* Project object */;
			proxyType = 1;
			remoteGlobalIDString = AB535D4D1EDC390C00ECB0CE;
			remoteInfo = ffmpeg;
		};
		AB535D591EDCD0C100ECB0CE /* PBXContainerItemProxy */ = {
			isa = PBXContainerItemProxy;
			containerPortal = AB9FB5651965DD7200D39647 /* Project object */;
			proxyType = 1;
			remoteGlobalIDString = AB535D4D1EDC390C00ECB0CE;
			remoteInfo = ffmpeg;
		};
		AB535D5B1EDCD0C900ECB0CE /* PBXContainerItemProxy */ = {
			isa = PBXContainerItemProxy;
			containerPortal = AB9FB5651965DD7200D39647 /* Project object */;
			proxyType = 1;
			remoteGlobalIDString = AB535D4D1EDC390C00ECB0CE;
			remoteInfo = ffmpeg;
		};
		AB66472A261AA04400D23514 /* PBXContainerItemProxy */ = {
			isa = PBXContainerItemProxy;
			containerPortal = AB9FB5651965DD7200D39647 /* Project object */;
			proxyType = 1;
			remoteGlobalIDString = AB66470D261A88C700D23514;
			remoteInfo = aom;
		};
		AB66472C261AA05C00D23514 /* PBXContainerItemProxy */ = {
			isa = PBXContainerItemProxy;
			containerPortal = AB9FB5651965DD7200D39647 /* Project object */;
			proxyType = 1;
			remoteGlobalIDString = AB66470D261A88C700D23514;
			remoteInfo = aom;
		};
		AB66472E261AA06100D23514 /* PBXContainerItemProxy */ = {
			isa = PBXContainerItemProxy;
			containerPortal = AB9FB5651965DD7200D39647 /* Project object */;
			proxyType = 1;
			remoteGlobalIDString = AB66470D261A88C700D23514;
			remoteInfo = aom;
		};
		AB664730261AA06C00D23514 /* PBXContainerItemProxy */ = {
			isa = PBXContainerItemProxy;
			containerPortal = AB9FB5651965DD7200D39647 /* Project object */;
			proxyType = 1;
			remoteGlobalIDString = AB66470D261A88C700D23514;
			remoteInfo = aom;
		};
/* End PBXContainerItemProxy section */

/* Begin PBXCopyFilesBuildPhase section */
		AB49FBB82923CECC00B126C0 /* Embed mdimporter */ = {
			isa = PBXCopyFilesBuildPhase;
			buildActionMask = 2147483647;
			dstPath = Contents/Library/Spotlight;
			dstSubfolderSpec = 1;
			files = (
				AB49FBB92923CF1C00B126C0 /* Video.mdimporter in Embed mdimporter */,
			);
			name = "Embed mdimporter";
			runOnlyForDeploymentPostprocessing = 0;
		};
		AB49FBBB2923D1EC00B126C0 /* Embed qlgenerator */ = {
			isa = PBXCopyFilesBuildPhase;
			buildActionMask = 2147483647;
			dstPath = Contents/Library/QuickLook;
			dstSubfolderSpec = 1;
			files = (
				AB49FBBC2923D1F700B126C0 /* Video.qlgenerator in Embed qlgenerator */,
			);
			name = "Embed qlgenerator";
			runOnlyForDeploymentPostprocessing = 0;
		};
		AB75CB2A261D19F3009BE894 /* Embed Foundation Extensions */ = {
			isa = PBXCopyFilesBuildPhase;
			buildActionMask = 2147483647;
			dstPath = "";
			dstSubfolderSpec = 13;
			files = (
				AB467CA02625D0AF00F662CE /* thumbnailer.appex in Embed Foundation Extensions */,
			);
			name = "Embed Foundation Extensions";
			runOnlyForDeploymentPostprocessing = 0;
		};
		ABE72EB929392E18005433DF /* Embed Executables */ = {
			isa = PBXCopyFilesBuildPhase;
			buildActionMask = 2147483647;
			dstPath = "";
			dstSubfolderSpec = 6;
			files = (
				ABE72EC1293A32F2005433DF /* ffprobe in Embed Executables */,
			);
			name = "Embed Executables";
			runOnlyForDeploymentPostprocessing = 0;
		};
/* End PBXCopyFilesBuildPhase section */

/* Begin PBXFileReference section */
		AB00C5C81A682EF800D71399 /* de */ = {isa = PBXFileReference; lastKnownFileType = text.plist.strings; name = de; path = de.lproj/schema.strings; sourceTree = "<group>"; };
		AB00C5CA1A682F6800D71399 /* nl */ = {isa = PBXFileReference; lastKnownFileType = text.plist.strings; name = nl; path = nl.lproj/schema.strings; sourceTree = "<group>"; };
		AB00C5CB1A682F7200D71399 /* el */ = {isa = PBXFileReference; lastKnownFileType = text.plist.strings; name = el; path = el.lproj/schema.strings; sourceTree = "<group>"; };
		AB00C5CC1A682F9400D71399 /* de */ = {isa = PBXFileReference; lastKnownFileType = text.plist.strings; name = de; path = de.lproj/Localizable.strings; sourceTree = "<group>"; };
		AB00C5D11A682FAF00D71399 /* nl */ = {isa = PBXFileReference; lastKnownFileType = text.plist.strings; name = nl; path = nl.lproj/Localizable.strings; sourceTree = "<group>"; };
		AB00C5D21A682FB700D71399 /* el */ = {isa = PBXFileReference; lastKnownFileType = text.plist.strings; name = el; path = el.lproj/Localizable.strings; sourceTree = "<group>"; };
		AB0527C81D2946F1009A809B /* bench.m */ = {isa = PBXFileReference; fileEncoding = 4; lastKnownFileType = sourcecode.c.objc; path = bench.m; sourceTree = "<group>"; };
		AB0527CE1D294732009A809B /* benchmark */ = {isa = PBXFileReference; explicitFileType = "compiled.mach-o.executable"; includeInIndex = 0; path = benchmark; sourceTree = BUILT_PRODUCTS_DIR; };
		AB0B80BF1EED41F1008A22DC /* cs */ = {isa = PBXFileReference; lastKnownFileType = text.plist.strings; name = cs; path = cs.lproj/schema.strings; sourceTree = "<group>"; };
		AB0B80C11EED4204008A22DC /* ru */ = {isa = PBXFileReference; lastKnownFileType = text.plist.strings; name = ru; path = ru.lproj/schema.strings; sourceTree = "<group>"; };
		AB0B80C21EED4215008A22DC /* cs */ = {isa = PBXFileReference; lastKnownFileType = text.plist.strings; name = cs; path = cs.lproj/Localizable.strings; sourceTree = "<group>"; };
		AB0B80C41EED4220008A22DC /* ru */ = {isa = PBXFileReference; lastKnownFileType = text.plist.strings; name = ru; path = ru.lproj/Localizable.strings; sourceTree = "<group>"; };
		AB0E0D3C1A15B0300056CC24 /* fr */ = {isa = PBXFileReference; lastKnownFileType = text.plist.strings; name = fr; path = fr.lproj/schema.strings; sourceTree = "<group>"; };
		AB0E0D3D1A15B03B0056CC24 /* it */ = {isa = PBXFileReference; lastKnownFileType = text.plist.strings; name = it; path = it.lproj/schema.strings; sourceTree = "<group>"; };
		AB17CCF4291E954B002A80AB /* include */ = {isa = PBXFileReference; lastKnownFileType = text; name = include; path = universal/include; sourceTree = BUILT_PRODUCTS_DIR; };
		AB19C82C1A3A295700A14247 /* en */ = {isa = PBXFileReference; lastKnownFileType = text.plist.strings; name = en; path = en.lproj/Localizable.strings; sourceTree = "<group>"; };
		AB19C82E1A3A29FC00A14247 /* fr */ = {isa = PBXFileReference; lastKnownFileType = text.plist.strings; name = fr; path = fr.lproj/Localizable.strings; sourceTree = "<group>"; };
		AB19C8301A3A2A7F00A14247 /* it */ = {isa = PBXFileReference; lastKnownFileType = text.plist.strings; name = it; path = it.lproj/Localizable.strings; sourceTree = "<group>"; };
		AB19C8311A3A2AB200A14247 /* sv */ = {isa = PBXFileReference; lastKnownFileType = text.plist.strings; name = sv; path = sv.lproj/Localizable.strings; sourceTree = "<group>"; };
		AB2ACD9D1A696F72002411DF /* AVFoundation.framework */ = {isa = PBXFileReference; lastKnownFileType = wrapper.framework; name = AVFoundation.framework; path = System/Library/Frameworks/AVFoundation.framework; sourceTree = SDKROOT; };
		AB467C952625D0AF00F662CE /* thumbnailer.appex */ = {isa = PBXFileReference; explicitFileType = "wrapper.app-extension"; includeInIndex = 0; path = thumbnailer.appex; sourceTree = BUILT_PRODUCTS_DIR; };
		AB467C992625D0AF00F662CE /* ThumbnailProvider.h */ = {isa = PBXFileReference; lastKnownFileType = sourcecode.c.h; path = ThumbnailProvider.h; sourceTree = "<group>"; };
		AB467C9A2625D0AF00F662CE /* ThumbnailProvider.m */ = {isa = PBXFileReference; lastKnownFileType = sourcecode.c.objc; path = ThumbnailProvider.m; sourceTree = "<group>"; };
		AB467C9C2625D0AF00F662CE /* Info.plist */ = {isa = PBXFileReference; lastKnownFileType = text.plist.xml; path = Info.plist; sourceTree = "<group>"; };
		AB467C9D2625D0AF00F662CE /* thumbnailer.entitlements */ = {isa = PBXFileReference; lastKnownFileType = text.plist.entitlements; path = thumbnailer.entitlements; sourceTree = "<group>"; };
		AB49FB6F2922769F00B126C0 /* QuickLook Video.app */ = {isa = PBXFileReference; explicitFileType = wrapper.application; includeInIndex = 0; path = "QuickLook Video.app"; sourceTree = BUILT_PRODUCTS_DIR; };
		AB49FB7A292276A100B126C0 /* QuickLookVideo.entitlements */ = {isa = PBXFileReference; lastKnownFileType = text.plist.entitlements; path = QuickLookVideo.entitlements; sourceTree = "<group>"; };
		AB49FB952923B5BB00B126C0 /* AppDelegate.swift */ = {isa = PBXFileReference; lastKnownFileType = sourcecode.swift; path = AppDelegate.swift; sourceTree = "<group>"; };
		AB54B962217F425D00558403 /* pt-PT */ = {isa = PBXFileReference; lastKnownFileType = text.plist.strings; name = "pt-PT"; path = "pt-PT.lproj/schema.strings"; sourceTree = "<group>"; };
		AB54B963217F42B000558403 /* pt-PT */ = {isa = PBXFileReference; lastKnownFileType = text.plist.strings; name = "pt-PT"; path = "pt-PT.lproj/Localizable.strings"; sourceTree = "<group>"; };
		AB66474E261ABBB600D23514 /* libaom.a */ = {isa = PBXFileReference; explicitFileType = archive.ar; name = libaom.a; path = universal/lib/libaom.a; sourceTree = BUILT_PRODUCTS_DIR; };
		AB75CB1D261D19F2009BE894 /* QuickLookThumbnailing.framework */ = {isa = PBXFileReference; lastKnownFileType = wrapper.framework; name = QuickLookThumbnailing.framework; path = System/Library/Frameworks/QuickLookThumbnailing.framework; sourceTree = SDKROOT; };
		AB75CB1F261D19F2009BE894 /* Quartz.framework */ = {isa = PBXFileReference; lastKnownFileType = wrapper.framework; name = Quartz.framework; path = System/Library/Frameworks/Quartz.framework; sourceTree = SDKROOT; };
		AB7C713619F8A31C0006104E /* libavformat.a */ = {isa = PBXFileReference; explicitFileType = archive.ar; name = libavformat.a; path = universal/lib/libavformat.a; sourceTree = BUILT_PRODUCTS_DIR; };
		AB7C713819F8A44D0006104E /* libavfilter.a */ = {isa = PBXFileReference; explicitFileType = archive.ar; name = libavfilter.a; path = universal/lib/libavfilter.a; sourceTree = BUILT_PRODUCTS_DIR; };
		AB7C713C19F8A4660006104E /* libavcodec.a */ = {isa = PBXFileReference; explicitFileType = archive.ar; name = libavcodec.a; path = universal/lib/libavcodec.a; sourceTree = BUILT_PRODUCTS_DIR; };
		AB7C714019F8A5C50006104E /* libbz2.dylib */ = {isa = PBXFileReference; lastKnownFileType = "compiled.mach-o.dylib"; name = libbz2.dylib; path = /usr/lib/libbz2.dylib; sourceTree = "<absolute>"; };
		AB7C714419F8A6560006104E /* libavutil.a */ = {isa = PBXFileReference; explicitFileType = archive.ar; name = libavutil.a; path = universal/lib/libavutil.a; sourceTree = BUILT_PRODUCTS_DIR; };
		AB7C714619F8A6730006104E /* libz.dylib */ = {isa = PBXFileReference; lastKnownFileType = "compiled.mach-o.dylib"; name = libz.dylib; path = /usr/lib/libz.dylib; sourceTree = "<absolute>"; };
		AB7C714819F8A6970006104E /* libiconv.dylib */ = {isa = PBXFileReference; lastKnownFileType = "compiled.mach-o.dylib"; name = libiconv.dylib; path = /usr/lib/libiconv.dylib; sourceTree = "<absolute>"; };
		AB7C714A19F8A7060006104E /* libswresample.a */ = {isa = PBXFileReference; explicitFileType = archive.ar; name = libswresample.a; path = universal/lib/libswresample.a; sourceTree = BUILT_PRODUCTS_DIR; };
		AB7C714B19F8A7060006104E /* libswscale.a */ = {isa = PBXFileReference; explicitFileType = archive.ar; name = libswscale.a; path = universal/lib/libswscale.a; sourceTree = BUILT_PRODUCTS_DIR; };
		AB8277781A7523F300F1D9F4 /* ca */ = {isa = PBXFileReference; lastKnownFileType = text.plist.strings; name = ca; path = ca.lproj/schema.strings; sourceTree = "<group>"; };
		AB82777A1A7523FC00F1D9F4 /* ca */ = {isa = PBXFileReference; lastKnownFileType = text.plist.strings; name = ca; path = ca.lproj/Localizable.strings; sourceTree = "<group>"; };
		AB93B0B4196B839600708B2E /* Cocoa.framework */ = {isa = PBXFileReference; lastKnownFileType = wrapper.framework; name = Cocoa.framework; path = System/Library/Frameworks/Cocoa.framework; sourceTree = SDKROOT; };
		AB93B0F6196CA60500708B2E /* Video.qlgenerator */ = {isa = PBXFileReference; explicitFileType = wrapper.cfbundle; includeInIndex = 0; path = Video.qlgenerator; sourceTree = BUILT_PRODUCTS_DIR; };
		AB93B0F7196CA60500708B2E /* QuickLook.framework */ = {isa = PBXFileReference; lastKnownFileType = wrapper.framework; name = QuickLook.framework; path = System/Library/Frameworks/QuickLook.framework; sourceTree = SDKROOT; };
		AB93B0F9196CA60500708B2E /* ApplicationServices.framework */ = {isa = PBXFileReference; lastKnownFileType = wrapper.framework; name = ApplicationServices.framework; path = System/Library/Frameworks/ApplicationServices.framework; sourceTree = SDKROOT; };
		AB93B0FB196CA60500708B2E /* CoreServices.framework */ = {isa = PBXFileReference; lastKnownFileType = wrapper.framework; name = CoreServices.framework; path = System/Library/Frameworks/CoreServices.framework; sourceTree = SDKROOT; };
		AB93B104196CA60500708B2E /* GenerateThumbnailForURL.m */ = {isa = PBXFileReference; lastKnownFileType = sourcecode.c.objc; path = GenerateThumbnailForURL.m; sourceTree = "<group>"; };
		AB93B106196CA60500708B2E /* GeneratePreviewForURL.m */ = {isa = PBXFileReference; lastKnownFileType = sourcecode.c.objc; path = GeneratePreviewForURL.m; sourceTree = "<group>"; };
		AB93B108196CA60500708B2E /* main.m */ = {isa = PBXFileReference; lastKnownFileType = sourcecode.c.objc; path = main.m; sourceTree = "<group>"; };
		AB93B10E196CA7EE00708B2E /* Info.plist */ = {isa = PBXFileReference; fileEncoding = 4; lastKnownFileType = text.plist.xml; path = Info.plist; sourceTree = "<group>"; };
		AB93B1191972EBF700708B2E /* Snapshotter.h */ = {isa = PBXFileReference; fileEncoding = 4; lastKnownFileType = sourcecode.c.h; path = Snapshotter.h; sourceTree = "<group>"; };
		AB93B11A1972EBF700708B2E /* Snapshotter.m */ = {isa = PBXFileReference; fileEncoding = 4; lastKnownFileType = sourcecode.c.objc; path = Snapshotter.m; sourceTree = "<group>"; };
		AB96EE6B2183810500694152 /* ko */ = {isa = PBXFileReference; lastKnownFileType = text.plist.strings; name = ko; path = ko.lproj/schema.strings; sourceTree = "<group>"; };
		AB96EE6C2183811800694152 /* ko */ = {isa = PBXFileReference; lastKnownFileType = text.plist.strings; name = ko; path = ko.lproj/Localizable.strings; sourceTree = "<group>"; };
		AB9730211A3A2BB00067C886 /* ja */ = {isa = PBXFileReference; lastKnownFileType = text.plist.strings; name = ja; path = ja.lproj/Localizable.strings; sourceTree = "<group>"; };
		AB9730221A3A2BF40067C886 /* es */ = {isa = PBXFileReference; lastKnownFileType = text.plist.strings; name = es; path = es.lproj/Localizable.strings; sourceTree = "<group>"; };
		AB97CDD21A3A059C005FECB1 /* es */ = {isa = PBXFileReference; lastKnownFileType = text.plist.strings; name = es; path = es.lproj/schema.strings; sourceTree = "<group>"; };
		AB9846DC196B790F00AF6349 /* Info.plist */ = {isa = PBXFileReference; lastKnownFileType = text.plist.xml; path = Info.plist; sourceTree = "<group>"; };
		AB9FB56D1965DD7200D39647 /* Video.mdimporter */ = {isa = PBXFileReference; explicitFileType = wrapper.cfbundle; includeInIndex = 0; path = Video.mdimporter; sourceTree = BUILT_PRODUCTS_DIR; };
		AB9FB5721965DD7200D39647 /* CoreFoundation.framework */ = {isa = PBXFileReference; lastKnownFileType = wrapper.framework; name = CoreFoundation.framework; path = System/Library/Frameworks/CoreFoundation.framework; sourceTree = SDKROOT; };
		AB9FB5761965DD7200D39647 /* Foundation.framework */ = {isa = PBXFileReference; lastKnownFileType = wrapper.framework; name = Foundation.framework; path = System/Library/Frameworks/Foundation.framework; sourceTree = SDKROOT; };
		AB9FB57E1965DD7200D39647 /* main.m */ = {isa = PBXFileReference; lastKnownFileType = sourcecode.c.objc; path = main.m; sourceTree = "<group>"; };
		AB9FB5801965DD7200D39647 /* GetMetadataForFile.m */ = {isa = PBXFileReference; lastKnownFileType = sourcecode.c.objc; path = GetMetadataForFile.m; sourceTree = "<group>"; };
		AB9FB58C1965DF0700D39647 /* Info.plist */ = {isa = PBXFileReference; fileEncoding = 4; lastKnownFileType = text.plist.xml; path = Info.plist; sourceTree = "<group>"; };
		ABB1A29A1A1C358500EEF82B /* buildschema */ = {isa = PBXFileReference; explicitFileType = text.script.sh; fileEncoding = 4; path = buildschema; sourceTree = "<group>"; };
		ABB1A29C1A1C392400EEF82B /* schema.xml */ = {isa = PBXFileReference; explicitFileType = text.xml; fileEncoding = 4; name = schema.xml; path = Video.mdimporter/Contents/Resources/schema.xml; sourceTree = BUILT_PRODUCTS_DIR; };
		ABB719E62924069600F13C24 /* Assets.xcassets */ = {isa = PBXFileReference; lastKnownFileType = folder.assetcatalog; path = Assets.xcassets; sourceTree = "<group>"; };
		ABB71A0A29266D3000F13C24 /* LogarithmicSlider.swift */ = {isa = PBXFileReference; lastKnownFileType = sourcecode.swift; path = LogarithmicSlider.swift; sourceTree = "<group>"; };
		ABB8CF531A1C798B00CF242E /* sv */ = {isa = PBXFileReference; lastKnownFileType = text.plist.strings; name = sv; path = sv.lproj/schema.strings; sourceTree = "<group>"; };
		ABBC10DE1C1DF5F600B25E28 /* liblzma.5.dylib */ = {isa = PBXFileReference; lastKnownFileType = "compiled.mach-o.dylib"; name = liblzma.5.dylib; path = /usr/lib/liblzma.5.dylib; sourceTree = "<absolute>"; };
		ABC22D232070E05200A2D884 /* hu */ = {isa = PBXFileReference; lastKnownFileType = text.plist.strings; name = hu; path = hu.lproj/schema.strings; sourceTree = "<group>"; };
		ABC22D242070E06900A2D884 /* hu */ = {isa = PBXFileReference; lastKnownFileType = text.plist.strings; name = hu; path = hu.lproj/Localizable.strings; sourceTree = "<group>"; };
		ABC8EDC22931900D00F97C3C /* buildstrings */ = {isa = PBXFileReference; explicitFileType = text.script.sh; path = buildstrings; sourceTree = "<group>"; };
		ABC8EE07293273ED00F97C3C /* en */ = {isa = PBXFileReference; lastKnownFileType = text.plist.strings; name = en; path = en.lproj/Main.strings; sourceTree = "<group>"; };
		ABC8EE082932741000F97C3C /* fr */ = {isa = PBXFileReference; lastKnownFileType = text.plist.strings; name = fr; path = fr.lproj/Main.strings; sourceTree = "<group>"; };
		ABC8EE0929328A4D00F97C3C /* pt-BR */ = {isa = PBXFileReference; lastKnownFileType = text.plist.strings; name = "pt-BR"; path = "pt-BR.lproj/Main.strings"; sourceTree = "<group>"; };
		ABC8EE0A29328A4D00F97C3C /* pt-BR */ = {isa = PBXFileReference; lastKnownFileType = text.plist.strings; name = "pt-BR"; path = "pt-BR.lproj/schema.strings"; sourceTree = "<group>"; };
		ABC8EE0B29328A4D00F97C3C /* pt-BR */ = {isa = PBXFileReference; lastKnownFileType = text.plist.strings; name = "pt-BR"; path = "pt-BR.lproj/Localizable.strings"; sourceTree = "<group>"; };
		ABC8EE0C29328B2800F97C3C /* zh-Hans */ = {isa = PBXFileReference; lastKnownFileType = text.plist.strings; name = "zh-Hans"; path = "zh-Hans.lproj/Main.strings"; sourceTree = "<group>"; };
		ABC8EE0D29328B2800F97C3C /* zh-Hans */ = {isa = PBXFileReference; lastKnownFileType = text.plist.strings; name = "zh-Hans"; path = "zh-Hans.lproj/schema.strings"; sourceTree = "<group>"; };
		ABC8EE0E29328B2800F97C3C /* zh-Hans */ = {isa = PBXFileReference; lastKnownFileType = text.plist.strings; name = "zh-Hans"; path = "zh-Hans.lproj/Localizable.strings"; sourceTree = "<group>"; };
		ABC8EE0F2932A92100F97C3C /* nb */ = {isa = PBXFileReference; lastKnownFileType = text.plist.strings; name = nb; path = nb.lproj/schema.strings; sourceTree = "<group>"; };
		ABC8EE102932A93800F97C3C /* nb */ = {isa = PBXFileReference; lastKnownFileType = text.plist.strings; name = nb; path = nb.lproj/Localizable.strings; sourceTree = "<group>"; };
		ABE05B671A29FED900E228EE /* ja */ = {isa = PBXFileReference; lastKnownFileType = text.plist.strings; name = ja; path = ja.lproj/schema.strings; sourceTree = "<group>"; };
		ABE23BD11D258F6C004E9D26 /* VideoToolbox.framework */ = {isa = PBXFileReference; lastKnownFileType = wrapper.framework; name = VideoToolbox.framework; path = System/Library/Frameworks/VideoToolbox.framework; sourceTree = SDKROOT; };
		ABE23BD61D25914C004E9D26 /* AudioToolbox.framework */ = {isa = PBXFileReference; lastKnownFileType = wrapper.framework; name = AudioToolbox.framework; path = System/Library/Frameworks/AudioToolbox.framework; sourceTree = SDKROOT; };
		ABE23BD91D2591F8004E9D26 /* CoreMedia.framework */ = {isa = PBXFileReference; lastKnownFileType = wrapper.framework; name = CoreMedia.framework; path = System/Library/Frameworks/CoreMedia.framework; sourceTree = SDKROOT; };
		ABE23BDD1D274D9A004E9D26 /* generator.h */ = {isa = PBXFileReference; fileEncoding = 4; lastKnownFileType = sourcecode.c.h; path = generator.h; sourceTree = "<group>"; };
		ABE4610F1A15A519006C89A2 /* en */ = {isa = PBXFileReference; explicitFileType = text.plist.strings; name = en; path = en.lproj/schema.strings; sourceTree = "<group>"; };
		ABE504A022075780006202E0 /* Player.h */ = {isa = PBXFileReference; lastKnownFileType = sourcecode.c.h; path = Player.h; sourceTree = "<group>"; };
		ABE504A1220757BB006202E0 /* Player.m */ = {isa = PBXFileReference; lastKnownFileType = sourcecode.c.objc; path = Player.m; sourceTree = "<group>"; };
		ABE72EA0293448AF005433DF /* ca */ = {isa = PBXFileReference; lastKnownFileType = text.plist.strings; name = ca; path = ca.lproj/Main.strings; sourceTree = "<group>"; };
		ABE72EA1293448B3005433DF /* cs */ = {isa = PBXFileReference; lastKnownFileType = text.plist.strings; name = cs; path = cs.lproj/Main.strings; sourceTree = "<group>"; };
		ABE72EA2293448B6005433DF /* nl */ = {isa = PBXFileReference; lastKnownFileType = text.plist.strings; name = nl; path = nl.lproj/Main.strings; sourceTree = "<group>"; };
		ABE72EA3293448B9005433DF /* de */ = {isa = PBXFileReference; lastKnownFileType = text.plist.strings; name = de; path = de.lproj/Main.strings; sourceTree = "<group>"; };
		ABE72EA4293448BB005433DF /* el */ = {isa = PBXFileReference; lastKnownFileType = text.plist.strings; name = el; path = el.lproj/Main.strings; sourceTree = "<group>"; };
		ABE72EA5293448BE005433DF /* hu */ = {isa = PBXFileReference; lastKnownFileType = text.plist.strings; name = hu; path = hu.lproj/Main.strings; sourceTree = "<group>"; };
		ABE72EA6293448C1005433DF /* it */ = {isa = PBXFileReference; lastKnownFileType = text.plist.strings; name = it; path = it.lproj/Main.strings; sourceTree = "<group>"; };
		ABE72EA7293448C4005433DF /* ja */ = {isa = PBXFileReference; lastKnownFileType = text.plist.strings; name = ja; path = ja.lproj/Main.strings; sourceTree = "<group>"; };
		ABE72EA8293448C7005433DF /* ko */ = {isa = PBXFileReference; lastKnownFileType = text.plist.strings; name = ko; path = ko.lproj/Main.strings; sourceTree = "<group>"; };
		ABE72EA9293448C9005433DF /* nb */ = {isa = PBXFileReference; lastKnownFileType = text.plist.strings; name = nb; path = nb.lproj/Main.strings; sourceTree = "<group>"; };
		ABE72EAA293448CC005433DF /* pt-PT */ = {isa = PBXFileReference; lastKnownFileType = text.plist.strings; name = "pt-PT"; path = "pt-PT.lproj/Main.strings"; sourceTree = "<group>"; };
		ABE72EAB293448CF005433DF /* ru */ = {isa = PBXFileReference; lastKnownFileType = text.plist.strings; name = ru; path = ru.lproj/Main.strings; sourceTree = "<group>"; };
		ABE72EAC293448D2005433DF /* es */ = {isa = PBXFileReference; lastKnownFileType = text.plist.strings; name = es; path = es.lproj/Main.strings; sourceTree = "<group>"; };
		ABE72EAD293448D8005433DF /* sv */ = {isa = PBXFileReference; lastKnownFileType = text.plist.strings; name = sv; path = sv.lproj/Main.strings; sourceTree = "<group>"; };
		ABE72EB32937FAE4005433DF /* Base */ = {isa = PBXFileReference; lastKnownFileType = file.xib; name = Base; path = Base.lproj/Main.xib; sourceTree = "<group>"; };
		ABE72EB72938E008005433DF /* IssueView.swift */ = {isa = PBXFileReference; lastKnownFileType = sourcecode.swift; path = IssueView.swift; sourceTree = "<group>"; };
		ABE72EBC29392EEB005433DF /* ffprobe */ = {isa = PBXFileReference; fileEncoding = 4; lastKnownFileType = text; name = ffprobe; path = universal/bin/ffprobe; sourceTree = BUILT_PRODUCTS_DIR; };
		ABE72EC0293A32B5005433DF /* ffmpeg */ = {isa = PBXFileReference; lastKnownFileType = text; name = ffmpeg; path = universal/bin/ffmpeg; sourceTree = BUILT_PRODUCTS_DIR; };
		ABE72EC2293D1DC6005433DF /* OldVersionView.swift */ = {isa = PBXFileReference; lastKnownFileType = sourcecode.swift; path = OldVersionView.swift; sourceTree = "<group>"; };
		ABE72ED6294379D1005433DF /* GetMetadataForFile.h */ = {isa = PBXFileReference; lastKnownFileType = sourcecode.c.h; path = GetMetadataForFile.h; sourceTree = "<group>"; };
/* End PBXFileReference section */

/* Begin PBXFrameworksBuildPhase section */
		AB0527CB1D294732009A809B /* Frameworks */ = {
			isa = PBXFrameworksBuildPhase;
			buildActionMask = 2147483647;
			files = (
				AB0527D71D29476C009A809B /* Cocoa.framework in Frameworks */,
				AB0527D81D294772009A809B /* AVFoundation.framework in Frameworks */,
				AB0527D91D294776009A809B /* AudioToolbox.framework in Frameworks */,
				AB0527DA1D294779009A809B /* VideoToolbox.framework in Frameworks */,
				AB0527DB1D294781009A809B /* CoreMedia.framework in Frameworks */,
				AB0527DD1D29478E009A809B /* libavfilter.a in Frameworks */,
				AB0527DE1D294790009A809B /* libavformat.a in Frameworks */,
				AB0527DC1D29478A009A809B /* libavcodec.a in Frameworks */,
				AB0527E01D294796009A809B /* libswresample.a in Frameworks */,
				AB0527E11D294799009A809B /* libswscale.a in Frameworks */,
				AB0527DF1D294793009A809B /* libavutil.a in Frameworks */,
				AB66477E261B43B600D23514 /* libaom.a in Frameworks */,
				AB0527E41D2947CF009A809B /* libbz2.dylib in Frameworks */,
				AB0527E31D2947BB009A809B /* libiconv.dylib in Frameworks */,
				AB0527E21D2947AC009A809B /* liblzma.5.dylib in Frameworks */,
				AB0527E51D2947D1009A809B /* libz.dylib in Frameworks */,
			);
			runOnlyForDeploymentPostprocessing = 0;
		};
		AB467C922625D0AF00F662CE /* Frameworks */ = {
			isa = PBXFrameworksBuildPhase;
			buildActionMask = 2147483647;
			files = (
				AB467C962625D0AF00F662CE /* QuickLookThumbnailing.framework in Frameworks */,
				AB467C972625D0AF00F662CE /* Quartz.framework in Frameworks */,
				AB467CF22625E73500F662CE /* AudioToolbox.framework in Frameworks */,
				AB467CF32625E73800F662CE /* VideoToolbox.framework in Frameworks */,
				AB467D322625E90200F662CE /* CoreMedia.framework in Frameworks */,
				AB467CF42625E75600F662CE /* libavcodec.a in Frameworks */,
				AB467CFA2625E75C00F662CE /* libavfilter.a in Frameworks */,
				AB467D002625E76000F662CE /* libavformat.a in Frameworks */,
				AB467D062625E76400F662CE /* libavutil.a in Frameworks */,
				AB467D0C2625E76900F662CE /* libswresample.a in Frameworks */,
				AB467D122625E76C00F662CE /* libswscale.a in Frameworks */,
				AB467D182625E77100F662CE /* libaom.a in Frameworks */,
				AB467D1E2625E78300F662CE /* libbz2.dylib in Frameworks */,
				AB467D1F2625E78700F662CE /* libiconv.dylib in Frameworks */,
				AB467D202625E78A00F662CE /* liblzma.5.dylib in Frameworks */,
				AB467D212625E78E00F662CE /* libz.dylib in Frameworks */,
			);
			runOnlyForDeploymentPostprocessing = 0;
		};
		AB49FB6C2922769F00B126C0 /* Frameworks */ = {
			isa = PBXFrameworksBuildPhase;
			buildActionMask = 2147483647;
			files = (
			);
			runOnlyForDeploymentPostprocessing = 0;
		};
		AB93B0F1196CA60500708B2E /* Frameworks */ = {
			isa = PBXFrameworksBuildPhase;
			buildActionMask = 2147483647;
			files = (
				AB93B0F8196CA60500708B2E /* QuickLook.framework in Frameworks */,
				AB93B1201972EFAC00708B2E /* Cocoa.framework in Frameworks */,
				AB2ACD9E1A696F72002411DF /* AVFoundation.framework in Frameworks */,
				ABE23BD81D25914C004E9D26 /* AudioToolbox.framework in Frameworks */,
				ABE23BD31D258F6C004E9D26 /* VideoToolbox.framework in Frameworks */,
				ABE23BDB1D2591F8004E9D26 /* CoreMedia.framework in Frameworks */,
				AB7C715019F9E2A50006104E /* libavfilter.a in Frameworks */,
				AB7C715119F9E2A80006104E /* libavformat.a in Frameworks */,
				AB7C715219F9E2AB0006104E /* libavcodec.a in Frameworks */,
				AB7C715319F9E2AE0006104E /* libswresample.a in Frameworks */,
				AB7C715419F9E2B00006104E /* libswscale.a in Frameworks */,
				AB7C715519F9E2B40006104E /* libavutil.a in Frameworks */,
				AB66474F261ABBCB00D23514 /* libaom.a in Frameworks */,
				AB7C715819F9E2C60006104E /* libbz2.dylib in Frameworks */,
				AB7C715619F9E2BF0006104E /* libiconv.dylib in Frameworks */,
				ABBC10DF1C1DF5F600B25E28 /* liblzma.5.dylib in Frameworks */,
				AB7C715919F9E2C90006104E /* libz.dylib in Frameworks */,
			);
			runOnlyForDeploymentPostprocessing = 0;
		};
		AB9FB56A1965DD7200D39647 /* Frameworks */ = {
			isa = PBXFrameworksBuildPhase;
			buildActionMask = 2147483647;
			files = (
				AB93B11F1972EFAB00708B2E /* Cocoa.framework in Frameworks */,
				ABE23BD51D259070004E9D26 /* AVFoundation.framework in Frameworks */,
				ABE23BD71D25914C004E9D26 /* AudioToolbox.framework in Frameworks */,
				ABE23BD41D25903D004E9D26 /* VideoToolbox.framework in Frameworks */,
				ABE23BDA1D2591F8004E9D26 /* CoreMedia.framework in Frameworks */,
				AB7C713919F8A44D0006104E /* libavfilter.a in Frameworks */,
				AB7C713719F8A31C0006104E /* libavformat.a in Frameworks */,
				AB7C713D19F8A4660006104E /* libavcodec.a in Frameworks */,
				AB7C714C19F8A7060006104E /* libswresample.a in Frameworks */,
				AB7C714D19F8A7060006104E /* libswscale.a in Frameworks */,
				AB7C714519F8A6560006104E /* libavutil.a in Frameworks */,
				AB66477D261B43B500D23514 /* libaom.a in Frameworks */,
				AB7C714119F8A5C50006104E /* libbz2.dylib in Frameworks */,
				AB7C714919F8A6970006104E /* libiconv.dylib in Frameworks */,
				ABBC10E01C1DF64E00B25E28 /* liblzma.5.dylib in Frameworks */,
				AB7C714719F8A6730006104E /* libz.dylib in Frameworks */,
			);
			runOnlyForDeploymentPostprocessing = 0;
		};
/* End PBXFrameworksBuildPhase section */

/* Begin PBXGroup section */
		AB0527CF1D294732009A809B /* benchmark */ = {
			isa = PBXGroup;
			children = (
				AB0527C81D2946F1009A809B /* bench.m */,
			);
			path = benchmark;
			sourceTree = "<group>";
		};
		AB467C982625D0AF00F662CE /* thumbnailer */ = {
			isa = PBXGroup;
			children = (
				AB467C992625D0AF00F662CE /* ThumbnailProvider.h */,
				AB467C9A2625D0AF00F662CE /* ThumbnailProvider.m */,
				AB467C9C2625D0AF00F662CE /* Info.plist */,
				AB467C9D2625D0AF00F662CE /* thumbnailer.entitlements */,
			);
			path = thumbnailer;
			sourceTree = "<group>";
		};
		AB49FB70292276A000B126C0 /* app */ = {
			isa = PBXGroup;
			children = (
				AB49FB952923B5BB00B126C0 /* AppDelegate.swift */,
				ABE72EB72938E008005433DF /* IssueView.swift */,
				ABE72EC2293D1DC6005433DF /* OldVersionView.swift */,
				ABB71A0A29266D3000F13C24 /* LogarithmicSlider.swift */,
				ABE72EB42937FAE4005433DF /* Main.xib */,
				ABB719E62924069600F13C24 /* Assets.xcassets */,
				AB9846DC196B790F00AF6349 /* Info.plist */,
				AB49FB7A292276A100B126C0 /* QuickLookVideo.entitlements */,
				ABC8EDC22931900D00F97C3C /* buildstrings */,
				ABC8EE06293273ED00F97C3C /* Main.strings */,
			);
			path = app;
			sourceTree = "<group>";
		};
		AB664719261A900600D23514 /* aom */ = {
			isa = PBXGroup;
			children = (
				AB66474E261ABBB600D23514 /* libaom.a */,
			);
			name = aom;
			path = universal/lib;
			sourceTree = BUILT_PRODUCTS_DIR;
		};
		AB93B0FE196CA60500708B2E /* qlgenerator */ = {
			isa = PBXGroup;
			children = (
				ABE23BDD1D274D9A004E9D26 /* generator.h */,
				AB93B108196CA60500708B2E /* main.m */,
				ABE504A022075780006202E0 /* Player.h */,
				ABE504A1220757BB006202E0 /* Player.m */,
				AB93B104196CA60500708B2E /* GenerateThumbnailForURL.m */,
				AB93B106196CA60500708B2E /* GeneratePreviewForURL.m */,
				AB93B1191972EBF700708B2E /* Snapshotter.h */,
				AB93B11A1972EBF700708B2E /* Snapshotter.m */,
				AB93B10E196CA7EE00708B2E /* Info.plist */,
				AB19C82B1A3A295700A14247 /* Localizable.strings */,
			);
			path = qlgenerator;
			sourceTree = "<group>";
		};
		AB9FB5641965DD7200D39647 = {
			isa = PBXGroup;
			children = (
				AB49FB70292276A000B126C0 /* app */,
				AB0527CF1D294732009A809B /* benchmark */,
				AB9FB5781965DD7200D39647 /* mdimporter */,
				AB93B0FE196CA60500708B2E /* qlgenerator */,
				AB467C982625D0AF00F662CE /* thumbnailer */,
				AB9FB56F1965DD7200D39647 /* Frameworks */,
				AB9FB56E1965DD7200D39647 /* Products */,
			);
			sourceTree = "<group>";
		};
		AB9FB56E1965DD7200D39647 /* Products */ = {
			isa = PBXGroup;
			children = (
				AB9FB56D1965DD7200D39647 /* Video.mdimporter */,
				AB93B0F6196CA60500708B2E /* Video.qlgenerator */,
				AB0527CE1D294732009A809B /* benchmark */,
				AB467C952625D0AF00F662CE /* thumbnailer.appex */,
				AB49FB6F2922769F00B126C0 /* QuickLook Video.app */,
			);
			name = Products;
			sourceTree = "<group>";
		};
		AB9FB56F1965DD7200D39647 /* Frameworks */ = {
			isa = PBXGroup;
			children = (
				ABE72EC0293A32B5005433DF /* ffmpeg */,
				ABE72EBC29392EEB005433DF /* ffprobe */,
				AB17CCF4291E954B002A80AB /* include */,
				AB664719261A900600D23514 /* aom */,
				ABCAEA331CDB899B004890E3 /* FFmpeg */,
				AB7C714019F8A5C50006104E /* libbz2.dylib */,
				AB7C714819F8A6970006104E /* libiconv.dylib */,
				ABBC10DE1C1DF5F600B25E28 /* liblzma.5.dylib */,
				AB7C714619F8A6730006104E /* libz.dylib */,
				ABE23BD61D25914C004E9D26 /* AudioToolbox.framework */,
				ABE23BD11D258F6C004E9D26 /* VideoToolbox.framework */,
				ABE23BD91D2591F8004E9D26 /* CoreMedia.framework */,
				AB2ACD9D1A696F72002411DF /* AVFoundation.framework */,
				AB9FB5721965DD7200D39647 /* CoreFoundation.framework */,
				AB9FB5761965DD7200D39647 /* Foundation.framework */,
				AB93B0B4196B839600708B2E /* Cocoa.framework */,
				AB93B0F7196CA60500708B2E /* QuickLook.framework */,
				AB93B0F9196CA60500708B2E /* ApplicationServices.framework */,
				AB93B0FB196CA60500708B2E /* CoreServices.framework */,
				AB75CB1D261D19F2009BE894 /* QuickLookThumbnailing.framework */,
				AB75CB1F261D19F2009BE894 /* Quartz.framework */,
			);
			name = Frameworks;
			path = ../MacOSX.sdk;
			sourceTree = SDKROOT;
		};
		AB9FB5781965DD7200D39647 /* mdimporter */ = {
			isa = PBXGroup;
			children = (
				AB9FB57E1965DD7200D39647 /* main.m */,
				ABE72ED6294379D1005433DF /* GetMetadataForFile.h */,
				AB9FB5801965DD7200D39647 /* GetMetadataForFile.m */,
				AB9FB58C1965DF0700D39647 /* Info.plist */,
				ABB1A29A1A1C358500EEF82B /* buildschema */,
				ABE4610E1A15A519006C89A2 /* schema.strings */,
				ABB1A29E1A1C392F00EEF82B /* Built Products */,
			);
			path = mdimporter;
			sourceTree = "<group>";
		};
		ABB1A29E1A1C392F00EEF82B /* Built Products */ = {
			isa = PBXGroup;
			children = (
				ABB1A29C1A1C392400EEF82B /* schema.xml */,
			);
			name = "Built Products";
			sourceTree = BUILT_PRODUCTS_DIR;
		};
		ABCAEA331CDB899B004890E3 /* FFmpeg */ = {
			isa = PBXGroup;
			children = (
				AB7C713C19F8A4660006104E /* libavcodec.a */,
				AB7C713819F8A44D0006104E /* libavfilter.a */,
				AB7C713619F8A31C0006104E /* libavformat.a */,
				AB7C714419F8A6560006104E /* libavutil.a */,
				AB7C714A19F8A7060006104E /* libswresample.a */,
				AB7C714B19F8A7060006104E /* libswscale.a */,
			);
			name = FFmpeg;
			path = universal/lib;
			sourceTree = BUILT_PRODUCTS_DIR;
		};
/* End PBXGroup section */

/* Begin PBXLegacyTarget section */
		AB535D4D1EDC390C00ECB0CE /* ffmpeg */ = {
			isa = PBXLegacyTarget;
			buildArgumentsString = "${ACTION)";
			buildConfigurationList = AB535D501EDC390C00ECB0CE /* Build configuration list for PBXLegacyTarget "ffmpeg" */;
			buildPhases = (
			);
			buildToolPath = ./buildffmpeg;
			buildWorkingDirectory = "$(SRCROOT)";
			dependencies = (
				AB66472B261AA04400D23514 /* PBXTargetDependency */,
			);
			name = ffmpeg;
			passBuildSettingsInEnvironment = 1;
			productName = ffmpeg;
		};
		AB66470D261A88C700D23514 /* aom */ = {
			isa = PBXLegacyTarget;
			buildArgumentsString = "$(ACTION)";
			buildConfigurationList = AB66470E261A88C800D23514 /* Build configuration list for PBXLegacyTarget "aom" */;
			buildPhases = (
			);
			buildToolPath = ./buildaom;
			buildWorkingDirectory = "${SRCROOT}";
			dependencies = (
			);
			name = aom;
			passBuildSettingsInEnvironment = 1;
			productName = aom;
		};
/* End PBXLegacyTarget section */

/* Begin PBXNativeTarget section */
		AB0527CD1D294732009A809B /* benchmark */ = {
			isa = PBXNativeTarget;
			buildConfigurationList = AB0527D21D294732009A809B /* Build configuration list for PBXNativeTarget "benchmark" */;
			buildPhases = (
				AB0527CA1D294732009A809B /* Sources */,
				AB0527CB1D294732009A809B /* Frameworks */,
			);
			buildRules = (
			);
			dependencies = (
				AB664731261AA06C00D23514 /* PBXTargetDependency */,
				AB535D5C1EDCD0C900ECB0CE /* PBXTargetDependency */,
			);
			name = benchmark;
			productName = benchmark;
			productReference = AB0527CE1D294732009A809B /* benchmark */;
			productType = "com.apple.product-type.tool";
		};
		AB467C942625D0AF00F662CE /* thumbnailer */ = {
			isa = PBXNativeTarget;
			buildConfigurationList = AB467CA12625D0AF00F662CE /* Build configuration list for PBXNativeTarget "thumbnailer" */;
			buildPhases = (
				AB467C912625D0AF00F662CE /* Sources */,
				AB467C922625D0AF00F662CE /* Frameworks */,
				AB467C932625D0AF00F662CE /* Resources */,
			);
			buildRules = (
			);
			dependencies = (
				AB0FE0AA29201528004026B2 /* PBXTargetDependency */,
				AB0FE0AC2920152B004026B2 /* PBXTargetDependency */,
			);
			name = thumbnailer;
			productName = thumbnailer;
			productReference = AB467C952625D0AF00F662CE /* thumbnailer.appex */;
			productType = "com.apple.product-type.app-extension";
		};
		AB49FB6E2922769F00B126C0 /* QuickLook Video */ = {
			isa = PBXNativeTarget;
			buildConfigurationList = AB49FB7D292276A100B126C0 /* Build configuration list for PBXNativeTarget "QuickLook Video" */;
			buildPhases = (
				AB48E688293156BC004B2E82 /* Extract localization */,
				AB49FB6B2922769F00B126C0 /* Sources */,
				AB49FB6C2922769F00B126C0 /* Frameworks */,
				AB49FB6D2922769F00B126C0 /* Resources */,
				AB75CB2A261D19F3009BE894 /* Embed Foundation Extensions */,
				AB49FBB82923CECC00B126C0 /* Embed mdimporter */,
				AB49FBBB2923D1EC00B126C0 /* Embed qlgenerator */,
				ABE72EB929392E18005433DF /* Embed Executables */,
			);
			buildRules = (
			);
			dependencies = (
				AB49FB7F2922770100B126C0 /* PBXTargetDependency */,
				AB49FB812922770100B126C0 /* PBXTargetDependency */,
				AB48E687293156B3004B2E82 /* PBXTargetDependency */,
			);
			name = "QuickLook Video";
			productName = "QuickLook Video";
			productReference = AB49FB6F2922769F00B126C0 /* QuickLook Video.app */;
			productType = "com.apple.product-type.application";
		};
		AB93B0F5196CA60500708B2E /* qlgenerator */ = {
			isa = PBXNativeTarget;
			buildConfigurationList = AB93B10B196CA60500708B2E /* Build configuration list for PBXNativeTarget "qlgenerator" */;
			buildPhases = (
				AB93B0F0196CA60500708B2E /* Sources */,
				AB93B0F1196CA60500708B2E /* Frameworks */,
				AB9730231A3A2C510067C886 /* Resources */,
			);
			buildRules = (
			);
			dependencies = (
				AB66472D261AA05C00D23514 /* PBXTargetDependency */,
				AB535D5A1EDCD0C100ECB0CE /* PBXTargetDependency */,
			);
			name = qlgenerator;
			productName = qlvideo.qlgenerator;
			productReference = AB93B0F6196CA60500708B2E /* Video.qlgenerator */;
			productType = "com.apple.product-type.bundle";
		};
		AB9FB56C1965DD7200D39647 /* mdimporter */ = {
			isa = PBXNativeTarget;
			buildConfigurationList = AB9FB5891965DD7200D39647 /* Build configuration list for PBXNativeTarget "mdimporter" */;
			buildPhases = (
				AB9FB5691965DD7200D39647 /* Sources */,
				AB9FB56A1965DD7200D39647 /* Frameworks */,
				ABE461151A15A711006C89A2 /* Resources */,
				ABB1A2991A1C353E00EEF82B /* Build Schema */,
			);
			buildRules = (
			);
			dependencies = (
				AB66472F261AA06100D23514 /* PBXTargetDependency */,
				AB535D581EDCD0BD00ECB0CE /* PBXTargetDependency */,
			);
			name = mdimporter;
			productName = Video;
			productReference = AB9FB56D1965DD7200D39647 /* Video.mdimporter */;
			productType = "com.apple.product-type.bundle";
		};
/* End PBXNativeTarget section */

/* Begin PBXProject section */
		AB9FB5651965DD7200D39647 /* Project object */ = {
			isa = PBXProject;
			buildConfigurationList = AB9FB5681965DD7200D39647 /* Build configuration list for PBXProject "QLVideo" */;
			compatibilityVersion = "Xcode 3.2";
			developmentRegion = en;
			hasScannedForEncodings = 0;
			knownRegions = (
				Base,
				en,
				ca,
				cs,
				de,
				el,
				es,
				fr,
				hu,
				it,
				ja,
				ko,
				nb,
				nl,
				"pt-BR",
				"pt-PT",
				ru,
				sv,
				"zh-Hans",
			);
			mainGroup = AB9FB5641965DD7200D39647;
			productRefGroup = AB9FB56E1965DD7200D39647 /* Products */;
			projectDirPath = "";
			projectRoot = "";
			targets = (
				AB49FB6E2922769F00B126C0 /* QuickLook Video */,
				AB9FB56C1965DD7200D39647 /* mdimporter */,
				AB93B0F5196CA60500708B2E /* qlgenerator */,
				AB467C942625D0AF00F662CE /* thumbnailer */,
				AB0527CD1D294732009A809B /* benchmark */,
				AB535D4D1EDC390C00ECB0CE /* ffmpeg */,
				AB66470D261A88C700D23514 /* aom */,
			);
		};
/* End PBXProject section */

/* Begin PBXResourcesBuildPhase section */
		AB467C932625D0AF00F662CE /* Resources */ = {
			isa = PBXResourcesBuildPhase;
			buildActionMask = 2147483647;
			files = (
			);
			runOnlyForDeploymentPostprocessing = 0;
		};
		AB49FB6D2922769F00B126C0 /* Resources */ = {
			isa = PBXResourcesBuildPhase;
			buildActionMask = 2147483647;
			files = (
				ABB719E72924069600F13C24 /* Assets.xcassets in Resources */,
				ABE72EB22937FAE4005433DF /* Main.xib in Resources */,
			);
			runOnlyForDeploymentPostprocessing = 0;
		};
		AB9730231A3A2C510067C886 /* Resources */ = {
			isa = PBXResourcesBuildPhase;
			buildActionMask = 2147483647;
			files = (
				AB9730241A3A2C550067C886 /* Localizable.strings in Resources */,
			);
			runOnlyForDeploymentPostprocessing = 0;
		};
		ABE461151A15A711006C89A2 /* Resources */ = {
			isa = PBXResourcesBuildPhase;
			buildActionMask = 2147483647;
			files = (
				ABE461181A15A776006C89A2 /* schema.strings in Resources */,
			);
			runOnlyForDeploymentPostprocessing = 0;
		};
/* End PBXResourcesBuildPhase section */

/* Begin PBXShellScriptBuildPhase section */
		AB48E688293156BC004B2E82 /* Extract localization */ = {
			isa = PBXShellScriptBuildPhase;
			alwaysOutOfDate = 1;
			buildActionMask = 2147483647;
			files = (
			);
			inputFileListPaths = (
			);
			inputPaths = (
				"$(SRCROOT)/app/buildstrings",
				"$(SRCROOT)/app/Base.lproj/Main.xib",
			);
			name = "Extract localization";
			outputFileListPaths = (
			);
			outputPaths = (
				"$(SRCROOT)/app/en.lproj/Main.strings",
			);
			runOnlyForDeploymentPostprocessing = 0;
			shellPath = /bin/sh;
			shellScript = "${SRCROOT}/app/buildstrings ${SRCROOT}/app/Base.lproj/Main.xib\n";
		};
		ABB1A2991A1C353E00EEF82B /* Build Schema */ = {
			isa = PBXShellScriptBuildPhase;
			buildActionMask = 2147483647;
			files = (
			);
			inputPaths = (
				"${SRCROOT}/mdimporter/buildschema",
				"$(SRCROOT)/mdimporter/Info.plist",
			);
			name = "Build Schema";
			outputPaths = (
				"${BUILT_PRODUCTS_DIR}/${UNLOCALIZED_RESOURCES_FOLDER_PATH}/schema.xml",
			);
			runOnlyForDeploymentPostprocessing = 0;
			shellPath = /bin/sh;
			shellScript = "${SRCROOT}/mdimporter/buildschema";
			showEnvVarsInLog = 0;
		};
/* End PBXShellScriptBuildPhase section */

/* Begin PBXSourcesBuildPhase section */
		AB0527CA1D294732009A809B /* Sources */ = {
			isa = PBXSourcesBuildPhase;
			buildActionMask = 2147483647;
			files = (
				ABE504A3220757D0006202E0 /* Player.m in Sources */,
				AB0527D61D294756009A809B /* Snapshotter.m in Sources */,
				AB0527D51D294751009A809B /* bench.m in Sources */,
			);
			runOnlyForDeploymentPostprocessing = 0;
		};
		AB467C912625D0AF00F662CE /* Sources */ = {
			isa = PBXSourcesBuildPhase;
			buildActionMask = 2147483647;
			files = (
				AB467C9B2625D0AF00F662CE /* ThumbnailProvider.m in Sources */,
				AB467D2C2625E8B600F662CE /* Snapshotter.m in Sources */,
			);
			runOnlyForDeploymentPostprocessing = 0;
		};
		AB49FB6B2922769F00B126C0 /* Sources */ = {
			isa = PBXSourcesBuildPhase;
			buildActionMask = 2147483647;
			files = (
				ABB71A0B29266D3000F13C24 /* LogarithmicSlider.swift in Sources */,
				ABE72EB82938E008005433DF /* IssueView.swift in Sources */,
				AB49FBA22923B5DD00B126C0 /* AppDelegate.swift in Sources */,
				ABE72EC3293D1DC6005433DF /* OldVersionView.swift in Sources */,
			);
			runOnlyForDeploymentPostprocessing = 0;
		};
		AB93B0F0196CA60500708B2E /* Sources */ = {
			isa = PBXSourcesBuildPhase;
			buildActionMask = 2147483647;
			files = (
				AB93B105196CA60500708B2E /* GenerateThumbnailForURL.m in Sources */,
				AB93B107196CA60500708B2E /* GeneratePreviewForURL.m in Sources */,
				AB93B109196CA60500708B2E /* main.m in Sources */,
				ABE504A2220757BB006202E0 /* Player.m in Sources */,
				AB93B11C1972EBF700708B2E /* Snapshotter.m in Sources */,
			);
			runOnlyForDeploymentPostprocessing = 0;
		};
		AB9FB5691965DD7200D39647 /* Sources */ = {
			isa = PBXSourcesBuildPhase;
			buildActionMask = 2147483647;
			files = (
				AB9FB57F1965DD7200D39647 /* main.m in Sources */,
				AB9FB5811965DD7200D39647 /* GetMetadataForFile.m in Sources */,
			);
			runOnlyForDeploymentPostprocessing = 0;
		};
/* End PBXSourcesBuildPhase section */

/* Begin PBXTargetDependency section */
		AB0FE0AA29201528004026B2 /* PBXTargetDependency */ = {
			isa = PBXTargetDependency;
			target = AB66470D261A88C700D23514 /* aom */;
			targetProxy = AB0FE0A929201528004026B2 /* PBXContainerItemProxy */;
		};
		AB0FE0AC2920152B004026B2 /* PBXTargetDependency */ = {
			isa = PBXTargetDependency;
			target = AB535D4D1EDC390C00ECB0CE /* ffmpeg */;
			targetProxy = AB0FE0AB2920152B004026B2 /* PBXContainerItemProxy */;
		};
		AB48E687293156B3004B2E82 /* PBXTargetDependency */ = {
			isa = PBXTargetDependency;
			target = AB467C942625D0AF00F662CE /* thumbnailer */;
			targetProxy = AB48E686293156B3004B2E82 /* PBXContainerItemProxy */;
		};
		AB49FB7F2922770100B126C0 /* PBXTargetDependency */ = {
			isa = PBXTargetDependency;
			target = AB9FB56C1965DD7200D39647 /* mdimporter */;
			targetProxy = AB49FB7E2922770100B126C0 /* PBXContainerItemProxy */;
		};
		AB49FB812922770100B126C0 /* PBXTargetDependency */ = {
			isa = PBXTargetDependency;
			target = AB93B0F5196CA60500708B2E /* qlgenerator */;
			targetProxy = AB49FB802922770100B126C0 /* PBXContainerItemProxy */;
		};
		AB535D581EDCD0BD00ECB0CE /* PBXTargetDependency */ = {
			isa = PBXTargetDependency;
			target = AB535D4D1EDC390C00ECB0CE /* ffmpeg */;
			targetProxy = AB535D571EDCD0BD00ECB0CE /* PBXContainerItemProxy */;
		};
		AB535D5A1EDCD0C100ECB0CE /* PBXTargetDependency */ = {
			isa = PBXTargetDependency;
			target = AB535D4D1EDC390C00ECB0CE /* ffmpeg */;
			targetProxy = AB535D591EDCD0C100ECB0CE /* PBXContainerItemProxy */;
		};
		AB535D5C1EDCD0C900ECB0CE /* PBXTargetDependency */ = {
			isa = PBXTargetDependency;
			target = AB535D4D1EDC390C00ECB0CE /* ffmpeg */;
			targetProxy = AB535D5B1EDCD0C900ECB0CE /* PBXContainerItemProxy */;
		};
		AB66472B261AA04400D23514 /* PBXTargetDependency */ = {
			isa = PBXTargetDependency;
			target = AB66470D261A88C700D23514 /* aom */;
			targetProxy = AB66472A261AA04400D23514 /* PBXContainerItemProxy */;
		};
		AB66472D261AA05C00D23514 /* PBXTargetDependency */ = {
			isa = PBXTargetDependency;
			target = AB66470D261A88C700D23514 /* aom */;
			targetProxy = AB66472C261AA05C00D23514 /* PBXContainerItemProxy */;
		};
		AB66472F261AA06100D23514 /* PBXTargetDependency */ = {
			isa = PBXTargetDependency;
			target = AB66470D261A88C700D23514 /* aom */;
			targetProxy = AB66472E261AA06100D23514 /* PBXContainerItemProxy */;
		};
		AB664731261AA06C00D23514 /* PBXTargetDependency */ = {
			isa = PBXTargetDependency;
			target = AB66470D261A88C700D23514 /* aom */;
			targetProxy = AB664730261AA06C00D23514 /* PBXContainerItemProxy */;
		};
/* End PBXTargetDependency section */

/* Begin PBXVariantGroup section */
		AB19C82B1A3A295700A14247 /* Localizable.strings */ = {
			isa = PBXVariantGroup;
			children = (
				AB19C82C1A3A295700A14247 /* en */,
				AB19C82E1A3A29FC00A14247 /* fr */,
				AB19C8301A3A2A7F00A14247 /* it */,
				AB19C8311A3A2AB200A14247 /* sv */,
				AB9730211A3A2BB00067C886 /* ja */,
				AB9730221A3A2BF40067C886 /* es */,
				AB00C5CC1A682F9400D71399 /* de */,
				AB00C5D11A682FAF00D71399 /* nl */,
				AB00C5D21A682FB700D71399 /* el */,
				AB82777A1A7523FC00F1D9F4 /* ca */,
				AB0B80C21EED4215008A22DC /* cs */,
				AB0B80C41EED4220008A22DC /* ru */,
				ABC22D242070E06900A2D884 /* hu */,
				AB54B963217F42B000558403 /* pt-PT */,
				AB96EE6C2183811800694152 /* ko */,
				ABC8EE0B29328A4D00F97C3C /* pt-BR */,
				ABC8EE0E29328B2800F97C3C /* zh-Hans */,
				ABC8EE102932A93800F97C3C /* nb */,
			);
			name = Localizable.strings;
			sourceTree = "<group>";
		};
		ABC8EE06293273ED00F97C3C /* Main.strings */ = {
			isa = PBXVariantGroup;
			children = (
				ABC8EE07293273ED00F97C3C /* en */,
				ABC8EE082932741000F97C3C /* fr */,
				ABC8EE0929328A4D00F97C3C /* pt-BR */,
				ABC8EE0C29328B2800F97C3C /* zh-Hans */,
				ABE72EA0293448AF005433DF /* ca */,
				ABE72EA1293448B3005433DF /* cs */,
				ABE72EA2293448B6005433DF /* nl */,
				ABE72EA3293448B9005433DF /* de */,
				ABE72EA4293448BB005433DF /* el */,
				ABE72EA5293448BE005433DF /* hu */,
				ABE72EA6293448C1005433DF /* it */,
				ABE72EA7293448C4005433DF /* ja */,
				ABE72EA8293448C7005433DF /* ko */,
				ABE72EA9293448C9005433DF /* nb */,
				ABE72EAA293448CC005433DF /* pt-PT */,
				ABE72EAB293448CF005433DF /* ru */,
				ABE72EAC293448D2005433DF /* es */,
				ABE72EAD293448D8005433DF /* sv */,
			);
			name = Main.strings;
			sourceTree = "<group>";
		};
		ABE4610E1A15A519006C89A2 /* schema.strings */ = {
			isa = PBXVariantGroup;
			children = (
				ABE4610F1A15A519006C89A2 /* en */,
				AB0E0D3C1A15B0300056CC24 /* fr */,
				AB0E0D3D1A15B03B0056CC24 /* it */,
				ABB8CF531A1C798B00CF242E /* sv */,
				ABE05B671A29FED900E228EE /* ja */,
				AB97CDD21A3A059C005FECB1 /* es */,
				AB00C5C81A682EF800D71399 /* de */,
				AB00C5CA1A682F6800D71399 /* nl */,
				AB00C5CB1A682F7200D71399 /* el */,
				AB8277781A7523F300F1D9F4 /* ca */,
				AB0B80BF1EED41F1008A22DC /* cs */,
				AB0B80C11EED4204008A22DC /* ru */,
				ABC22D232070E05200A2D884 /* hu */,
				AB54B962217F425D00558403 /* pt-PT */,
				AB96EE6B2183810500694152 /* ko */,
				ABC8EE0A29328A4D00F97C3C /* pt-BR */,
				ABC8EE0D29328B2800F97C3C /* zh-Hans */,
				ABC8EE0F2932A92100F97C3C /* nb */,
			);
			name = schema.strings;
			sourceTree = "<group>";
		};
		ABE72EB42937FAE4005433DF /* Main.xib */ = {
			isa = PBXVariantGroup;
			children = (
				ABE72EB32937FAE4005433DF /* Base */,
			);
			name = Main.xib;
			sourceTree = "<group>";
		};
/* End PBXVariantGroup section */

/* Begin XCBuildConfiguration section */
		AB0527D31D294732009A809B /* Debug */ = {
			isa = XCBuildConfiguration;
			buildSettings = {
				ALWAYS_SEARCH_USER_PATHS = NO;
				CLANG_WARN_UNREACHABLE_CODE = YES;
				COPY_PHASE_STRIP = NO;
				DEBUG_INFORMATION_FORMAT = dwarf;
				ENABLE_STRICT_OBJC_MSGSEND = YES;
				GCC_DYNAMIC_NO_PIC = NO;
				GCC_NO_COMMON_BLOCKS = YES;
				MTL_ENABLE_DEBUG_INFO = YES;
				PRODUCT_NAME = "$(TARGET_NAME)";
			};
			name = Debug;
		};
		AB0527D41D294732009A809B /* Release */ = {
			isa = XCBuildConfiguration;
			buildSettings = {
				ALWAYS_SEARCH_USER_PATHS = NO;
				CLANG_WARN_UNREACHABLE_CODE = YES;
				COPY_PHASE_STRIP = NO;
				ENABLE_STRICT_OBJC_MSGSEND = YES;
				GCC_NO_COMMON_BLOCKS = YES;
				MTL_ENABLE_DEBUG_INFO = NO;
				PRODUCT_NAME = "$(TARGET_NAME)";
			};
			name = Release;
		};
		AB467CA22625D0AF00F662CE /* Debug */ = {
			isa = XCBuildConfiguration;
			buildSettings = {
				CODE_SIGN_ENTITLEMENTS = thumbnailer/thumbnailer.entitlements;
				COPY_PHASE_STRIP = NO;
				INFOPLIST_FILE = thumbnailer/Info.plist;
				MACOSX_DEPLOYMENT_TARGET = 10.15;
				INFOPLIST_KEY_CFBundleDisplayName = "QuickLook Video thumbnails";
				PRODUCT_BUNDLE_IDENTIFIER = com.apple.uk.org.marginal.qlvideo.thumbnailer;
				PRODUCT_NAME = "$(TARGET_NAME)";
			};
			name = Debug;
		};
		AB467CA32625D0AF00F662CE /* Release */ = {
			isa = XCBuildConfiguration;
			buildSettings = {
				CODE_SIGN_ENTITLEMENTS = thumbnailer/thumbnailer.entitlements;
				COPY_PHASE_STRIP = NO;
				INFOPLIST_FILE = thumbnailer/Info.plist;
				MACOSX_DEPLOYMENT_TARGET = 10.15;
				INFOPLIST_KEY_CFBundleDisplayName = "QuickLook Video thumbnails";
				PRODUCT_BUNDLE_IDENTIFIER = com.apple.uk.org.marginal.qlvideo.thumbnailer;
				PRODUCT_NAME = "$(TARGET_NAME)";
			};
			name = Release;
		};
		AB49FB7B292276A100B126C0 /* Debug */ = {
			isa = XCBuildConfiguration;
			buildSettings = {
				ASSETCATALOG_COMPILER_APPICON_NAME = AppIcon;
				CODE_SIGN_ENTITLEMENTS = app/QuickLookVideo.entitlements;
				DEVELOPMENT_ASSET_PATHS = "";
				INFOPLIST_FILE = app/Info.plist;
				INFOPLIST_KEY_CFBundleDisplayName = "QuickLook Video";
				INFOPLIST_KEY_LSApplicationCategoryType = "public.app-category.video";
				INFOPLIST_KEY_NSMainStoryboardFile = Main;
				LD_RUNPATH_SEARCH_PATHS = (
					"$(inherited)",
					"@executable_path/../Frameworks",
				);
				MTL_ENABLE_DEBUG_INFO = INCLUDE_SOURCE;
				MTL_FAST_MATH = YES;
				PRODUCT_BUNDLE_IDENTIFIER = com.apple.uk.org.marginal.qlvideo;
				PRODUCT_NAME = "$(TARGET_NAME)";
				PROVISIONING_PROFILE_SPECIFIER = "";
			};
			name = Debug;
		};
		AB49FB7C292276A100B126C0 /* Release */ = {
			isa = XCBuildConfiguration;
			buildSettings = {
				ASSETCATALOG_COMPILER_APPICON_NAME = AppIcon;
				CODE_SIGN_ENTITLEMENTS = app/QuickLookVideo.entitlements;
				DEVELOPMENT_ASSET_PATHS = "";
				INFOPLIST_FILE = app/Info.plist;
				INFOPLIST_KEY_CFBundleDisplayName = "QuickLook Video";
				INFOPLIST_KEY_LSApplicationCategoryType = "public.app-category.video";
				INFOPLIST_KEY_NSMainStoryboardFile = Main;
				LD_RUNPATH_SEARCH_PATHS = (
					"$(inherited)",
					"@executable_path/../Frameworks",
				);
				MTL_ENABLE_DEBUG_INFO = NO;
				MTL_FAST_MATH = YES;
				PRODUCT_BUNDLE_IDENTIFIER = com.apple.uk.org.marginal.qlvideo;
				PRODUCT_NAME = "$(TARGET_NAME)";
				PROVISIONING_PROFILE_SPECIFIER = "";
			};
			name = Release;
		};
		AB535D4E1EDC390C00ECB0CE /* Debug */ = {
			isa = XCBuildConfiguration;
			buildSettings = {
				PRODUCT_BUNDLE_IDENTIFIER = com.apple.uk.org.marginal.qlvideo;
			};
			name = Debug;
		};
		AB535D4F1EDC390C00ECB0CE /* Release */ = {
			isa = XCBuildConfiguration;
			buildSettings = {
				PRODUCT_BUNDLE_IDENTIFIER = com.apple.uk.org.marginal.qlvideo;
			};
			name = Release;
		};
		AB66470F261A88C800D23514 /* Debug */ = {
			isa = XCBuildConfiguration;
			buildSettings = {
				ALWAYS_SEARCH_USER_PATHS = NO;
				CLANG_ANALYZER_NONNULL = YES;
				CLANG_ANALYZER_NUMBER_OBJECT_CONVERSION = YES_AGGRESSIVE;
				CLANG_CXX_LANGUAGE_STANDARD = "gnu++14";
				CLANG_ENABLE_OBJC_WEAK = YES;
				CLANG_WARN_DOCUMENTATION_COMMENTS = YES;
				CLANG_WARN_UNGUARDED_AVAILABILITY = YES_AGGRESSIVE;
				COPY_PHASE_STRIP = NO;
				DEBUGGING_SYMBOLS = YES;
				DEBUG_INFORMATION_FORMAT = dwarf;
				GCC_C_LANGUAGE_STANDARD = gnu11;
				GCC_DYNAMIC_NO_PIC = NO;
				GCC_GENERATE_DEBUGGING_SYMBOLS = YES;
				GCC_OPTIMIZATION_LEVEL = 0;
				MTL_ENABLE_DEBUG_INFO = INCLUDE_SOURCE;
				MTL_FAST_MATH = YES;
				OTHER_CFLAGS = "";
				OTHER_LDFLAGS = "";
				PRODUCT_NAME = "$(TARGET_NAME)";
			};
			name = Debug;
		};
		AB664710261A88C800D23514 /* Release */ = {
			isa = XCBuildConfiguration;
			buildSettings = {
				ALWAYS_SEARCH_USER_PATHS = NO;
				CLANG_ANALYZER_NONNULL = YES;
				CLANG_ANALYZER_NUMBER_OBJECT_CONVERSION = YES_AGGRESSIVE;
				CLANG_CXX_LANGUAGE_STANDARD = "gnu++14";
				CLANG_ENABLE_OBJC_WEAK = YES;
				CLANG_WARN_DOCUMENTATION_COMMENTS = YES;
				CLANG_WARN_UNGUARDED_AVAILABILITY = YES_AGGRESSIVE;
				COPY_PHASE_STRIP = NO;
				DEBUG_INFORMATION_FORMAT = "dwarf-with-dsym";
				GCC_C_LANGUAGE_STANDARD = gnu11;
				MTL_ENABLE_DEBUG_INFO = NO;
				MTL_FAST_MATH = YES;
				OTHER_CFLAGS = "";
				OTHER_LDFLAGS = "";
				PRODUCT_NAME = "$(TARGET_NAME)";
			};
			name = Release;
		};
		AB93B10C196CA60500708B2E /* Debug */ = {
			isa = XCBuildConfiguration;
			buildSettings = {
				COMBINE_HIDPI_IMAGES = YES;
				INFOPLIST_FILE = qlgenerator/Info.plist;
				INFOPLIST_KEY_CFBundleDisplayName = "QuickLook Video previews";
				INSTALL_PATH = /Library/QuickLook;
				LD_RUNPATH_SEARCH_PATHS = "";
				PRODUCT_BUNDLE_IDENTIFIER = com.apple.uk.org.marginal.qlvideo.qlgenerator;
				PRODUCT_NAME = Video;
				WRAPPER_EXTENSION = qlgenerator;
			};
			name = Debug;
		};
		AB93B10D196CA60500708B2E /* Release */ = {
			isa = XCBuildConfiguration;
			buildSettings = {
				COMBINE_HIDPI_IMAGES = YES;
				INFOPLIST_FILE = qlgenerator/Info.plist;
				INFOPLIST_KEY_CFBundleDisplayName = "QuickLook Video previews";
				INSTALL_PATH = /Library/QuickLook;
				LD_RUNPATH_SEARCH_PATHS = "";
				PRODUCT_BUNDLE_IDENTIFIER = com.apple.uk.org.marginal.qlvideo.qlgenerator;
				PRODUCT_NAME = Video;
				WRAPPER_EXTENSION = qlgenerator;
			};
			name = Release;
		};
		AB9FB5871965DD7200D39647 /* Debug */ = {
			isa = XCBuildConfiguration;
			buildSettings = {
				ALWAYS_SEARCH_USER_PATHS = NO;
				CLANG_ANALYZER_LOCALIZABILITY_EMPTY_CONTEXT = YES;
				CLANG_ANALYZER_LOCALIZABILITY_NONLOCALIZED = YES;
				CLANG_ANALYZER_NONNULL = YES;
				CLANG_ANALYZER_NUMBER_OBJECT_CONVERSION = YES_AGGRESSIVE;
				CLANG_CXX_LANGUAGE_STANDARD = "gnu++20";
				CLANG_ENABLE_MODULES = YES;
				CLANG_ENABLE_OBJC_ARC = YES;
				CLANG_ENABLE_OBJC_WEAK = YES;
				CLANG_WARN_BLOCK_CAPTURE_AUTORELEASING = YES;
				CLANG_WARN_BOOL_CONVERSION = YES;
				CLANG_WARN_COMMA = YES;
				CLANG_WARN_CONSTANT_CONVERSION = YES;
				CLANG_WARN_DEPRECATED_OBJC_IMPLEMENTATIONS = YES;
				CLANG_WARN_DIRECT_OBJC_ISA_USAGE = YES_ERROR;
				CLANG_WARN_EMPTY_BODY = YES;
				CLANG_WARN_ENUM_CONVERSION = YES;
				CLANG_WARN_INFINITE_RECURSION = YES;
				CLANG_WARN_INT_CONVERSION = YES;
				CLANG_WARN_NON_LITERAL_NULL_CONVERSION = YES;
				CLANG_WARN_OBJC_IMPLICIT_RETAIN_SELF = YES;
				CLANG_WARN_OBJC_LITERAL_CONVERSION = YES;
				CLANG_WARN_OBJC_ROOT_CLASS = YES_ERROR;
				CLANG_WARN_QUOTED_INCLUDE_IN_FRAMEWORK_HEADER = YES;
				CLANG_WARN_RANGE_LOOP_ANALYSIS = YES;
				CLANG_WARN_STRICT_PROTOTYPES = YES;
				CLANG_WARN_SUSPICIOUS_MOVE = YES;
				CLANG_WARN_UNGUARDED_AVAILABILITY = YES_AGGRESSIVE;
				CLANG_WARN_UNREACHABLE_CODE = YES;
				CLANG_WARN__DUPLICATE_METHOD_MATCH = YES;
				CODE_SIGN_IDENTITY = "-";
				COMBINE_HIDPI_IMAGES = YES;
				COPY_PHASE_STRIP = NO;
				CURRENT_PROJECT_VERSION = 2.0.0;
				DEAD_CODE_STRIPPING = YES;
				DEBUG_INFORMATION_FORMAT = dwarf;
				DEVELOPMENT_TEAM = "";
				ENABLE_HARDENED_RUNTIME = YES;
				ENABLE_STRICT_OBJC_MSGSEND = YES;
				ENABLE_TESTABILITY = YES;
				GCC_C_LANGUAGE_STANDARD = gnu11;
				GCC_NO_COMMON_BLOCKS = YES;
				GCC_OPTIMIZATION_LEVEL = 0;
				GCC_PREPROCESSOR_DEFINITIONS = (
					"DEBUG=1",
					"$(inherited)",
				);
				GCC_WARN_64_TO_32_BIT_CONVERSION = YES;
				GCC_WARN_ABOUT_MISSING_NEWLINE = YES;
				GCC_WARN_ABOUT_RETURN_TYPE = YES_ERROR;
				GCC_WARN_UNDECLARED_SELECTOR = YES;
				GCC_WARN_UNINITIALIZED_AUTOS = YES_AGGRESSIVE;
				GCC_WARN_UNUSED_FUNCTION = YES;
				GCC_WARN_UNUSED_VARIABLE = YES;
				HEADER_SEARCH_PATHS = (
					"$(BUILT_PRODUCTS_DIR)/universal/include",
					ffmpeg,
				);
				LIBRARY_SEARCH_PATHS = "$(BUILT_PRODUCTS_DIR)/universal/lib";
				MACOSX_DEPLOYMENT_TARGET = 10.13;
				MARKETING_VERSION = 2.00;
				MTL_ENABLE_DEBUG_INFO = INCLUDE_SOURCE;
				MTL_FAST_MATH = YES;
				ONLY_ACTIVE_ARCH = NO;
				SDKROOT = macosx;
				SWIFT_ACTIVE_COMPILATION_CONDITIONS = DEBUG;
				SWIFT_EMIT_LOC_STRINGS = YES;
				SWIFT_OPTIMIZATION_LEVEL = "-Onone";
				SWIFT_VERSION = 5.0;
			};
			name = Debug;
		};
		AB9FB5881965DD7200D39647 /* Release */ = {
			isa = XCBuildConfiguration;
			buildSettings = {
				ALWAYS_SEARCH_USER_PATHS = NO;
				CLANG_ANALYZER_LOCALIZABILITY_EMPTY_CONTEXT = YES;
				CLANG_ANALYZER_LOCALIZABILITY_NONLOCALIZED = YES;
				CLANG_ANALYZER_NONNULL = YES;
				CLANG_ANALYZER_NUMBER_OBJECT_CONVERSION = YES_AGGRESSIVE;
				CLANG_CXX_LANGUAGE_STANDARD = "gnu++20";
				CLANG_ENABLE_MODULES = YES;
				CLANG_ENABLE_OBJC_ARC = YES;
				CLANG_ENABLE_OBJC_WEAK = YES;
				CLANG_WARN_BLOCK_CAPTURE_AUTORELEASING = YES;
				CLANG_WARN_BOOL_CONVERSION = YES;
				CLANG_WARN_COMMA = YES;
				CLANG_WARN_CONSTANT_CONVERSION = YES;
				CLANG_WARN_DEPRECATED_OBJC_IMPLEMENTATIONS = YES;
				CLANG_WARN_DIRECT_OBJC_ISA_USAGE = YES_ERROR;
				CLANG_WARN_EMPTY_BODY = YES;
				CLANG_WARN_ENUM_CONVERSION = YES;
				CLANG_WARN_INFINITE_RECURSION = YES;
				CLANG_WARN_INT_CONVERSION = YES;
				CLANG_WARN_NON_LITERAL_NULL_CONVERSION = YES;
				CLANG_WARN_OBJC_IMPLICIT_RETAIN_SELF = YES;
				CLANG_WARN_OBJC_LITERAL_CONVERSION = YES;
				CLANG_WARN_OBJC_ROOT_CLASS = YES_ERROR;
				CLANG_WARN_QUOTED_INCLUDE_IN_FRAMEWORK_HEADER = YES;
				CLANG_WARN_RANGE_LOOP_ANALYSIS = YES;
				CLANG_WARN_STRICT_PROTOTYPES = YES;
				CLANG_WARN_SUSPICIOUS_MOVE = YES;
				CLANG_WARN_UNGUARDED_AVAILABILITY = YES_AGGRESSIVE;
				CLANG_WARN_UNREACHABLE_CODE = YES;
				CLANG_WARN__DUPLICATE_METHOD_MATCH = YES;
				CODE_SIGN_IDENTITY = "-";
				CODE_SIGN_INJECT_BASE_ENTITLEMENTS = NO;
				COMBINE_HIDPI_IMAGES = YES;
				COPY_PHASE_STRIP = NO;
				CURRENT_PROJECT_VERSION = 2.0.0;
				DEAD_CODE_STRIPPING = YES;
				DEBUG_INFORMATION_FORMAT = "dwarf-with-dsym";
				DEVELOPMENT_TEAM = "";
				ENABLE_HARDENED_RUNTIME = YES;
				ENABLE_NS_ASSERTIONS = NO;
				ENABLE_STRICT_OBJC_MSGSEND = YES;
				GCC_C_LANGUAGE_STANDARD = gnu11;
				GCC_NO_COMMON_BLOCKS = YES;
				GCC_WARN_64_TO_32_BIT_CONVERSION = YES;
				GCC_WARN_ABOUT_MISSING_NEWLINE = YES;
				GCC_WARN_ABOUT_RETURN_TYPE = YES_ERROR;
				GCC_WARN_UNDECLARED_SELECTOR = YES;
				GCC_WARN_UNINITIALIZED_AUTOS = YES_AGGRESSIVE;
				GCC_WARN_UNUSED_FUNCTION = YES;
				GCC_WARN_UNUSED_VARIABLE = YES;
				HEADER_SEARCH_PATHS = (
					"$(BUILT_PRODUCTS_DIR)/universal/include",
					ffmpeg,
				);
				LIBRARY_SEARCH_PATHS = "$(BUILT_PRODUCTS_DIR)/universal/lib";
				MACOSX_DEPLOYMENT_TARGET = 10.13;
				MARKETING_VERSION = 2.00;
				MTL_ENABLE_DEBUG_INFO = NO;
				MTL_FAST_MATH = YES;
				ONLY_ACTIVE_ARCH = NO;
				OTHER_CODE_SIGN_FLAGS = "--timestamp";
				SDKROOT = macosx;
				SWIFT_COMPILATION_MODE = wholemodule;
				SWIFT_EMIT_LOC_STRINGS = YES;
				SWIFT_OPTIMIZATION_LEVEL = "-O";
				SWIFT_VERSION = 5.0;
			};
			name = Release;
		};
		AB9FB58A1965DD7200D39647 /* Debug */ = {
			isa = XCBuildConfiguration;
			buildSettings = {
				COMBINE_HIDPI_IMAGES = YES;
				INFOPLIST_FILE = mdimporter/Info.plist;
				INFOPLIST_KEY_CFBundleDisplayName = "QuickLook Video metadata";
				INSTALL_PATH = "${LOCAL_LIBRARY_DIR}/Spotlight";
				LIBRARY_STYLE = BUNDLE;
				PRODUCT_BUNDLE_IDENTIFIER = com.apple.uk.org.marginal.qlvideo.mdimporter;
				PRODUCT_NAME = Video;
				WRAPPER_EXTENSION = mdimporter;
			};
			name = Debug;
		};
		AB9FB58B1965DD7200D39647 /* Release */ = {
			isa = XCBuildConfiguration;
			buildSettings = {
				COMBINE_HIDPI_IMAGES = YES;
				INFOPLIST_FILE = mdimporter/Info.plist;
				INFOPLIST_KEY_CFBundleDisplayName = "QuickLook Video metadata";
				INSTALL_PATH = "${LOCAL_LIBRARY_DIR}/Spotlight";
				LIBRARY_STYLE = BUNDLE;
				PRODUCT_BUNDLE_IDENTIFIER = com.apple.uk.org.marginal.qlvideo.mdimporter;
				PRODUCT_NAME = Video;
				WRAPPER_EXTENSION = mdimporter;
			};
			name = Release;
		};
/* End XCBuildConfiguration section */

/* Begin XCConfigurationList section */
		AB0527D21D294732009A809B /* Build configuration list for PBXNativeTarget "benchmark" */ = {
			isa = XCConfigurationList;
			buildConfigurations = (
				AB0527D31D294732009A809B /* Debug */,
				AB0527D41D294732009A809B /* Release */,
			);
			defaultConfigurationIsVisible = 0;
			defaultConfigurationName = Release;
		};
		AB467CA12625D0AF00F662CE /* Build configuration list for PBXNativeTarget "thumbnailer" */ = {
			isa = XCConfigurationList;
			buildConfigurations = (
				AB467CA22625D0AF00F662CE /* Debug */,
				AB467CA32625D0AF00F662CE /* Release */,
			);
			defaultConfigurationIsVisible = 0;
			defaultConfigurationName = Release;
		};
		AB49FB7D292276A100B126C0 /* Build configuration list for PBXNativeTarget "QuickLook Video" */ = {
			isa = XCConfigurationList;
			buildConfigurations = (
				AB49FB7B292276A100B126C0 /* Debug */,
				AB49FB7C292276A100B126C0 /* Release */,
			);
			defaultConfigurationIsVisible = 0;
			defaultConfigurationName = Release;
		};
		AB535D501EDC390C00ECB0CE /* Build configuration list for PBXLegacyTarget "ffmpeg" */ = {
			isa = XCConfigurationList;
			buildConfigurations = (
				AB535D4E1EDC390C00ECB0CE /* Debug */,
				AB535D4F1EDC390C00ECB0CE /* Release */,
			);
			defaultConfigurationIsVisible = 0;
			defaultConfigurationName = Release;
		};
		AB66470E261A88C800D23514 /* Build configuration list for PBXLegacyTarget "aom" */ = {
			isa = XCConfigurationList;
			buildConfigurations = (
				AB66470F261A88C800D23514 /* Debug */,
				AB664710261A88C800D23514 /* Release */,
			);
			defaultConfigurationIsVisible = 0;
			defaultConfigurationName = Release;
		};
		AB93B10B196CA60500708B2E /* Build configuration list for PBXNativeTarget "qlgenerator" */ = {
			isa = XCConfigurationList;
			buildConfigurations = (
				AB93B10C196CA60500708B2E /* Debug */,
				AB93B10D196CA60500708B2E /* Release */,
			);
			defaultConfigurationIsVisible = 0;
			defaultConfigurationName = Release;
		};
		AB9FB5681965DD7200D39647 /* Build configuration list for PBXProject "QLVideo" */ = {
			isa = XCConfigurationList;
			buildConfigurations = (
				AB9FB5871965DD7200D39647 /* Debug */,
				AB9FB5881965DD7200D39647 /* Release */,
			);
			defaultConfigurationIsVisible = 0;
			defaultConfigurationName = Release;
		};
		AB9FB5891965DD7200D39647 /* Build configuration list for PBXNativeTarget "mdimporter" */ = {
			isa = XCConfigurationList;
			buildConfigurations = (
				AB9FB58A1965DD7200D39647 /* Debug */,
				AB9FB58B1965DD7200D39647 /* Release */,
			);
			defaultConfigurationIsVisible = 0;
			defaultConfigurationName = Release;
		};
/* End XCConfigurationList section */
	};
	rootObject = AB9FB5651965DD7200D39647 /* Project object */;
}
